<?xml version="1.0" encoding="utf-8"?>
<Project ToolsVersion="17.0" xmlns="http://schemas.microsoft.com/developer/msbuild/2003">
  <ItemGroup>
    <ClCompile Include="D:\Users\nautilus\Desktop\nautilus_acquisition\libs\aws_sdk\aws-sdk-cpp\crt\aws-crt-cpp\crt\aws-checksums\source\crc.c">
      <Filter>Source Files</Filter>
    </ClCompile>
    <ClCompile Include="D:\Users\nautilus\Desktop\nautilus_acquisition\libs\aws_sdk\aws-sdk-cpp\crt\aws-crt-cpp\crt\aws-checksums\source\crc_sw.c">
      <Filter>Source Files</Filter>
    </ClCompile>
    <ClCompile Include="D:\Users\nautilus\Desktop\nautilus_acquisition\libs\aws_sdk\aws-sdk-cpp\crt\aws-crt-cpp\crt\aws-checksums\source\intel\visualc\visualc_crc32c_sse42.c">
      <Filter>Source Files\intel\visualc</Filter>
    </ClCompile>
  </ItemGroup>
  <ItemGroup>
    <ClInclude Include="D:\Users\nautilus\Desktop\nautilus_acquisition\libs\aws_sdk\aws-sdk-cpp\crt\aws-crt-cpp\crt\aws-checksums\include\aws\checksums\crc.h">
      <Filter>Header Files\aws\checksums</Filter>
    </ClInclude>
    <ClInclude Include="D:\Users\nautilus\Desktop\nautilus_acquisition\libs\aws_sdk\aws-sdk-cpp\crt\aws-crt-cpp\crt\aws-checksums\include\aws\checksums\exports.h">
      <Filter>Header Files\aws\checksums</Filter>
    </ClInclude>
    <ClInclude Include="D:\Users\nautilus\Desktop\nautilus_acquisition\libs\aws_sdk\aws-sdk-cpp\crt\aws-crt-cpp\crt\aws-checksums\include\aws\checksums\private\crc_priv.h">
      <Filter>Header Files</Filter>
    </ClInclude>
  </ItemGroup>
  <ItemGroup>
    <CustomBuild Include="D:\Users\nautilus\Desktop\nautilus_acquisition\libs\aws_sdk\aws-sdk-cpp\crt\aws-crt-cpp\crt\aws-checksums\CMakeLists.txt" />
  </ItemGroup>
  <ItemGroup>
    <Filter Include="Header Files">
      <UniqueIdentifier>{F4F28FD3-F34D-3DFD-9BCA-4156ABA48749}</UniqueIdentifier>
    </Filter>
    <Filter Include="Header Files\aws">
      <UniqueIdentifier>{7DCC7A6B-BE26-3293-96E8-84F4DDBB18FA}</UniqueIdentifier>
    </Filter>
    <Filter Include="Header Files\aws\checksums">
      <UniqueIdentifier>{0700B870-4D56-3883-8D52-676A770B554F}</UniqueIdentifier>
    </Filter>
    <Filter Include="Source Files">
      <UniqueIdentifier>{A0ED33B6-5EEE-3B62-B6EA-7AEA4E6FCE41}</UniqueIdentifier>
    </Filter>
    <Filter Include="Source Files\intel">
      <UniqueIdentifier>{69994CE4-41CB-3F5A-91AF-80F7D87158D8}</UniqueIdentifier>
    </Filter>
    <Filter Include="Source Files\intel\visualc">
      <UniqueIdentifier>{9543183C-8B2D-32EF-B8B6-9041E75E7631}</UniqueIdentifier>
    </Filter>
  </ItemGroup>
</Project>
