
Microsoft Visual Studio Solution File, Format Version 12.00
# Visual Studio Version 17
Project("{8BC9CEB8-8B4A-11D0-8D11-00A0C91BC942}") = "ALL_BUILD", "ALL_BUILD.vcxproj", "{D464EB07-B502-3D91-BB3C-DD2EA6832A95}"
	ProjectSection(ProjectDependencies) = postProject
		{2A94530D-08BD-31CA-9990-E40651266C9A} = {2A94530D-08BD-31CA-9990-E40651266C9A}
		{22E37EF3-0306-34C0-9A74-37879AC93D7A} = {22E37EF3-0306-34C0-9A74-37879AC93D7A}
	EndProjectSection
EndProject
Project("{8BC9CEB8-8B4A-11D0-8D11-00A0C91BC942}") = "INSTALL", "INSTALL.vcxproj", "{A601650F-4F19-3C36-ABA0-97802CA8B9BA}"
	ProjectSection(ProjectDependencies) = postProject
		{D464EB07-B502-3D91-BB3C-DD2EA6832A95} = {D464EB07-B502-3D91-BB3C-DD2EA6832A95}
		{2A94530D-08BD-31CA-9990-E40651266C9A} = {2A94530D-08BD-31CA-9990-E40651266C9A}
	EndProjectSection
EndProject
Project("{8BC9CEB8-8B4A-11D0-8D11-00A0C91BC942}") = "PACKAGE", "PACKAGE.vcxproj", "{06ACE278-DF11-375B-A0AB-DF83C5818AE9}"
	ProjectSection(ProjectDependencies) = postProject
		{D464EB07-B502-3D91-BB3C-DD2EA6832A95} = {D464EB07-B502-3D91-BB3C-DD2EA6832A95}
		{2A94530D-08BD-31CA-9990-E40651266C9A} = {2A94530D-08BD-31CA-9990-E40651266C9A}
	EndProjectSection
EndProject
Project("{8BC9CEB8-8B4A-11D0-8D11-00A0C91BC942}") = "ZERO_CHECK", "..\..\..\..\..\..\\ZERO_CHECK.vcxproj", "{2A94530D-08BD-31CA-9990-E40651266C9A}"
	ProjectSection(ProjectDependencies) = postProject
	EndProjectSection
EndProject
Project("{8BC9CEB8-8B4A-11D0-8D11-00A0C91BC942}") = "aws-c-auth", "aws-c-auth.vcxproj", "{22E37EF3-0306-34C0-9A74-37879AC93D7A}"
	ProjectSection(ProjectDependencies) = postProject
		{2A94530D-08BD-31CA-9990-E40651266C9A} = {2A94530D-08BD-31CA-9990-E40651266C9A}
		{E94ACAE8-0D7A-3B8D-86D5-0C24776E6AA6} = {E94ACAE8-0D7A-3B8D-86D5-0C24776E6AA6}
		{C673EA41-D6DE-3AA9-9244-5857EF31C452} = {C673EA41-D6DE-3AA9-9244-5857EF31C452}
		{3396112C-221E-3816-8E1A-38CEEC3FC8B2} = {3396112C-221E-3816-8E1A-38CEEC3FC8B2}
		{E6CF2DE3-307A-33BC-85F6-6021E50975C8} = {E6CF2DE3-307A-33BC-85F6-6021E50975C8}
		{02CCF586-6AE5-33BB-91A0-8F400B19C7D5} = {02CCF586-6AE5-33BB-91A0-8F400B19C7D5}
		{F1BCFE56-463E-3C7A-9A75-FF364DF5363B} = {F1BCFE56-463E-3C7A-9A75-FF364DF5363B}
	EndProjectSection
EndProject
Project("{8BC9CEB8-8B4A-11D0-8D11-00A0C91BC942}") = "aws-c-cal", "..\aws-c-cal\aws-c-cal.vcxproj", "{E94ACAE8-0D7A-3B8D-86D5-0C24776E6AA6}"
	ProjectSection(ProjectDependencies) = postProject
		{2A94530D-08BD-31CA-9990-E40651266C9A} = {2A94530D-08BD-31CA-9990-E40651266C9A}
		{C673EA41-D6DE-3AA9-9244-5857EF31C452} = {C673EA41-D6DE-3AA9-9244-5857EF31C452}
	EndProjectSection
EndProject
Project("{8BC9CEB8-8B4A-11D0-8D11-00A0C91BC942}") = "aws-c-common", "..\aws-c-common\aws-c-common.vcxproj", "{C673EA41-D6DE-3AA9-9244-5857EF31C452}"
	ProjectSection(ProjectDependencies) = postProject
		{2A94530D-08BD-31CA-9990-E40651266C9A} = {2A94530D-08BD-31CA-9990-E40651266C9A}
	EndProjectSection
EndProject
Project("{8BC9CEB8-8B4A-11D0-8D11-00A0C91BC942}") = "aws-c-compression", "..\aws-c-compression\aws-c-compression.vcxproj", "{3396112C-221E-3816-8E1A-38CEEC3FC8B2}"
	ProjectSection(ProjectDependencies) = postProject
		{2A94530D-08BD-31CA-9990-E40651266C9A} = {2A94530D-08BD-31CA-9990-E40651266C9A}
		{C673EA41-D6DE-3AA9-9244-5857EF31C452} = {C673EA41-D6DE-3AA9-9244-5857EF31C452}
	EndProjectSection
EndProject
Project("{8BC9CEB8-8B4A-11D0-8D11-00A0C91BC942}") = "aws-c-http", "..\aws-c-http\aws-c-http.vcxproj", "{E6CF2DE3-307A-33BC-85F6-6021E50975C8}"
	ProjectSection(ProjectDependencies) = postProject
		{2A94530D-08BD-31CA-9990-E40651266C9A} = {2A94530D-08BD-31CA-9990-E40651266C9A}
		{E94ACAE8-0D7A-3B8D-86D5-0C24776E6AA6} = {E94ACAE8-0D7A-3B8D-86D5-0C24776E6AA6}
		{C673EA41-D6DE-3AA9-9244-5857EF31C452} = {C673EA41-D6DE-3AA9-9244-5857EF31C452}
		{3396112C-221E-3816-8E1A-38CEEC3FC8B2} = {3396112C-221E-3816-8E1A-38CEEC3FC8B2}
		{02CCF586-6AE5-33BB-91A0-8F400B19C7D5} = {02CCF586-6AE5-33BB-91A0-8F400B19C7D5}
	EndProjectSection
EndProject
Project("{8BC9CEB8-8B4A-11D0-8D11-00A0C91BC942}") = "aws-c-io", "..\aws-c-io\aws-c-io.vcxproj", "{02CCF586-6AE5-33BB-91A0-8F400B19C7D5}"
	ProjectSection(ProjectDependencies) = postProject
		{2A94530D-08BD-31CA-9990-E40651266C9A} = {2A94530D-08BD-31CA-9990-E40651266C9A}
		{E94ACAE8-0D7A-3B8D-86D5-0C24776E6AA6} = {E94ACAE8-0D7A-3B8D-86D5-0C24776E6AA6}
		{C673EA41-D6DE-3AA9-9244-5857EF31C452} = {C673EA41-D6DE-3AA9-9244-5857EF31C452}
	EndProjectSection
EndProject
Project("{8BC9CEB8-8B4A-11D0-8D11-00A0C91BC942}") = "aws-c-sdkutils", "..\aws-c-sdkutils\aws-c-sdkutils.vcxproj", "{F1BCFE56-463E-3C7A-9A75-FF364DF5363B}"
	ProjectSection(ProjectDependencies) = postProject
		{2A94530D-08BD-31CA-9990-E40651266C9A} = {2A94530D-08BD-31CA-9990-E40651266C9A}
		{C673EA41-D6DE-3AA9-9244-5857EF31C452} = {C673EA41-D6DE-3AA9-9244-5857EF31C452}
	EndProjectSection
EndProject
Global
	GlobalSection(SolutionConfigurationPlatforms) = preSolution
		Debug|x64 = Debug|x64
		DebugOpt|x64 = DebugOpt|x64
		Release|x64 = Release|x64
		RelWithDebInfo|x64 = RelWithDebInfo|x64
		MinSizeRel|x64 = MinSizeRel|x64
	EndGlobalSection
	GlobalSection(ProjectConfigurationPlatforms) = postSolution
		{D464EB07-B502-3D91-BB3C-DD2EA6832A95}.Debug|x64.ActiveCfg = Debug|x64
		{D464EB07-B502-3D91-BB3C-DD2EA6832A95}.Debug|x64.Build.0 = Debug|x64
		{D464EB07-B502-3D91-BB3C-DD2EA6832A95}.DebugOpt|x64.ActiveCfg = DebugOpt|x64
		{D464EB07-B502-3D91-BB3C-DD2EA6832A95}.DebugOpt|x64.Build.0 = DebugOpt|x64
		{D464EB07-B502-3D91-BB3C-DD2EA6832A95}.Release|x64.ActiveCfg = Release|x64
		{D464EB07-B502-3D91-BB3C-DD2EA6832A95}.Release|x64.Build.0 = Release|x64
		{D464EB07-B502-3D91-BB3C-DD2EA6832A95}.RelWithDebInfo|x64.ActiveCfg = RelWithDebInfo|x64
		{D464EB07-B502-3D91-BB3C-DD2EA6832A95}.RelWithDebInfo|x64.Build.0 = RelWithDebInfo|x64
		{D464EB07-B502-3D91-BB3C-DD2EA6832A95}.MinSizeRel|x64.ActiveCfg = MinSizeRel|x64
		{D464EB07-B502-3D91-BB3C-DD2EA6832A95}.MinSizeRel|x64.Build.0 = MinSizeRel|x64
		{A601650F-4F19-3C36-ABA0-97802CA8B9BA}.Debug|x64.ActiveCfg = Debug|x64
		{A601650F-4F19-3C36-ABA0-97802CA8B9BA}.DebugOpt|x64.ActiveCfg = DebugOpt|x64
		{A601650F-4F19-3C36-ABA0-97802CA8B9BA}.Release|x64.ActiveCfg = Release|x64
		{A601650F-4F19-3C36-ABA0-97802CA8B9BA}.RelWithDebInfo|x64.ActiveCfg = RelWithDebInfo|x64
		{A601650F-4F19-3C36-ABA0-97802CA8B9BA}.MinSizeRel|x64.ActiveCfg = MinSizeRel|x64
		{06ACE278-DF11-375B-A0AB-DF83C5818AE9}.Debug|x64.ActiveCfg = Debug|x64
		{06ACE278-DF11-375B-A0AB-DF83C5818AE9}.DebugOpt|x64.ActiveCfg = DebugOpt|x64
		{06ACE278-DF11-375B-A0AB-DF83C5818AE9}.Release|x64.ActiveCfg = Release|x64
		{06ACE278-DF11-375B-A0AB-DF83C5818AE9}.RelWithDebInfo|x64.ActiveCfg = RelWithDebInfo|x64
		{06ACE278-DF11-375B-A0AB-DF83C5818AE9}.MinSizeRel|x64.ActiveCfg = MinSizeRel|x64
		{2A94530D-08BD-31CA-9990-E40651266C9A}.Debug|x64.ActiveCfg = Debug|x64
		{2A94530D-08BD-31CA-9990-E40651266C9A}.Debug|x64.Build.0 = Debug|x64
		{2A94530D-08BD-31CA-9990-E40651266C9A}.DebugOpt|x64.ActiveCfg = DebugOpt|x64
		{2A94530D-08BD-31CA-9990-E40651266C9A}.DebugOpt|x64.Build.0 = DebugOpt|x64
		{2A94530D-08BD-31CA-9990-E40651266C9A}.Release|x64.ActiveCfg = Release|x64
		{2A94530D-08BD-31CA-9990-E40651266C9A}.Release|x64.Build.0 = Release|x64
		{2A94530D-08BD-31CA-9990-E40651266C9A}.RelWithDebInfo|x64.ActiveCfg = RelWithDebInfo|x64
		{2A94530D-08BD-31CA-9990-E40651266C9A}.RelWithDebInfo|x64.Build.0 = RelWithDebInfo|x64
		{2A94530D-08BD-31CA-9990-E40651266C9A}.MinSizeRel|x64.ActiveCfg = MinSizeRel|x64
		{2A94530D-08BD-31CA-9990-E40651266C9A}.MinSizeRel|x64.Build.0 = MinSizeRel|x64
		{22E37EF3-0306-34C0-9A74-37879AC93D7A}.Debug|x64.ActiveCfg = Debug|x64
		{22E37EF3-0306-34C0-9A74-37879AC93D7A}.Debug|x64.Build.0 = Debug|x64
		{22E37EF3-0306-34C0-9A74-37879AC93D7A}.DebugOpt|x64.ActiveCfg = DebugOpt|x64
		{22E37EF3-0306-34C0-9A74-37879AC93D7A}.DebugOpt|x64.Build.0 = DebugOpt|x64
		{22E37EF3-0306-34C0-9A74-37879AC93D7A}.Release|x64.ActiveCfg = Release|x64
		{22E37EF3-0306-34C0-9A74-37879AC93D7A}.Release|x64.Build.0 = Release|x64
		{22E37EF3-0306-34C0-9A74-37879AC93D7A}.RelWithDebInfo|x64.ActiveCfg = RelWithDebInfo|x64
		{22E37EF3-0306-34C0-9A74-37879AC93D7A}.RelWithDebInfo|x64.Build.0 = RelWithDebInfo|x64
		{22E37EF3-0306-34C0-9A74-37879AC93D7A}.MinSizeRel|x64.ActiveCfg = MinSizeRel|x64
		{22E37EF3-0306-34C0-9A74-37879AC93D7A}.MinSizeRel|x64.Build.0 = MinSizeRel|x64
		{E94ACAE8-0D7A-3B8D-86D5-0C24776E6AA6}.Debug|x64.ActiveCfg = Debug|x64
		{E94ACAE8-0D7A-3B8D-86D5-0C24776E6AA6}.Debug|x64.Build.0 = Debug|x64
		{E94ACAE8-0D7A-3B8D-86D5-0C24776E6AA6}.DebugOpt|x64.ActiveCfg = DebugOpt|x64
		{E94ACAE8-0D7A-3B8D-86D5-0C24776E6AA6}.DebugOpt|x64.Build.0 = DebugOpt|x64
		{E94ACAE8-0D7A-3B8D-86D5-0C24776E6AA6}.Release|x64.ActiveCfg = Release|x64
		{E94ACAE8-0D7A-3B8D-86D5-0C24776E6AA6}.Release|x64.Build.0 = Release|x64
		{E94ACAE8-0D7A-3B8D-86D5-0C24776E6AA6}.RelWithDebInfo|x64.ActiveCfg = RelWithDebInfo|x64
		{E94ACAE8-0D7A-3B8D-86D5-0C24776E6AA6}.RelWithDebInfo|x64.Build.0 = RelWithDebInfo|x64
		{E94ACAE8-0D7A-3B8D-86D5-0C24776E6AA6}.MinSizeRel|x64.ActiveCfg = MinSizeRel|x64
		{E94ACAE8-0D7A-3B8D-86D5-0C24776E6AA6}.MinSizeRel|x64.Build.0 = MinSizeRel|x64
		{C673EA41-D6DE-3AA9-9244-5857EF31C452}.Debug|x64.ActiveCfg = Debug|x64
		{C673EA41-D6DE-3AA9-9244-5857EF31C452}.Debug|x64.Build.0 = Debug|x64
		{C673EA41-D6DE-3AA9-9244-5857EF31C452}.DebugOpt|x64.ActiveCfg = DebugOpt|x64
		{C673EA41-D6DE-3AA9-9244-5857EF31C452}.DebugOpt|x64.Build.0 = DebugOpt|x64
		{C673EA41-D6DE-3AA9-9244-5857EF31C452}.Release|x64.ActiveCfg = Release|x64
		{C673EA41-D6DE-3AA9-9244-5857EF31C452}.Release|x64.Build.0 = Release|x64
		{C673EA41-D6DE-3AA9-9244-5857EF31C452}.RelWithDebInfo|x64.ActiveCfg = RelWithDebInfo|x64
		{C673EA41-D6DE-3AA9-9244-5857EF31C452}.RelWithDebInfo|x64.Build.0 = RelWithDebInfo|x64
		{C673EA41-D6DE-3AA9-9244-5857EF31C452}.MinSizeRel|x64.ActiveCfg = MinSizeRel|x64
		{C673EA41-D6DE-3AA9-9244-5857EF31C452}.MinSizeRel|x64.Build.0 = MinSizeRel|x64
		{3396112C-221E-3816-8E1A-38CEEC3FC8B2}.Debug|x64.ActiveCfg = Debug|x64
		{3396112C-221E-3816-8E1A-38CEEC3FC8B2}.Debug|x64.Build.0 = Debug|x64
		{3396112C-221E-3816-8E1A-38CEEC3FC8B2}.DebugOpt|x64.ActiveCfg = DebugOpt|x64
		{3396112C-221E-3816-8E1A-38CEEC3FC8B2}.DebugOpt|x64.Build.0 = DebugOpt|x64
		{3396112C-221E-3816-8E1A-38CEEC3FC8B2}.Release|x64.ActiveCfg = Release|x64
		{3396112C-221E-3816-8E1A-38CEEC3FC8B2}.Release|x64.Build.0 = Release|x64
		{3396112C-221E-3816-8E1A-38CEEC3FC8B2}.RelWithDebInfo|x64.ActiveCfg = RelWithDebInfo|x64
		{3396112C-221E-3816-8E1A-38CEEC3FC8B2}.RelWithDebInfo|x64.Build.0 = RelWithDebInfo|x64
		{3396112C-221E-3816-8E1A-38CEEC3FC8B2}.MinSizeRel|x64.ActiveCfg = MinSizeRel|x64
		{3396112C-221E-3816-8E1A-38CEEC3FC8B2}.MinSizeRel|x64.Build.0 = MinSizeRel|x64
		{E6CF2DE3-307A-33BC-85F6-6021E50975C8}.Debug|x64.ActiveCfg = Debug|x64
		{E6CF2DE3-307A-33BC-85F6-6021E50975C8}.Debug|x64.Build.0 = Debug|x64
		{E6CF2DE3-307A-33BC-85F6-6021E50975C8}.DebugOpt|x64.ActiveCfg = DebugOpt|x64
		{E6CF2DE3-307A-33BC-85F6-6021E50975C8}.DebugOpt|x64.Build.0 = DebugOpt|x64
		{E6CF2DE3-307A-33BC-85F6-6021E50975C8}.Release|x64.ActiveCfg = Release|x64
		{E6CF2DE3-307A-33BC-85F6-6021E50975C8}.Release|x64.Build.0 = Release|x64
		{E6CF2DE3-307A-33BC-85F6-6021E50975C8}.RelWithDebInfo|x64.ActiveCfg = RelWithDebInfo|x64
		{E6CF2DE3-307A-33BC-85F6-6021E50975C8}.RelWithDebInfo|x64.Build.0 = RelWithDebInfo|x64
		{E6CF2DE3-307A-33BC-85F6-6021E50975C8}.MinSizeRel|x64.ActiveCfg = MinSizeRel|x64
		{E6CF2DE3-307A-33BC-85F6-6021E50975C8}.MinSizeRel|x64.Build.0 = MinSizeRel|x64
		{02CCF586-6AE5-33BB-91A0-8F400B19C7D5}.Debug|x64.ActiveCfg = Debug|x64
		{02CCF586-6AE5-33BB-91A0-8F400B19C7D5}.Debug|x64.Build.0 = Debug|x64
		{02CCF586-6AE5-33BB-91A0-8F400B19C7D5}.DebugOpt|x64.ActiveCfg = DebugOpt|x64
		{02CCF586-6AE5-33BB-91A0-8F400B19C7D5}.DebugOpt|x64.Build.0 = DebugOpt|x64
		{02CCF586-6AE5-33BB-91A0-8F400B19C7D5}.Release|x64.ActiveCfg = Release|x64
		{02CCF586-6AE5-33BB-91A0-8F400B19C7D5}.Release|x64.Build.0 = Release|x64
		{02CCF586-6AE5-33BB-91A0-8F400B19C7D5}.RelWithDebInfo|x64.ActiveCfg = RelWithDebInfo|x64
		{02CCF586-6AE5-33BB-91A0-8F400B19C7D5}.RelWithDebInfo|x64.Build.0 = RelWithDebInfo|x64
		{02CCF586-6AE5-33BB-91A0-8F400B19C7D5}.MinSizeRel|x64.ActiveCfg = MinSizeRel|x64
		{02CCF586-6AE5-33BB-91A0-8F400B19C7D5}.MinSizeRel|x64.Build.0 = MinSizeRel|x64
		{F1BCFE56-463E-3C7A-9A75-FF364DF5363B}.Debug|x64.ActiveCfg = Debug|x64
		{F1BCFE56-463E-3C7A-9A75-FF364DF5363B}.Debug|x64.Build.0 = Debug|x64
		{F1BCFE56-463E-3C7A-9A75-FF364DF5363B}.DebugOpt|x64.ActiveCfg = DebugOpt|x64
		{F1BCFE56-463E-3C7A-9A75-FF364DF5363B}.DebugOpt|x64.Build.0 = DebugOpt|x64
		{F1BCFE56-463E-3C7A-9A75-FF364DF5363B}.Release|x64.ActiveCfg = Release|x64
		{F1BCFE56-463E-3C7A-9A75-FF364DF5363B}.Release|x64.Build.0 = Release|x64
		{F1BCFE56-463E-3C7A-9A75-FF364DF5363B}.RelWithDebInfo|x64.ActiveCfg = RelWithDebInfo|x64
		{F1BCFE56-463E-3C7A-9A75-FF364DF5363B}.RelWithDebInfo|x64.Build.0 = RelWithDebInfo|x64
		{F1BCFE56-463E-3C7A-9A75-FF364DF5363B}.MinSizeRel|x64.ActiveCfg = MinSizeRel|x64
		{F1BCFE56-463E-3C7A-9A75-FF364DF5363B}.MinSizeRel|x64.Build.0 = MinSizeRel|x64
	EndGlobalSection
	GlobalSection(ExtensibilityGlobals) = postSolution
		SolutionGuid = {80DA19CD-676C-3932-9045-20EA45F34AD7}
	EndGlobalSection
	GlobalSection(ExtensibilityAddIns) = postSolution
	EndGlobalSection
EndGlobal
