<?xml version="1.0" encoding="utf-8"?>
<Project ToolsVersion="17.0" xmlns="http://schemas.microsoft.com/developer/msbuild/2003">
  <ItemGroup>
    <ClCompile Include="D:\Users\nautilus\Desktop\nautilus_acquisition\libs\aws-sdk-cpp\crt\aws-crt-cpp\crt\aws-checksums\source\crc.c">
      <Filter>Source Files</Filter>
    </ClCompile>
    <ClCompile Include="D:\Users\nautilus\Desktop\nautilus_acquisition\libs\aws-sdk-cpp\crt\aws-crt-cpp\crt\aws-checksums\source\crc_sw.c">
      <Filter>Source Files</Filter>
    </ClCompile>
    <ClCompile Include="D:\Users\nautilus\Desktop\nautilus_acquisition\libs\aws-sdk-cpp\crt\aws-crt-cpp\crt\aws-checksums\source\intel\visualc\visualc_crc32c_sse42.c">
      <Filter>Source Files\intel\visualc</Filter>
    </ClCompile>
  </ItemGroup>
  <ItemGroup>
    <ClInclude Include="D:\Users\nautilus\Desktop\nautilus_acquisition\libs\aws-sdk-cpp\crt\aws-crt-cpp\crt\aws-checksums\include\aws\checksums\crc.h">
      <Filter>Header Files\aws\checksums</Filter>
    </ClInclude>
    <ClInclude Include="D:\Users\nautilus\Desktop\nautilus_acquisition\libs\aws-sdk-cpp\crt\aws-crt-cpp\crt\aws-checksums\include\aws\checksums\exports.h">
      <Filter>Header Files\aws\checksums</Filter>
    </ClInclude>
    <ClInclude Include="D:\Users\nautilus\Desktop\nautilus_acquisition\libs\aws-sdk-cpp\crt\aws-crt-cpp\crt\aws-checksums\include\aws\checksums\private\crc_priv.h">
      <Filter>Header Files</Filter>
    </ClInclude>
  </ItemGroup>
  <ItemGroup>
    <CustomBuild Include="D:\Users\nautilus\Desktop\nautilus_acquisition\libs\aws-sdk-cpp\crt\aws-crt-cpp\crt\aws-checksums\CMakeLists.txt" />
  </ItemGroup>
  <ItemGroup>
    <Filter Include="Header Files">
      <UniqueIdentifier>{D6DE49EB-E503-3580-AA78-15BA03105F8C}</UniqueIdentifier>
    </Filter>
    <Filter Include="Header Files\aws">
      <UniqueIdentifier>{6A87B99D-146A-3AE3-A64A-732F1BB38C97}</UniqueIdentifier>
    </Filter>
    <Filter Include="Header Files\aws\checksums">
      <UniqueIdentifier>{AA81C886-8F59-3DFD-9804-802E9D75A367}</UniqueIdentifier>
    </Filter>
    <Filter Include="Source Files">
      <UniqueIdentifier>{02DF7B89-A031-3795-BFE8-E8C90AAC0233}</UniqueIdentifier>
    </Filter>
    <Filter Include="Source Files\intel">
      <UniqueIdentifier>{749CF46F-4BF2-3262-BD67-8B94F3D96186}</UniqueIdentifier>
    </Filter>
    <Filter Include="Source Files\intel\visualc">
      <UniqueIdentifier>{60032E12-1D11-307B-A783-06227F95AA08}</UniqueIdentifier>
    </Filter>
  </ItemGroup>
</Project>
