<?xml version="1.0" encoding="utf-8"?>
<Project ToolsVersion="17.0" xmlns="http://schemas.microsoft.com/developer/msbuild/2003">
  <ItemGroup>
    <ClCompile Include="D:\Users\nautilus\Desktop\nautilus_acquisition\libs\aws-sdk-cpp\tests\aws-cpp-sdk-core-tests\RunTests.cpp">
      <Filter>Source Files</Filter>
    </ClCompile>
    <ClCompile Include="D:\Users\nautilus\Desktop\nautilus_acquisition\libs\aws-sdk-cpp\tests\aws-cpp-sdk-core-tests\VersionTests.cpp">
      <Filter>Source Files</Filter>
    </ClCompile>
    <ClCompile Include="D:\Users\nautilus\Desktop\nautilus_acquisition\libs\aws-sdk-cpp\tests\aws-cpp-sdk-core-tests\aws\RegionTest.cpp">
      <Filter>Source Files\aws</Filter>
    </ClCompile>
    <ClCompile Include="D:\Users\nautilus\Desktop\nautilus_acquisition\libs\aws-sdk-cpp\tests\aws-cpp-sdk-core-tests\aws\auth\AWSAuthSignerTest.cpp">
      <Filter>Source Files\aws\auth</Filter>
    </ClCompile>
    <ClCompile Include="D:\Users\nautilus\Desktop\nautilus_acquisition\libs\aws-sdk-cpp\tests\aws-cpp-sdk-core-tests\aws\auth\AWSCredentialsProviderTest.cpp">
      <Filter>Source Files\aws\auth</Filter>
    </ClCompile>
    <ClCompile Include="D:\Users\nautilus\Desktop\nautilus_acquisition\libs\aws-sdk-cpp\tests\aws-cpp-sdk-core-tests\aws\auth\AWSHttpResourceClientTest.cpp">
      <Filter>Source Files\aws\auth</Filter>
    </ClCompile>
    <ClCompile Include="D:\Users\nautilus\Desktop\nautilus_acquisition\libs\aws-sdk-cpp\tests\aws-cpp-sdk-core-tests\aws\auth\GeneralHTTPCredentialsProviderTest.cpp">
      <Filter>Source Files\aws\auth</Filter>
    </ClCompile>
    <ClCompile Include="D:\Users\nautilus\Desktop\nautilus_acquisition\libs\aws-sdk-cpp\tests\aws-cpp-sdk-core-tests\aws\client\AWSClientTest.cpp">
      <Filter>Source Files\aws\client</Filter>
    </ClCompile>
    <ClCompile Include="D:\Users\nautilus\Desktop\nautilus_acquisition\libs\aws-sdk-cpp\tests\aws-cpp-sdk-core-tests\aws\client\AWSErrorMashallerTest.cpp">
      <Filter>Source Files\aws\client</Filter>
    </ClCompile>
    <ClCompile Include="D:\Users\nautilus\Desktop\nautilus_acquisition\libs\aws-sdk-cpp\tests\aws-cpp-sdk-core-tests\aws\client\AWSMetadataEndpointTest.cpp">
      <Filter>Source Files\aws\client</Filter>
    </ClCompile>
    <ClCompile Include="D:\Users\nautilus\Desktop\nautilus_acquisition\libs\aws-sdk-cpp\tests\aws-cpp-sdk-core-tests\aws\client\AdaptiveRetryStrategyTest.cpp">
      <Filter>Source Files\aws\client</Filter>
    </ClCompile>
    <ClCompile Include="D:\Users\nautilus\Desktop\nautilus_acquisition\libs\aws-sdk-cpp\tests\aws-cpp-sdk-core-tests\aws\client\AwsConfigTest.cpp">
      <Filter>Source Files\aws\client</Filter>
    </ClCompile>
    <ClCompile Include="D:\Users\nautilus\Desktop\nautilus_acquisition\libs\aws-sdk-cpp\tests\aws-cpp-sdk-core-tests\aws\client\HttpSchemeMapperTest.cpp">
      <Filter>Source Files\aws\client</Filter>
    </ClCompile>
    <ClCompile Include="D:\Users\nautilus\Desktop\nautilus_acquisition\libs\aws-sdk-cpp\tests\aws-cpp-sdk-core-tests\aws\client\RequestCompressionTest.cpp">
      <Filter>Source Files\aws\client</Filter>
    </ClCompile>
    <ClCompile Include="D:\Users\nautilus\Desktop\nautilus_acquisition\libs\aws-sdk-cpp\tests\aws-cpp-sdk-core-tests\aws\client\RetryStrategyTest.cpp">
      <Filter>Source Files\aws\client</Filter>
    </ClCompile>
    <ClCompile Include="D:\Users\nautilus\Desktop\nautilus_acquisition\libs\aws-sdk-cpp\tests\aws-cpp-sdk-core-tests\aws\config\AWSConfigFileProfileConfigLoaderTest.cpp">
      <Filter>Source Files\aws\config</Filter>
    </ClCompile>
    <ClCompile Include="D:\Users\nautilus\Desktop\nautilus_acquisition\libs\aws-sdk-cpp\tests\aws-cpp-sdk-core-tests\aws\config\ClientConfigurationDefaultsTest.cpp">
      <Filter>Source Files\aws\config</Filter>
    </ClCompile>
    <ClCompile Include="D:\Users\nautilus\Desktop\nautilus_acquisition\libs\aws-sdk-cpp\tests\aws-cpp-sdk-core-tests\aws\config\EC2InstanceProfileConfigLoaderTest.cpp">
      <Filter>Source Files\aws\config</Filter>
    </ClCompile>
    <ClCompile Include="D:\Users\nautilus\Desktop\nautilus_acquisition\libs\aws-sdk-cpp\tests\aws-cpp-sdk-core-tests\aws\net\UDPTest.cpp">
      <Filter>Source Files\aws\net</Filter>
    </ClCompile>
    <ClCompile Include="D:\Users\nautilus\Desktop\nautilus_acquisition\libs\aws-sdk-cpp\tests\aws-cpp-sdk-core-tests\http\HttpClientTest.cpp">
      <Filter>Source Files\http</Filter>
    </ClCompile>
    <ClCompile Include="D:\Users\nautilus\Desktop\nautilus_acquisition\libs\aws-sdk-cpp\tests\aws-cpp-sdk-core-tests\http\HttpTypesMapperTest.cpp">
      <Filter>Source Files\http</Filter>
    </ClCompile>
    <ClCompile Include="D:\Users\nautilus\Desktop\nautilus_acquisition\libs\aws-sdk-cpp\tests\aws-cpp-sdk-core-tests\http\SignalHandlerTest.cpp">
      <Filter>Source Files\http</Filter>
    </ClCompile>
    <ClCompile Include="D:\Users\nautilus\Desktop\nautilus_acquisition\libs\aws-sdk-cpp\tests\aws-cpp-sdk-core-tests\http\URITest.cpp">
      <Filter>Source Files\http</Filter>
    </ClCompile>
    <ClCompile Include="D:\Users\nautilus\Desktop\nautilus_acquisition\libs\aws-sdk-cpp\tests\aws-cpp-sdk-core-tests\monitoring\MonitoringEndToEndTest.cpp">
      <Filter>Source Files\monitoring</Filter>
    </ClCompile>
    <ClCompile Include="D:\Users\nautilus\Desktop\nautilus_acquisition\libs\aws-sdk-cpp\tests\aws-cpp-sdk-core-tests\monitoring\MonitoringTest.cpp">
      <Filter>Source Files\monitoring</Filter>
    </ClCompile>
    <ClCompile Include="D:\Users\nautilus\Desktop\nautilus_acquisition\libs\aws-sdk-cpp\tests\aws-cpp-sdk-core-tests\smithy\tracing\SmithyTracingTest.cpp">
      <Filter>Source Files\smithy\tracing</Filter>
    </ClCompile>
    <ClCompile Include="D:\Users\nautilus\Desktop\nautilus_acquisition\libs\aws-sdk-cpp\tests\aws-cpp-sdk-core-tests\utils\ARNTest.cpp">
      <Filter>Source Files\utils</Filter>
    </ClCompile>
    <ClCompile Include="D:\Users\nautilus\Desktop\nautilus_acquisition\libs\aws-sdk-cpp\tests\aws-cpp-sdk-core-tests\utils\CacheTest.cpp">
      <Filter>Source Files\utils</Filter>
    </ClCompile>
    <ClCompile Include="D:\Users\nautilus\Desktop\nautilus_acquisition\libs\aws-sdk-cpp\tests\aws-cpp-sdk-core-tests\utils\CompilerMacrosTest.cpp">
      <Filter>Source Files\utils</Filter>
    </ClCompile>
    <ClCompile Include="D:\Users\nautilus\Desktop\nautilus_acquisition\libs\aws-sdk-cpp\tests\aws-cpp-sdk-core-tests\utils\DNSTest.cpp">
      <Filter>Source Files\utils</Filter>
    </ClCompile>
    <ClCompile Include="D:\Users\nautilus\Desktop\nautilus_acquisition\libs\aws-sdk-cpp\tests\aws-cpp-sdk-core-tests\utils\DateTimeTest.cpp">
      <Filter>Source Files\utils</Filter>
    </ClCompile>
    <ClCompile Include="D:\Users\nautilus\Desktop\nautilus_acquisition\libs\aws-sdk-cpp\tests\aws-cpp-sdk-core-tests\utils\DocumentTest.cpp">
      <Filter>Source Files\utils</Filter>
    </ClCompile>
    <ClCompile Include="D:\Users\nautilus\Desktop\nautilus_acquisition\libs\aws-sdk-cpp\tests\aws-cpp-sdk-core-tests\utils\EnumOverflowTest.cpp">
      <Filter>Source Files\utils</Filter>
    </ClCompile>
    <ClCompile Include="D:\Users\nautilus\Desktop\nautilus_acquisition\libs\aws-sdk-cpp\tests\aws-cpp-sdk-core-tests\utils\FileSystemUtilsTest.cpp">
      <Filter>Source Files\utils</Filter>
    </ClCompile>
    <ClCompile Include="D:\Users\nautilus\Desktop\nautilus_acquisition\libs\aws-sdk-cpp\tests\aws-cpp-sdk-core-tests\utils\GetTheLightsTest.cpp">
      <Filter>Source Files\utils</Filter>
    </ClCompile>
    <ClCompile Include="D:\Users\nautilus\Desktop\nautilus_acquisition\libs\aws-sdk-cpp\tests\aws-cpp-sdk-core-tests\utils\HashingUtilsTest.cpp">
      <Filter>Source Files\utils</Filter>
    </ClCompile>
    <ClCompile Include="D:\Users\nautilus\Desktop\nautilus_acquisition\libs\aws-sdk-cpp\tests\aws-cpp-sdk-core-tests\utils\OSVersionInfoTest.cpp">
      <Filter>Source Files\utils</Filter>
    </ClCompile>
    <ClCompile Include="D:\Users\nautilus\Desktop\nautilus_acquisition\libs\aws-sdk-cpp\tests\aws-cpp-sdk-core-tests\utils\OutcomeTest.cpp">
      <Filter>Source Files\utils</Filter>
    </ClCompile>
    <ClCompile Include="D:\Users\nautilus\Desktop\nautilus_acquisition\libs\aws-sdk-cpp\tests\aws-cpp-sdk-core-tests\utils\StringUtilsTest.cpp">
      <Filter>Source Files\utils</Filter>
    </ClCompile>
    <ClCompile Include="D:\Users\nautilus\Desktop\nautilus_acquisition\libs\aws-sdk-cpp\tests\aws-cpp-sdk-core-tests\utils\UUIDTest.cpp">
      <Filter>Source Files\utils</Filter>
    </ClCompile>
    <ClCompile Include="D:\Users\nautilus\Desktop\nautilus_acquisition\libs\aws-sdk-cpp\tests\aws-cpp-sdk-core-tests\utils\crypto\CryptoStreamsTest.cpp">
      <Filter>Source Files\utils\crypto</Filter>
    </ClCompile>
    <ClCompile Include="D:\Users\nautilus\Desktop\nautilus_acquisition\libs\aws-sdk-cpp\tests\aws-cpp-sdk-core-tests\utils\crypto\HashTest.cpp">
      <Filter>Source Files\utils\crypto</Filter>
    </ClCompile>
    <ClCompile Include="D:\Users\nautilus\Desktop\nautilus_acquisition\libs\aws-sdk-cpp\tests\aws-cpp-sdk-core-tests\utils\crypto\SymmetricCiphersTest.cpp">
      <Filter>Source Files\utils\crypto</Filter>
    </ClCompile>
    <ClCompile Include="D:\Users\nautilus\Desktop\nautilus_acquisition\libs\aws-sdk-cpp\tests\aws-cpp-sdk-core-tests\utils\event\EventStreamDecoderTest.cpp">
      <Filter>Source Files\utils\event</Filter>
    </ClCompile>
    <ClCompile Include="D:\Users\nautilus\Desktop\nautilus_acquisition\libs\aws-sdk-cpp\tests\aws-cpp-sdk-core-tests\utils\event\EventStreamTest.cpp">
      <Filter>Source Files\utils\event</Filter>
    </ClCompile>
    <ClCompile Include="D:\Users\nautilus\Desktop\nautilus_acquisition\libs\aws-sdk-cpp\tests\aws-cpp-sdk-core-tests\utils\json\JsonSerializerTest.cpp">
      <Filter>Source Files\utils\json</Filter>
    </ClCompile>
    <ClCompile Include="D:\Users\nautilus\Desktop\nautilus_acquisition\libs\aws-sdk-cpp\tests\aws-cpp-sdk-core-tests\utils\logging\LoggingTest.cpp">
      <Filter>Source Files\utils\logging</Filter>
    </ClCompile>
    <ClCompile Include="D:\Users\nautilus\Desktop\nautilus_acquisition\libs\aws-sdk-cpp\tests\aws-cpp-sdk-core-tests\utils\memory\AWSMemoryTest.cpp">
      <Filter>Source Files\utils\memory</Filter>
    </ClCompile>
    <ClCompile Include="D:\Users\nautilus\Desktop\nautilus_acquisition\libs\aws-sdk-cpp\tests\aws-cpp-sdk-core-tests\utils\memory\AwsMemoryManagementTest.cpp">
      <Filter>Source Files\utils\memory</Filter>
    </ClCompile>
    <ClCompile Include="D:\Users\nautilus\Desktop\nautilus_acquisition\libs\aws-sdk-cpp\tests\aws-cpp-sdk-core-tests\utils\memory\SimpleStringStreamTests.cpp">
      <Filter>Source Files\utils\memory</Filter>
    </ClCompile>
    <ClCompile Include="D:\Users\nautilus\Desktop\nautilus_acquisition\libs\aws-sdk-cpp\tests\aws-cpp-sdk-core-tests\utils\ratelimiter\RateLimiterTests.cpp">
      <Filter>Source Files\utils\ratelimiter</Filter>
    </ClCompile>
    <ClCompile Include="D:\Users\nautilus\Desktop\nautilus_acquisition\libs\aws-sdk-cpp\tests\aws-cpp-sdk-core-tests\utils\stream\PreallocatedStreamBufTest.cpp">
      <Filter>Source Files\utils\stream</Filter>
    </ClCompile>
    <ClCompile Include="D:\Users\nautilus\Desktop\nautilus_acquisition\libs\aws-sdk-cpp\tests\aws-cpp-sdk-core-tests\utils\stream\ResponseStreamTest.cpp">
      <Filter>Source Files\utils\stream</Filter>
    </ClCompile>
    <ClCompile Include="D:\Users\nautilus\Desktop\nautilus_acquisition\libs\aws-sdk-cpp\tests\aws-cpp-sdk-core-tests\utils\stream\SimpleStreamBufTest.cpp">
      <Filter>Source Files\utils\stream</Filter>
    </ClCompile>
    <ClCompile Include="D:\Users\nautilus\Desktop\nautilus_acquisition\libs\aws-sdk-cpp\tests\aws-cpp-sdk-core-tests\utils\threading\DefaultExecutorTest.cpp">
      <Filter>Source Files\utils\threading</Filter>
    </ClCompile>
    <ClCompile Include="D:\Users\nautilus\Desktop\nautilus_acquisition\libs\aws-sdk-cpp\tests\aws-cpp-sdk-core-tests\utils\threading\ReaderWriterLockTest.cpp">
      <Filter>Source Files\utils\threading</Filter>
    </ClCompile>
    <ClCompile Include="D:\Users\nautilus\Desktop\nautilus_acquisition\libs\aws-sdk-cpp\tests\aws-cpp-sdk-core-tests\utils\xml\XmlSerializerTest.cpp">
      <Filter>Source Files\utils\xml</Filter>
    </ClCompile>
  </ItemGroup>
  <ItemGroup>
    <CustomBuild Include="D:\Users\nautilus\Desktop\nautilus_acquisition\libs\aws-sdk-cpp\tests\aws-cpp-sdk-core-tests\CMakeLists.txt" />
  </ItemGroup>
  <ItemGroup>
    <Filter Include="Source Files">
      <UniqueIdentifier>{3783A77A-0233-3595-8542-CE1639D37EE7}</UniqueIdentifier>
    </Filter>
    <Filter Include="Source Files\aws">
      <UniqueIdentifier>{2F9930D1-5A00-3F86-81E7-C3FA9DE71700}</UniqueIdentifier>
    </Filter>
    <Filter Include="Source Files\aws\auth">
      <UniqueIdentifier>{FCB2E6B8-E5B6-3A71-8404-5C2CAD15C1A1}</UniqueIdentifier>
    </Filter>
    <Filter Include="Source Files\aws\client">
      <UniqueIdentifier>{AE83F602-B3F7-36C2-BAAC-F4F3D6466C49}</UniqueIdentifier>
    </Filter>
    <Filter Include="Source Files\aws\config">
      <UniqueIdentifier>{E9178BEF-C7C3-3E79-81C0-DB26B0DFF41C}</UniqueIdentifier>
    </Filter>
    <Filter Include="Source Files\aws\net">
      <UniqueIdentifier>{03CB8731-E146-3F8F-9161-CF76B8BB20A9}</UniqueIdentifier>
    </Filter>
    <Filter Include="Source Files\http">
      <UniqueIdentifier>{28FE63F5-6172-3CC0-89E0-265BA0F20633}</UniqueIdentifier>
    </Filter>
    <Filter Include="Source Files\monitoring">
      <UniqueIdentifier>{62CECB5E-38D5-394D-B8A7-EC25754E7921}</UniqueIdentifier>
    </Filter>
    <Filter Include="Source Files\smithy">
      <UniqueIdentifier>{A976A772-17A5-36E7-B85E-C1A0DDA9DA8A}</UniqueIdentifier>
    </Filter>
    <Filter Include="Source Files\smithy\tracing">
      <UniqueIdentifier>{B944AE06-501F-3C9B-ACAC-91F7B306D79C}</UniqueIdentifier>
    </Filter>
    <Filter Include="Source Files\utils">
      <UniqueIdentifier>{6A99B8B1-3D43-3DEA-A031-368E72447CE8}</UniqueIdentifier>
    </Filter>
    <Filter Include="Source Files\utils\crypto">
      <UniqueIdentifier>{293C4B69-CC0A-3691-BA26-D47F19926DC9}</UniqueIdentifier>
    </Filter>
    <Filter Include="Source Files\utils\event">
      <UniqueIdentifier>{8723D6C4-1B2A-3CE9-9E7A-42CC5F70C6C6}</UniqueIdentifier>
    </Filter>
    <Filter Include="Source Files\utils\json">
      <UniqueIdentifier>{EA9D1F8D-6011-3441-8A2A-2499702CF027}</UniqueIdentifier>
    </Filter>
    <Filter Include="Source Files\utils\logging">
      <UniqueIdentifier>{3D94F547-C196-3F11-92C3-7541D064CC1C}</UniqueIdentifier>
    </Filter>
    <Filter Include="Source Files\utils\memory">
      <UniqueIdentifier>{B3076B93-C001-3AD6-AB61-4407F32D0AF3}</UniqueIdentifier>
    </Filter>
    <Filter Include="Source Files\utils\ratelimiter">
      <UniqueIdentifier>{C2DC8FC9-7761-3185-9F64-FE07BD030F20}</UniqueIdentifier>
    </Filter>
    <Filter Include="Source Files\utils\stream">
      <UniqueIdentifier>{E2704511-19B4-3CA7-8872-08F02D2A7DA7}</UniqueIdentifier>
    </Filter>
    <Filter Include="Source Files\utils\threading">
      <UniqueIdentifier>{43C87C2B-7224-3B52-B292-22B06E579948}</UniqueIdentifier>
    </Filter>
    <Filter Include="Source Files\utils\xml">
      <UniqueIdentifier>{C3AD716E-EC62-3F61-A419-0D5E4FBD36A2}</UniqueIdentifier>
    </Filter>
  </ItemGroup>
</Project>
