<?xml version="1.0" encoding="utf-8"?>
<Project ToolsVersion="17.0" xmlns="http://schemas.microsoft.com/developer/msbuild/2003">
  <ItemGroup>
    <ClCompile Include="D:\Users\nautilus\Desktop\nautilus_acquisition\libs\aws-sdk-cpp\src\aws-cpp-sdk-core\source\AmazonSerializableWebServiceRequest.cpp">
      <Filter>Source Files</Filter>
    </ClCompile>
    <ClCompile Include="D:\Users\nautilus\Desktop\nautilus_acquisition\libs\aws-sdk-cpp\src\aws-cpp-sdk-core\source\AmazonStreamingWebServiceRequest.cpp">
      <Filter>Source Files</Filter>
    </ClCompile>
    <ClCompile Include="D:\Users\nautilus\Desktop\nautilus_acquisition\libs\aws-sdk-cpp\src\aws-cpp-sdk-core\source\AmazonWebServiceRequest.cpp">
      <Filter>Source Files</Filter>
    </ClCompile>
    <ClCompile Include="D:\Users\nautilus\Desktop\nautilus_acquisition\libs\aws-sdk-cpp\src\aws-cpp-sdk-core\source\Aws.cpp">
      <Filter>Source Files</Filter>
    </ClCompile>
    <ClCompile Include="D:\Users\nautilus\Desktop\nautilus_acquisition\libs\aws-sdk-cpp\src\aws-cpp-sdk-core\source\Globals.cpp">
      <Filter>Source Files</Filter>
    </ClCompile>
    <ClCompile Include="D:\Users\nautilus\Desktop\nautilus_acquisition\libs\aws-sdk-cpp\src\aws-cpp-sdk-core\source\Region.cpp">
      <Filter>Source Files</Filter>
    </ClCompile>
    <ClCompile Include="D:\Users\nautilus\Desktop\nautilus_acquisition\libs\aws-sdk-cpp\src\aws-cpp-sdk-core\source\Version.cpp">
      <Filter>Source Files</Filter>
    </ClCompile>
    <ClCompile Include="D:\Users\nautilus\Desktop\nautilus_acquisition\libs\aws-sdk-cpp\src\aws-cpp-sdk-core\source\external\cjson\cJSON.cpp">
      <Filter>Source Files\external\cjson</Filter>
    </ClCompile>
    <ClCompile Include="D:\Users\nautilus\Desktop\nautilus_acquisition\libs\aws-sdk-cpp\src\aws-cpp-sdk-core\source\http\HttpClient.cpp">
      <Filter>Source Files\http</Filter>
    </ClCompile>
    <ClCompile Include="D:\Users\nautilus\Desktop\nautilus_acquisition\libs\aws-sdk-cpp\src\aws-cpp-sdk-core\source\http\HttpClientFactory.cpp">
      <Filter>Source Files\http</Filter>
    </ClCompile>
    <ClCompile Include="D:\Users\nautilus\Desktop\nautilus_acquisition\libs\aws-sdk-cpp\src\aws-cpp-sdk-core\source\http\HttpRequest.cpp">
      <Filter>Source Files\http</Filter>
    </ClCompile>
    <ClCompile Include="D:\Users\nautilus\Desktop\nautilus_acquisition\libs\aws-sdk-cpp\src\aws-cpp-sdk-core\source\http\HttpResponse.cpp">
      <Filter>Source Files\http</Filter>
    </ClCompile>
    <ClCompile Include="D:\Users\nautilus\Desktop\nautilus_acquisition\libs\aws-sdk-cpp\src\aws-cpp-sdk-core\source\http\HttpTypes.cpp">
      <Filter>Source Files\http</Filter>
    </ClCompile>
    <ClCompile Include="D:\Users\nautilus\Desktop\nautilus_acquisition\libs\aws-sdk-cpp\src\aws-cpp-sdk-core\source\http\Scheme.cpp">
      <Filter>Source Files\http</Filter>
    </ClCompile>
    <ClCompile Include="D:\Users\nautilus\Desktop\nautilus_acquisition\libs\aws-sdk-cpp\src\aws-cpp-sdk-core\source\http\URI.cpp">
      <Filter>Source Files\http</Filter>
    </ClCompile>
    <ClCompile Include="D:\Users\nautilus\Desktop\nautilus_acquisition\libs\aws-sdk-cpp\src\aws-cpp-sdk-core\source\http\windows\WinConnectionPoolMgr.cpp">
      <Filter>Source Files\http\windows</Filter>
    </ClCompile>
    <ClCompile Include="D:\Users\nautilus\Desktop\nautilus_acquisition\libs\aws-sdk-cpp\src\aws-cpp-sdk-core\source\http\windows\WinHttpConnectionPoolMgr.cpp">
      <Filter>Source Files\http\windows</Filter>
    </ClCompile>
    <ClCompile Include="D:\Users\nautilus\Desktop\nautilus_acquisition\libs\aws-sdk-cpp\src\aws-cpp-sdk-core\source\http\windows\WinHttpSyncHttpClient.cpp">
      <Filter>Source Files\http\windows</Filter>
    </ClCompile>
    <ClCompile Include="D:\Users\nautilus\Desktop\nautilus_acquisition\libs\aws-sdk-cpp\src\aws-cpp-sdk-core\source\http\windows\WinINetConnectionPoolMgr.cpp">
      <Filter>Source Files\http\windows</Filter>
    </ClCompile>
    <ClCompile Include="D:\Users\nautilus\Desktop\nautilus_acquisition\libs\aws-sdk-cpp\src\aws-cpp-sdk-core\source\http\windows\WinINetSyncHttpClient.cpp">
      <Filter>Source Files\http\windows</Filter>
    </ClCompile>
    <ClCompile Include="D:\Users\nautilus\Desktop\nautilus_acquisition\libs\aws-sdk-cpp\src\aws-cpp-sdk-core\source\http\windows\WinSyncHttpClient.cpp">
      <Filter>Source Files\http\windows</Filter>
    </ClCompile>
    <ClCompile Include="D:\Users\nautilus\Desktop\nautilus_acquisition\libs\aws-sdk-cpp\src\aws-cpp-sdk-core\source\internal\AWSHttpResourceClient.cpp">
      <Filter>Source Files\internal</Filter>
    </ClCompile>
    <ClCompile Include="D:\Users\nautilus\Desktop\nautilus_acquisition\libs\aws-sdk-cpp\src\aws-cpp-sdk-core\source\monitoring\DefaultMonitoring.cpp">
      <Filter>Source Files\monitoring</Filter>
    </ClCompile>
    <ClCompile Include="D:\Users\nautilus\Desktop\nautilus_acquisition\libs\aws-sdk-cpp\src\aws-cpp-sdk-core\source\monitoring\HttpClientMetrics.cpp">
      <Filter>Source Files\monitoring</Filter>
    </ClCompile>
    <ClCompile Include="D:\Users\nautilus\Desktop\nautilus_acquisition\libs\aws-sdk-cpp\src\aws-cpp-sdk-core\source\monitoring\MonitoringManager.cpp">
      <Filter>Source Files\monitoring</Filter>
    </ClCompile>
    <ClCompile Include="D:\Users\nautilus\Desktop\nautilus_acquisition\libs\aws-sdk-cpp\src\aws-cpp-sdk-core\source\net\windows\Net.cpp">
      <Filter>Source Files\net\windows</Filter>
    </ClCompile>
    <ClCompile Include="D:\Users\nautilus\Desktop\nautilus_acquisition\libs\aws-sdk-cpp\src\aws-cpp-sdk-core\source\net\windows\SimpleUDP.cpp">
      <Filter>Source Files\net\windows</Filter>
    </ClCompile>
    <ClCompile Include="D:\Users\nautilus\Desktop\nautilus_acquisition\libs\aws-sdk-cpp\src\aws-cpp-sdk-core\source\platform\windows\Environment.cpp">
      <Filter>Source Files\platform\windows</Filter>
    </ClCompile>
    <ClCompile Include="D:\Users\nautilus\Desktop\nautilus_acquisition\libs\aws-sdk-cpp\src\aws-cpp-sdk-core\source\platform\windows\FileSystem.cpp">
      <Filter>Source Files\platform\windows</Filter>
    </ClCompile>
    <ClCompile Include="D:\Users\nautilus\Desktop\nautilus_acquisition\libs\aws-sdk-cpp\src\aws-cpp-sdk-core\source\platform\windows\OSVersionInfo.cpp">
      <Filter>Source Files\platform\windows</Filter>
    </ClCompile>
    <ClCompile Include="D:\Users\nautilus\Desktop\nautilus_acquisition\libs\aws-sdk-cpp\src\aws-cpp-sdk-core\source\platform\windows\Security.cpp">
      <Filter>Source Files\platform\windows</Filter>
    </ClCompile>
    <ClCompile Include="D:\Users\nautilus\Desktop\nautilus_acquisition\libs\aws-sdk-cpp\src\aws-cpp-sdk-core\source\platform\windows\Time.cpp">
      <Filter>Source Files\platform\windows</Filter>
    </ClCompile>
    <ClCompile Include="D:\Users\nautilus\Desktop\nautilus_acquisition\libs\aws-sdk-cpp\src\aws-cpp-sdk-core\source\utils\ARN.cpp">
      <Filter>Source Files\utils</Filter>
    </ClCompile>
    <ClCompile Include="D:\Users\nautilus\Desktop\nautilus_acquisition\libs\aws-sdk-cpp\src\aws-cpp-sdk-core\source\utils\Array.cpp">
      <Filter>Source Files\utils</Filter>
    </ClCompile>
    <ClCompile Include="D:\Users\nautilus\Desktop\nautilus_acquisition\libs\aws-sdk-cpp\src\aws-cpp-sdk-core\source\utils\DNS.cpp">
      <Filter>Source Files\utils</Filter>
    </ClCompile>
    <ClCompile Include="D:\Users\nautilus\Desktop\nautilus_acquisition\libs\aws-sdk-cpp\src\aws-cpp-sdk-core\source\utils\DateTimeCommon.cpp">
      <Filter>Source Files\utils</Filter>
    </ClCompile>
    <ClCompile Include="D:\Users\nautilus\Desktop\nautilus_acquisition\libs\aws-sdk-cpp\src\aws-cpp-sdk-core\source\utils\Directory.cpp">
      <Filter>Source Files\utils</Filter>
    </ClCompile>
    <ClCompile Include="D:\Users\nautilus\Desktop\nautilus_acquisition\libs\aws-sdk-cpp\src\aws-cpp-sdk-core\source\utils\Document.cpp">
      <Filter>Source Files\utils</Filter>
    </ClCompile>
    <ClCompile Include="D:\Users\nautilus\Desktop\nautilus_acquisition\libs\aws-sdk-cpp\src\aws-cpp-sdk-core\source\utils\EnumParseOverflowContainer.cpp">
      <Filter>Source Files\utils</Filter>
    </ClCompile>
    <ClCompile Include="D:\Users\nautilus\Desktop\nautilus_acquisition\libs\aws-sdk-cpp\src\aws-cpp-sdk-core\source\utils\FileSystemUtils.cpp">
      <Filter>Source Files\utils</Filter>
    </ClCompile>
    <ClCompile Include="D:\Users\nautilus\Desktop\nautilus_acquisition\libs\aws-sdk-cpp\src\aws-cpp-sdk-core\source\utils\GetTheLights.cpp">
      <Filter>Source Files\utils</Filter>
    </ClCompile>
    <ClCompile Include="D:\Users\nautilus\Desktop\nautilus_acquisition\libs\aws-sdk-cpp\src\aws-cpp-sdk-core\source\utils\HashingUtils.cpp">
      <Filter>Source Files\utils</Filter>
    </ClCompile>
    <ClCompile Include="D:\Users\nautilus\Desktop\nautilus_acquisition\libs\aws-sdk-cpp\src\aws-cpp-sdk-core\source\utils\RAIICounter.cpp">
      <Filter>Source Files\utils</Filter>
    </ClCompile>
    <ClCompile Include="D:\Users\nautilus\Desktop\nautilus_acquisition\libs\aws-sdk-cpp\src\aws-cpp-sdk-core\source\utils\StringUtils.cpp">
      <Filter>Source Files\utils</Filter>
    </ClCompile>
    <ClCompile Include="D:\Users\nautilus\Desktop\nautilus_acquisition\libs\aws-sdk-cpp\src\aws-cpp-sdk-core\source\utils\TempFile.cpp">
      <Filter>Source Files\utils</Filter>
    </ClCompile>
    <ClCompile Include="D:\Users\nautilus\Desktop\nautilus_acquisition\libs\aws-sdk-cpp\src\aws-cpp-sdk-core\source\utils\UUID.cpp">
      <Filter>Source Files\utils</Filter>
    </ClCompile>
    <ClCompile Include="D:\Users\nautilus\Desktop\nautilus_acquisition\libs\aws-sdk-cpp\src\aws-cpp-sdk-core\source\utils\crypto\CRC32.cpp">
      <Filter>Source Files\utils\crypto</Filter>
    </ClCompile>
    <ClCompile Include="D:\Users\nautilus\Desktop\nautilus_acquisition\libs\aws-sdk-cpp\src\aws-cpp-sdk-core\source\utils\crypto\Cipher.cpp">
      <Filter>Source Files\utils\crypto</Filter>
    </ClCompile>
    <ClCompile Include="D:\Users\nautilus\Desktop\nautilus_acquisition\libs\aws-sdk-cpp\src\aws-cpp-sdk-core\source\utils\crypto\ContentCryptoMaterial.cpp">
      <Filter>Source Files\utils\crypto</Filter>
    </ClCompile>
    <ClCompile Include="D:\Users\nautilus\Desktop\nautilus_acquisition\libs\aws-sdk-cpp\src\aws-cpp-sdk-core\source\utils\crypto\ContentCryptoScheme.cpp">
      <Filter>Source Files\utils\crypto</Filter>
    </ClCompile>
    <ClCompile Include="D:\Users\nautilus\Desktop\nautilus_acquisition\libs\aws-sdk-cpp\src\aws-cpp-sdk-core\source\utils\crypto\CryptoBuf.cpp">
      <Filter>Source Files\utils\crypto</Filter>
    </ClCompile>
    <ClCompile Include="D:\Users\nautilus\Desktop\nautilus_acquisition\libs\aws-sdk-cpp\src\aws-cpp-sdk-core\source\utils\crypto\CryptoStream.cpp">
      <Filter>Source Files\utils\crypto</Filter>
    </ClCompile>
    <ClCompile Include="D:\Users\nautilus\Desktop\nautilus_acquisition\libs\aws-sdk-cpp\src\aws-cpp-sdk-core\source\utils\crypto\EncryptionMaterials.cpp">
      <Filter>Source Files\utils\crypto</Filter>
    </ClCompile>
    <ClCompile Include="D:\Users\nautilus\Desktop\nautilus_acquisition\libs\aws-sdk-cpp\src\aws-cpp-sdk-core\source\utils\crypto\KeyWrapAlgorithm.cpp">
      <Filter>Source Files\utils\crypto</Filter>
    </ClCompile>
    <ClCompile Include="D:\Users\nautilus\Desktop\nautilus_acquisition\libs\aws-sdk-cpp\src\aws-cpp-sdk-core\source\utils\crypto\MD5.cpp">
      <Filter>Source Files\utils\crypto</Filter>
    </ClCompile>
    <ClCompile Include="D:\Users\nautilus\Desktop\nautilus_acquisition\libs\aws-sdk-cpp\src\aws-cpp-sdk-core\source\utils\crypto\PrecalculatedHash.cpp">
      <Filter>Source Files\utils\crypto</Filter>
    </ClCompile>
    <ClCompile Include="D:\Users\nautilus\Desktop\nautilus_acquisition\libs\aws-sdk-cpp\src\aws-cpp-sdk-core\source\utils\crypto\Sha1.cpp">
      <Filter>Source Files\utils\crypto</Filter>
    </ClCompile>
    <ClCompile Include="D:\Users\nautilus\Desktop\nautilus_acquisition\libs\aws-sdk-cpp\src\aws-cpp-sdk-core\source\utils\crypto\Sha256.cpp">
      <Filter>Source Files\utils\crypto</Filter>
    </ClCompile>
    <ClCompile Include="D:\Users\nautilus\Desktop\nautilus_acquisition\libs\aws-sdk-cpp\src\aws-cpp-sdk-core\source\utils\crypto\Sha256HMAC.cpp">
      <Filter>Source Files\utils\crypto</Filter>
    </ClCompile>
    <ClCompile Include="D:\Users\nautilus\Desktop\nautilus_acquisition\libs\aws-sdk-cpp\src\aws-cpp-sdk-core\source\utils\crypto\bcrypt\CryptoImpl.cpp">
      <Filter>Source Files\utils\crypto\bcrypt</Filter>
    </ClCompile>
    <ClCompile Include="D:\Users\nautilus\Desktop\nautilus_acquisition\libs\aws-sdk-cpp\src\aws-cpp-sdk-core\source\utils\crypto\factory\Factories.cpp">
      <Filter>Source Files\utils\crypto\factory</Filter>
    </ClCompile>
    <ClCompile Include="D:\Users\nautilus\Desktop\nautilus_acquisition\libs\aws-sdk-cpp\src\aws-cpp-sdk-core\source\utils\event\EventDecoderStream.cpp">
      <Filter>Source Files\utils\event</Filter>
    </ClCompile>
    <ClCompile Include="D:\Users\nautilus\Desktop\nautilus_acquisition\libs\aws-sdk-cpp\src\aws-cpp-sdk-core\source\utils\event\EventEncoderStream.cpp">
      <Filter>Source Files\utils\event</Filter>
    </ClCompile>
    <ClCompile Include="D:\Users\nautilus\Desktop\nautilus_acquisition\libs\aws-sdk-cpp\src\aws-cpp-sdk-core\source\utils\event\EventHeader.cpp">
      <Filter>Source Files\utils\event</Filter>
    </ClCompile>
    <ClCompile Include="D:\Users\nautilus\Desktop\nautilus_acquisition\libs\aws-sdk-cpp\src\aws-cpp-sdk-core\source\utils\event\EventMessage.cpp">
      <Filter>Source Files\utils\event</Filter>
    </ClCompile>
    <ClCompile Include="D:\Users\nautilus\Desktop\nautilus_acquisition\libs\aws-sdk-cpp\src\aws-cpp-sdk-core\source\utils\event\EventStreamBuf.cpp">
      <Filter>Source Files\utils\event</Filter>
    </ClCompile>
    <ClCompile Include="D:\Users\nautilus\Desktop\nautilus_acquisition\libs\aws-sdk-cpp\src\aws-cpp-sdk-core\source\utils\event\EventStreamDecoder.cpp">
      <Filter>Source Files\utils\event</Filter>
    </ClCompile>
    <ClCompile Include="D:\Users\nautilus\Desktop\nautilus_acquisition\libs\aws-sdk-cpp\src\aws-cpp-sdk-core\source\utils\event\EventStreamEncoder.cpp">
      <Filter>Source Files\utils\event</Filter>
    </ClCompile>
    <ClCompile Include="D:\Users\nautilus\Desktop\nautilus_acquisition\libs\aws-sdk-cpp\src\aws-cpp-sdk-core\source\utils\event\EventStreamErrors.cpp">
      <Filter>Source Files\utils\event</Filter>
    </ClCompile>
    <ClCompile Include="D:\Users\nautilus\Desktop\nautilus_acquisition\libs\aws-sdk-cpp\src\aws-cpp-sdk-core\source\utils\json\JsonSerializer.cpp">
      <Filter>Source Files\utils\json</Filter>
    </ClCompile>
    <ClCompile Include="D:\Users\nautilus\Desktop\nautilus_acquisition\libs\sdk_build\src\aws-cpp-sdk-core\ub_core.cpp">
      <Filter>Source Files</Filter>
    </ClCompile>
  </ItemGroup>
  <ItemGroup>
    <ClInclude Include="D:\Users\nautilus\Desktop\nautilus_acquisition\libs\aws-sdk-cpp\src\aws-cpp-sdk-core\include\aws\core\AmazonSerializableWebServiceRequest.h">
      <Filter>Header Files\aws\core</Filter>
    </ClInclude>
    <ClInclude Include="D:\Users\nautilus\Desktop\nautilus_acquisition\libs\aws-sdk-cpp\src\aws-cpp-sdk-core\include\aws\core\AmazonStreamingWebServiceRequest.h">
      <Filter>Header Files\aws\core</Filter>
    </ClInclude>
    <ClInclude Include="D:\Users\nautilus\Desktop\nautilus_acquisition\libs\aws-sdk-cpp\src\aws-cpp-sdk-core\include\aws\core\AmazonWebServiceRequest.h">
      <Filter>Header Files\aws\core</Filter>
    </ClInclude>
    <ClInclude Include="D:\Users\nautilus\Desktop\nautilus_acquisition\libs\aws-sdk-cpp\src\aws-cpp-sdk-core\include\aws\core\AmazonWebServiceResult.h">
      <Filter>Header Files\aws\core</Filter>
    </ClInclude>
    <ClInclude Include="D:\Users\nautilus\Desktop\nautilus_acquisition\libs\aws-sdk-cpp\src\aws-cpp-sdk-core\include\aws\core\Aws.h">
      <Filter>Header Files\aws\core</Filter>
    </ClInclude>
    <ClInclude Include="D:\Users\nautilus\Desktop\nautilus_acquisition\libs\aws-sdk-cpp\src\aws-cpp-sdk-core\include\aws\core\Core_EXPORTS.h">
      <Filter>Header Files\aws\core</Filter>
    </ClInclude>
    <ClInclude Include="D:\Users\nautilus\Desktop\nautilus_acquisition\libs\aws-sdk-cpp\src\aws-cpp-sdk-core\include\aws\core\Globals.h">
      <Filter>Header Files\aws\core</Filter>
    </ClInclude>
    <ClInclude Include="D:\Users\nautilus\Desktop\nautilus_acquisition\libs\aws-sdk-cpp\src\aws-cpp-sdk-core\include\aws\core\NoResult.h">
      <Filter>Header Files\aws\core</Filter>
    </ClInclude>
    <ClInclude Include="D:\Users\nautilus\Desktop\nautilus_acquisition\libs\aws-sdk-cpp\src\aws-cpp-sdk-core\include\aws\core\Region.h">
      <Filter>Header Files\aws\core</Filter>
    </ClInclude>
    <ClInclude Include="D:\Users\nautilus\Desktop\nautilus_acquisition\libs\aws-sdk-cpp\src\aws-cpp-sdk-core\include\aws\core\SDKConfig.h">
      <Filter>Header Files\aws\core</Filter>
    </ClInclude>
    <ClInclude Include="D:\Users\nautilus\Desktop\nautilus_acquisition\libs\aws-sdk-cpp\src\aws-cpp-sdk-core\include\aws\core\Version.h">
      <Filter>Header Files\aws\core</Filter>
    </ClInclude>
    <ClInclude Include="D:\Users\nautilus\Desktop\nautilus_acquisition\libs\aws-sdk-cpp\src\aws-cpp-sdk-core\include\aws\core\VersionConfig.h">
      <Filter>Header Files\aws\core</Filter>
    </ClInclude>
    <ClInclude Include="D:\Users\nautilus\Desktop\nautilus_acquisition\libs\aws-sdk-cpp\src\aws-cpp-sdk-core\include\aws\core\auth\AWSAuthSigner.h">
      <Filter>Header Files\aws\core\auth</Filter>
    </ClInclude>
    <ClInclude Include="D:\Users\nautilus\Desktop\nautilus_acquisition\libs\aws-sdk-cpp\src\aws-cpp-sdk-core\include\aws\core\auth\AWSAuthSignerProvider.h">
      <Filter>Header Files\aws\core\auth</Filter>
    </ClInclude>
    <ClInclude Include="D:\Users\nautilus\Desktop\nautilus_acquisition\libs\aws-sdk-cpp\src\aws-cpp-sdk-core\include\aws\core\auth\AWSBearerToken.h">
      <Filter>Header Files\aws\core\auth</Filter>
    </ClInclude>
    <ClInclude Include="D:\Users\nautilus\Desktop\nautilus_acquisition\libs\aws-sdk-cpp\src\aws-cpp-sdk-core\include\aws\core\auth\AWSCredentials.h">
      <Filter>Header Files\aws\core\auth</Filter>
    </ClInclude>
    <ClInclude Include="D:\Users\nautilus\Desktop\nautilus_acquisition\libs\aws-sdk-cpp\src\aws-cpp-sdk-core\include\aws\core\auth\AWSCredentialsProvider.h">
      <Filter>Header Files\aws\core\auth</Filter>
    </ClInclude>
    <ClInclude Include="D:\Users\nautilus\Desktop\nautilus_acquisition\libs\aws-sdk-cpp\src\aws-cpp-sdk-core\include\aws\core\auth\AWSCredentialsProviderChain.h">
      <Filter>Header Files\aws\core\auth</Filter>
    </ClInclude>
    <ClInclude Include="D:\Users\nautilus\Desktop\nautilus_acquisition\libs\aws-sdk-cpp\src\aws-cpp-sdk-core\include\aws\core\auth\GeneralHTTPCredentialsProvider.h">
      <Filter>Header Files\aws\core\auth</Filter>
    </ClInclude>
    <ClInclude Include="D:\Users\nautilus\Desktop\nautilus_acquisition\libs\aws-sdk-cpp\src\aws-cpp-sdk-core\include\aws\core\auth\SSOCredentialsProvider.h">
      <Filter>Header Files\aws\core\auth</Filter>
    </ClInclude>
    <ClInclude Include="D:\Users\nautilus\Desktop\nautilus_acquisition\libs\aws-sdk-cpp\src\aws-cpp-sdk-core\include\aws\core\auth\STSCredentialsProvider.h">
      <Filter>Header Files\aws\core\auth</Filter>
    </ClInclude>
    <ClInclude Include="D:\Users\nautilus\Desktop\nautilus_acquisition\libs\aws-sdk-cpp\src\aws-cpp-sdk-core\include\aws\core\auth\bearer-token-provider\AWSBearerTokenProviderBase.h">
      <Filter>Header Files\aws\core\auth\bearer-token-provider</Filter>
    </ClInclude>
    <ClInclude Include="D:\Users\nautilus\Desktop\nautilus_acquisition\libs\aws-sdk-cpp\src\aws-cpp-sdk-core\include\aws\core\auth\bearer-token-provider\AWSBearerTokenProviderChainBase.h">
      <Filter>Header Files\aws\core\auth\bearer-token-provider</Filter>
    </ClInclude>
    <ClInclude Include="D:\Users\nautilus\Desktop\nautilus_acquisition\libs\aws-sdk-cpp\src\aws-cpp-sdk-core\include\aws\core\auth\bearer-token-provider\DefaultBearerTokenProviderChain.h">
      <Filter>Header Files\aws\core\auth\bearer-token-provider</Filter>
    </ClInclude>
    <ClInclude Include="D:\Users\nautilus\Desktop\nautilus_acquisition\libs\aws-sdk-cpp\src\aws-cpp-sdk-core\include\aws\core\auth\bearer-token-provider\SSOBearerTokenProvider.h">
      <Filter>Header Files\aws\core\auth\bearer-token-provider</Filter>
    </ClInclude>
    <ClInclude Include="D:\Users\nautilus\Desktop\nautilus_acquisition\libs\aws-sdk-cpp\src\aws-cpp-sdk-core\include\aws\core\auth\bearer-token-provider\StaticBearerTokenProvider.h">
      <Filter>Header Files\aws\core\auth\bearer-token-provider</Filter>
    </ClInclude>
    <ClInclude Include="D:\Users\nautilus\Desktop\nautilus_acquisition\libs\aws-sdk-cpp\src\aws-cpp-sdk-core\include\aws\core\auth\signer-provider\AWSAuthSignerProviderBase.h">
      <Filter>Header Files\aws\core\auth\signer-provider</Filter>
    </ClInclude>
    <ClInclude Include="D:\Users\nautilus\Desktop\nautilus_acquisition\libs\aws-sdk-cpp\src\aws-cpp-sdk-core\include\aws\core\auth\signer-provider\BearerTokenAuthSignerProvider.h">
      <Filter>Header Files\aws\core\auth\signer-provider</Filter>
    </ClInclude>
    <ClInclude Include="D:\Users\nautilus\Desktop\nautilus_acquisition\libs\aws-sdk-cpp\src\aws-cpp-sdk-core\include\aws\core\auth\signer-provider\DefaultAuthSignerProvider.h">
      <Filter>Header Files\aws\core\auth\signer-provider</Filter>
    </ClInclude>
    <ClInclude Include="D:\Users\nautilus\Desktop\nautilus_acquisition\libs\aws-sdk-cpp\src\aws-cpp-sdk-core\include\aws\core\auth\signer\AWSAuthBearerSigner.h">
      <Filter>Header Files\aws\core\auth\signer</Filter>
    </ClInclude>
    <ClInclude Include="D:\Users\nautilus\Desktop\nautilus_acquisition\libs\aws-sdk-cpp\src\aws-cpp-sdk-core\include\aws\core\auth\signer\AWSAuthEventStreamV4Signer.h">
      <Filter>Header Files\aws\core\auth\signer</Filter>
    </ClInclude>
    <ClInclude Include="D:\Users\nautilus\Desktop\nautilus_acquisition\libs\aws-sdk-cpp\src\aws-cpp-sdk-core\include\aws\core\auth\signer\AWSAuthSignerBase.h">
      <Filter>Header Files\aws\core\auth\signer</Filter>
    </ClInclude>
    <ClInclude Include="D:\Users\nautilus\Desktop\nautilus_acquisition\libs\aws-sdk-cpp\src\aws-cpp-sdk-core\include\aws\core\auth\signer\AWSAuthSignerCommon.h">
      <Filter>Header Files\aws\core\auth\signer</Filter>
    </ClInclude>
    <ClInclude Include="D:\Users\nautilus\Desktop\nautilus_acquisition\libs\aws-sdk-cpp\src\aws-cpp-sdk-core\include\aws\core\auth\signer\AWSAuthSignerHelper.h">
      <Filter>Header Files\aws\core\auth\signer</Filter>
    </ClInclude>
    <ClInclude Include="D:\Users\nautilus\Desktop\nautilus_acquisition\libs\aws-sdk-cpp\src\aws-cpp-sdk-core\include\aws\core\auth\signer\AWSAuthV4Signer.h">
      <Filter>Header Files\aws\core\auth\signer</Filter>
    </ClInclude>
    <ClInclude Include="D:\Users\nautilus\Desktop\nautilus_acquisition\libs\aws-sdk-cpp\src\aws-cpp-sdk-core\include\aws\core\auth\signer\AWSNullSigner.h">
      <Filter>Header Files\aws\core\auth\signer</Filter>
    </ClInclude>
    <ClInclude Include="D:\Users\nautilus\Desktop\nautilus_acquisition\libs\aws-sdk-cpp\src\aws-cpp-sdk-core\include\aws\core\client\AWSAsyncOperationTemplate.h">
      <Filter>Header Files\aws\core\client</Filter>
    </ClInclude>
    <ClInclude Include="D:\Users\nautilus\Desktop\nautilus_acquisition\libs\aws-sdk-cpp\src\aws-cpp-sdk-core\include\aws\core\client\AWSClient.h">
      <Filter>Header Files\aws\core\client</Filter>
    </ClInclude>
    <ClInclude Include="D:\Users\nautilus\Desktop\nautilus_acquisition\libs\aws-sdk-cpp\src\aws-cpp-sdk-core\include\aws\core\client\AWSClientAsyncCRTP.h">
      <Filter>Header Files\aws\core\client</Filter>
    </ClInclude>
    <ClInclude Include="D:\Users\nautilus\Desktop\nautilus_acquisition\libs\aws-sdk-cpp\src\aws-cpp-sdk-core\include\aws\core\client\AWSError.h">
      <Filter>Header Files\aws\core\client</Filter>
    </ClInclude>
    <ClInclude Include="D:\Users\nautilus\Desktop\nautilus_acquisition\libs\aws-sdk-cpp\src\aws-cpp-sdk-core\include\aws\core\client\AWSErrorMarshaller.h">
      <Filter>Header Files\aws\core\client</Filter>
    </ClInclude>
    <ClInclude Include="D:\Users\nautilus\Desktop\nautilus_acquisition\libs\aws-sdk-cpp\src\aws-cpp-sdk-core\include\aws\core\client\AWSJsonClient.h">
      <Filter>Header Files\aws\core\client</Filter>
    </ClInclude>
    <ClInclude Include="D:\Users\nautilus\Desktop\nautilus_acquisition\libs\aws-sdk-cpp\src\aws-cpp-sdk-core\include\aws\core\client\AWSUrlPresigner.h">
      <Filter>Header Files\aws\core\client</Filter>
    </ClInclude>
    <ClInclude Include="D:\Users\nautilus\Desktop\nautilus_acquisition\libs\aws-sdk-cpp\src\aws-cpp-sdk-core\include\aws\core\client\AWSXmlClient.h">
      <Filter>Header Files\aws\core\client</Filter>
    </ClInclude>
    <ClInclude Include="D:\Users\nautilus\Desktop\nautilus_acquisition\libs\aws-sdk-cpp\src\aws-cpp-sdk-core\include\aws\core\client\AdaptiveRetryStrategy.h">
      <Filter>Header Files\aws\core\client</Filter>
    </ClInclude>
    <ClInclude Include="D:\Users\nautilus\Desktop\nautilus_acquisition\libs\aws-sdk-cpp\src\aws-cpp-sdk-core\include\aws\core\client\AsyncCallerContext.h">
      <Filter>Header Files\aws\core\client</Filter>
    </ClInclude>
    <ClInclude Include="D:\Users\nautilus\Desktop\nautilus_acquisition\libs\aws-sdk-cpp\src\aws-cpp-sdk-core\include\aws\core\client\ClientConfiguration.h">
      <Filter>Header Files\aws\core\client</Filter>
    </ClInclude>
    <ClInclude Include="D:\Users\nautilus\Desktop\nautilus_acquisition\libs\aws-sdk-cpp\src\aws-cpp-sdk-core\include\aws\core\client\CoreErrors.h">
      <Filter>Header Files\aws\core\client</Filter>
    </ClInclude>
    <ClInclude Include="D:\Users\nautilus\Desktop\nautilus_acquisition\libs\aws-sdk-cpp\src\aws-cpp-sdk-core\include\aws\core\client\DefaultRetryStrategy.h">
      <Filter>Header Files\aws\core\client</Filter>
    </ClInclude>
    <ClInclude Include="D:\Users\nautilus\Desktop\nautilus_acquisition\libs\aws-sdk-cpp\src\aws-cpp-sdk-core\include\aws\core\client\GenericClientConfiguration.h">
      <Filter>Header Files\aws\core\client</Filter>
    </ClInclude>
    <ClInclude Include="D:\Users\nautilus\Desktop\nautilus_acquisition\libs\aws-sdk-cpp\src\aws-cpp-sdk-core\include\aws\core\client\RequestCompression.h">
      <Filter>Header Files\aws\core\client</Filter>
    </ClInclude>
    <ClInclude Include="D:\Users\nautilus\Desktop\nautilus_acquisition\libs\aws-sdk-cpp\src\aws-cpp-sdk-core\include\aws\core\client\RetryStrategy.h">
      <Filter>Header Files\aws\core\client</Filter>
    </ClInclude>
    <ClInclude Include="D:\Users\nautilus\Desktop\nautilus_acquisition\libs\aws-sdk-cpp\src\aws-cpp-sdk-core\include\aws\core\client\SpecifiedRetryableErrorsRetryStrategy.h">
      <Filter>Header Files\aws\core\client</Filter>
    </ClInclude>
    <ClInclude Include="D:\Users\nautilus\Desktop\nautilus_acquisition\libs\aws-sdk-cpp\src\aws-cpp-sdk-core\include\aws\core\config\AWSConfigFileProfileConfigLoader.h">
      <Filter>Header Files\aws\core\config</Filter>
    </ClInclude>
    <ClInclude Include="D:\Users\nautilus\Desktop\nautilus_acquisition\libs\aws-sdk-cpp\src\aws-cpp-sdk-core\include\aws\core\config\AWSProfileConfig.h">
      <Filter>Header Files\aws\core\config</Filter>
    </ClInclude>
    <ClInclude Include="D:\Users\nautilus\Desktop\nautilus_acquisition\libs\aws-sdk-cpp\src\aws-cpp-sdk-core\include\aws\core\config\AWSProfileConfigLoader.h">
      <Filter>Header Files\aws\core\config</Filter>
    </ClInclude>
    <ClInclude Include="D:\Users\nautilus\Desktop\nautilus_acquisition\libs\aws-sdk-cpp\src\aws-cpp-sdk-core\include\aws\core\config\AWSProfileConfigLoaderBase.h">
      <Filter>Header Files\aws\core\config</Filter>
    </ClInclude>
    <ClInclude Include="D:\Users\nautilus\Desktop\nautilus_acquisition\libs\aws-sdk-cpp\src\aws-cpp-sdk-core\include\aws\core\config\ConfigAndCredentialsCacheManager.h">
      <Filter>Header Files\aws\core\config</Filter>
    </ClInclude>
    <ClInclude Include="D:\Users\nautilus\Desktop\nautilus_acquisition\libs\aws-sdk-cpp\src\aws-cpp-sdk-core\include\aws\core\config\EC2InstanceProfileConfigLoader.h">
      <Filter>Header Files\aws\core\config</Filter>
    </ClInclude>
    <ClInclude Include="D:\Users\nautilus\Desktop\nautilus_acquisition\libs\aws-sdk-cpp\src\aws-cpp-sdk-core\include\aws\core\config\defaults\ClientConfigurationDefaults.h">
      <Filter>Header Files\aws\core\config\defaults</Filter>
    </ClInclude>
    <ClInclude Include="D:\Users\nautilus\Desktop\nautilus_acquisition\libs\aws-sdk-cpp\src\aws-cpp-sdk-core\include\aws\core\endpoint\AWSEndpoint.h">
      <Filter>Header Files\aws\core\endpoint</Filter>
    </ClInclude>
    <ClInclude Include="D:\Users\nautilus\Desktop\nautilus_acquisition\libs\aws-sdk-cpp\src\aws-cpp-sdk-core\include\aws\core\endpoint\AWSPartitions.h">
      <Filter>Header Files\aws\core\endpoint</Filter>
    </ClInclude>
    <ClInclude Include="D:\Users\nautilus\Desktop\nautilus_acquisition\libs\aws-sdk-cpp\src\aws-cpp-sdk-core\include\aws\core\endpoint\BuiltInParameters.h">
      <Filter>Header Files\aws\core\endpoint</Filter>
    </ClInclude>
    <ClInclude Include="D:\Users\nautilus\Desktop\nautilus_acquisition\libs\aws-sdk-cpp\src\aws-cpp-sdk-core\include\aws\core\endpoint\ClientContextParameters.h">
      <Filter>Header Files\aws\core\endpoint</Filter>
    </ClInclude>
    <ClInclude Include="D:\Users\nautilus\Desktop\nautilus_acquisition\libs\aws-sdk-cpp\src\aws-cpp-sdk-core\include\aws\core\endpoint\DefaultEndpointProvider.h">
      <Filter>Header Files\aws\core\endpoint</Filter>
    </ClInclude>
    <ClInclude Include="D:\Users\nautilus\Desktop\nautilus_acquisition\libs\aws-sdk-cpp\src\aws-cpp-sdk-core\include\aws\core\endpoint\EndpointParameter.h">
      <Filter>Header Files\aws\core\endpoint</Filter>
    </ClInclude>
    <ClInclude Include="D:\Users\nautilus\Desktop\nautilus_acquisition\libs\aws-sdk-cpp\src\aws-cpp-sdk-core\include\aws\core\endpoint\EndpointProviderBase.h">
      <Filter>Header Files\aws\core\endpoint</Filter>
    </ClInclude>
    <ClInclude Include="D:\Users\nautilus\Desktop\nautilus_acquisition\libs\aws-sdk-cpp\src\aws-cpp-sdk-core\include\aws\core\endpoint\internal\AWSEndpointAttribute.h">
      <Filter>Header Files\aws\core\endpoint\internal</Filter>
    </ClInclude>
    <ClInclude Include="D:\Users\nautilus\Desktop\nautilus_acquisition\libs\aws-sdk-cpp\src\aws-cpp-sdk-core\include\aws\core\external\cjson\cJSON.h">
      <Filter>Header Files\aws\core\external\cjson</Filter>
    </ClInclude>
    <ClInclude Include="D:\Users\nautilus\Desktop\nautilus_acquisition\libs\aws-sdk-cpp\src\aws-cpp-sdk-core\include\aws\core\external\tinyxml2\tinyxml2.h">
      <Filter>Header Files\aws\core\external\tinyxml2</Filter>
    </ClInclude>
    <ClInclude Include="D:\Users\nautilus\Desktop\nautilus_acquisition\libs\aws-sdk-cpp\src\aws-cpp-sdk-core\include\aws\core\http\HttpClient.h">
      <Filter>Header Files\aws\core\http</Filter>
    </ClInclude>
    <ClInclude Include="D:\Users\nautilus\Desktop\nautilus_acquisition\libs\aws-sdk-cpp\src\aws-cpp-sdk-core\include\aws\core\http\HttpClientFactory.h">
      <Filter>Header Files\aws\core\http</Filter>
    </ClInclude>
    <ClInclude Include="D:\Users\nautilus\Desktop\nautilus_acquisition\libs\aws-sdk-cpp\src\aws-cpp-sdk-core\include\aws\core\http\HttpRequest.h">
      <Filter>Header Files\aws\core\http</Filter>
    </ClInclude>
    <ClInclude Include="D:\Users\nautilus\Desktop\nautilus_acquisition\libs\aws-sdk-cpp\src\aws-cpp-sdk-core\include\aws\core\http\HttpResponse.h">
      <Filter>Header Files\aws\core\http</Filter>
    </ClInclude>
    <ClInclude Include="D:\Users\nautilus\Desktop\nautilus_acquisition\libs\aws-sdk-cpp\src\aws-cpp-sdk-core\include\aws\core\http\HttpTypes.h">
      <Filter>Header Files\aws\core\http</Filter>
    </ClInclude>
    <ClInclude Include="D:\Users\nautilus\Desktop\nautilus_acquisition\libs\aws-sdk-cpp\src\aws-cpp-sdk-core\include\aws\core\http\Scheme.h">
      <Filter>Header Files\aws\core\http</Filter>
    </ClInclude>
    <ClInclude Include="D:\Users\nautilus\Desktop\nautilus_acquisition\libs\aws-sdk-cpp\src\aws-cpp-sdk-core\include\aws\core\http\URI.h">
      <Filter>Header Files\aws\core\http</Filter>
    </ClInclude>
    <ClInclude Include="D:\Users\nautilus\Desktop\nautilus_acquisition\libs\aws-sdk-cpp\src\aws-cpp-sdk-core\include\aws\core\http\Version.h">
      <Filter>Header Files\aws\core\http</Filter>
    </ClInclude>
    <ClInclude Include="D:\Users\nautilus\Desktop\nautilus_acquisition\libs\aws-sdk-cpp\src\aws-cpp-sdk-core\include\aws\core\http\standard\StandardHttpRequest.h">
      <Filter>Header Files\aws\core\http\standard</Filter>
    </ClInclude>
    <ClInclude Include="D:\Users\nautilus\Desktop\nautilus_acquisition\libs\aws-sdk-cpp\src\aws-cpp-sdk-core\include\aws\core\http\standard\StandardHttpResponse.h">
      <Filter>Header Files\aws\core\http\standard</Filter>
    </ClInclude>
    <ClInclude Include="D:\Users\nautilus\Desktop\nautilus_acquisition\libs\aws-sdk-cpp\src\aws-cpp-sdk-core\include\aws\core\http\windows\WinConnectionPoolMgr.h">
      <Filter>Header Files\aws\core\http\windows</Filter>
    </ClInclude>
    <ClInclude Include="D:\Users\nautilus\Desktop\nautilus_acquisition\libs\aws-sdk-cpp\src\aws-cpp-sdk-core\include\aws\core\http\windows\WinHttpConnectionPoolMgr.h">
      <Filter>Header Files\aws\core\http\windows</Filter>
    </ClInclude>
    <ClInclude Include="D:\Users\nautilus\Desktop\nautilus_acquisition\libs\aws-sdk-cpp\src\aws-cpp-sdk-core\include\aws\core\http\windows\WinHttpSyncHttpClient.h">
      <Filter>Header Files\aws\core\http\windows</Filter>
    </ClInclude>
    <ClInclude Include="D:\Users\nautilus\Desktop\nautilus_acquisition\libs\aws-sdk-cpp\src\aws-cpp-sdk-core\include\aws\core\http\windows\WinINetConnectionPoolMgr.h">
      <Filter>Header Files\aws\core\http\windows</Filter>
    </ClInclude>
    <ClInclude Include="D:\Users\nautilus\Desktop\nautilus_acquisition\libs\aws-sdk-cpp\src\aws-cpp-sdk-core\include\aws\core\http\windows\WinINetSyncHttpClient.h">
      <Filter>Header Files\aws\core\http\windows</Filter>
    </ClInclude>
    <ClInclude Include="D:\Users\nautilus\Desktop\nautilus_acquisition\libs\aws-sdk-cpp\src\aws-cpp-sdk-core\include\aws\core\http\windows\WinSyncHttpClient.h">
      <Filter>Header Files\aws\core\http\windows</Filter>
    </ClInclude>
    <ClInclude Include="D:\Users\nautilus\Desktop\nautilus_acquisition\libs\aws-sdk-cpp\src\aws-cpp-sdk-core\include\aws\core\internal\AWSHttpResourceClient.h">
      <Filter>Header Files\aws\core\internal</Filter>
    </ClInclude>
    <ClInclude Include="D:\Users\nautilus\Desktop\nautilus_acquisition\libs\aws-sdk-cpp\src\aws-cpp-sdk-core\include\aws\core\monitoring\CoreMetrics.h">
      <Filter>Header Files\aws\core\monitoring</Filter>
    </ClInclude>
    <ClInclude Include="D:\Users\nautilus\Desktop\nautilus_acquisition\libs\aws-sdk-cpp\src\aws-cpp-sdk-core\include\aws\core\monitoring\DefaultMonitoring.h">
      <Filter>Header Files\aws\core\monitoring</Filter>
    </ClInclude>
    <ClInclude Include="D:\Users\nautilus\Desktop\nautilus_acquisition\libs\aws-sdk-cpp\src\aws-cpp-sdk-core\include\aws\core\monitoring\HttpClientMetrics.h">
      <Filter>Header Files\aws\core\monitoring</Filter>
    </ClInclude>
    <ClInclude Include="D:\Users\nautilus\Desktop\nautilus_acquisition\libs\aws-sdk-cpp\src\aws-cpp-sdk-core\include\aws\core\monitoring\MonitoringFactory.h">
      <Filter>Header Files\aws\core\monitoring</Filter>
    </ClInclude>
    <ClInclude Include="D:\Users\nautilus\Desktop\nautilus_acquisition\libs\aws-sdk-cpp\src\aws-cpp-sdk-core\include\aws\core\monitoring\MonitoringInterface.h">
      <Filter>Header Files\aws\core\monitoring</Filter>
    </ClInclude>
    <ClInclude Include="D:\Users\nautilus\Desktop\nautilus_acquisition\libs\aws-sdk-cpp\src\aws-cpp-sdk-core\include\aws\core\monitoring\MonitoringManager.h">
      <Filter>Header Files\aws\core\monitoring</Filter>
    </ClInclude>
    <ClInclude Include="D:\Users\nautilus\Desktop\nautilus_acquisition\libs\aws-sdk-cpp\src\aws-cpp-sdk-core\include\aws\core\net\Net.h">
      <Filter>Header Files\aws\core\net</Filter>
    </ClInclude>
    <ClInclude Include="D:\Users\nautilus\Desktop\nautilus_acquisition\libs\aws-sdk-cpp\src\aws-cpp-sdk-core\include\aws\core\net\SimpleUDP.h">
      <Filter>Header Files\aws\core\net</Filter>
    </ClInclude>
    <ClInclude Include="D:\Users\nautilus\Desktop\nautilus_acquisition\libs\aws-sdk-cpp\src\aws-cpp-sdk-core\include\aws\core\platform\Android.h">
      <Filter>Header Files\aws\core\platform</Filter>
    </ClInclude>
    <ClInclude Include="D:\Users\nautilus\Desktop\nautilus_acquisition\libs\aws-sdk-cpp\src\aws-cpp-sdk-core\include\aws\core\platform\Environment.h">
      <Filter>Header Files\aws\core\platform</Filter>
    </ClInclude>
    <ClInclude Include="D:\Users\nautilus\Desktop\nautilus_acquisition\libs\aws-sdk-cpp\src\aws-cpp-sdk-core\include\aws\core\platform\FileSystem.h">
      <Filter>Header Files\aws\core\platform</Filter>
    </ClInclude>
    <ClInclude Include="D:\Users\nautilus\Desktop\nautilus_acquisition\libs\aws-sdk-cpp\src\aws-cpp-sdk-core\include\aws\core\platform\OSVersionInfo.h">
      <Filter>Header Files\aws\core\platform</Filter>
    </ClInclude>
    <ClInclude Include="D:\Users\nautilus\Desktop\nautilus_acquisition\libs\aws-sdk-cpp\src\aws-cpp-sdk-core\include\aws\core\platform\Platform.h">
      <Filter>Header Files\aws\core\platform</Filter>
    </ClInclude>
    <ClInclude Include="D:\Users\nautilus\Desktop\nautilus_acquisition\libs\aws-sdk-cpp\src\aws-cpp-sdk-core\include\aws\core\platform\Security.h">
      <Filter>Header Files\aws\core\platform</Filter>
    </ClInclude>
    <ClInclude Include="D:\Users\nautilus\Desktop\nautilus_acquisition\libs\aws-sdk-cpp\src\aws-cpp-sdk-core\include\aws\core\platform\Time.h">
      <Filter>Header Files\aws\core\platform</Filter>
    </ClInclude>
    <ClInclude Include="D:\Users\nautilus\Desktop\nautilus_acquisition\libs\aws-sdk-cpp\src\aws-cpp-sdk-core\include\aws\core\utils\ARN.h">
      <Filter>Header Files\aws\core\utils</Filter>
    </ClInclude>
    <ClInclude Include="D:\Users\nautilus\Desktop\nautilus_acquisition\libs\aws-sdk-cpp\src\aws-cpp-sdk-core\include\aws\core\utils\Array.h">
      <Filter>Header Files\aws\core\utils</Filter>
    </ClInclude>
    <ClInclude Include="D:\Users\nautilus\Desktop\nautilus_acquisition\libs\aws-sdk-cpp\src\aws-cpp-sdk-core\include\aws\core\utils\Cache.h">
      <Filter>Header Files\aws\core\utils</Filter>
    </ClInclude>
    <ClInclude Include="D:\Users\nautilus\Desktop\nautilus_acquisition\libs\aws-sdk-cpp\src\aws-cpp-sdk-core\include\aws\core\utils\ConcurrentCache.h">
      <Filter>Header Files\aws\core\utils</Filter>
    </ClInclude>
    <ClInclude Include="D:\Users\nautilus\Desktop\nautilus_acquisition\libs\aws-sdk-cpp\src\aws-cpp-sdk-core\include\aws\core\utils\DNS.h">
      <Filter>Header Files\aws\core\utils</Filter>
    </ClInclude>
    <ClInclude Include="D:\Users\nautilus\Desktop\nautilus_acquisition\libs\aws-sdk-cpp\src\aws-cpp-sdk-core\include\aws\core\utils\DateTime.h">
      <Filter>Header Files\aws\core\utils</Filter>
    </ClInclude>
    <ClInclude Include="D:\Users\nautilus\Desktop\nautilus_acquisition\libs\aws-sdk-cpp\src\aws-cpp-sdk-core\include\aws\core\utils\Document.h">
      <Filter>Header Files\aws\core\utils</Filter>
    </ClInclude>
    <ClInclude Include="D:\Users\nautilus\Desktop\nautilus_acquisition\libs\aws-sdk-cpp\src\aws-cpp-sdk-core\include\aws\core\utils\EnumParseOverflowContainer.h">
      <Filter>Header Files\aws\core\utils</Filter>
    </ClInclude>
    <ClInclude Include="D:\Users\nautilus\Desktop\nautilus_acquisition\libs\aws-sdk-cpp\src\aws-cpp-sdk-core\include\aws\core\utils\FileSystemUtils.h">
      <Filter>Header Files\aws\core\utils</Filter>
    </ClInclude>
    <ClInclude Include="D:\Users\nautilus\Desktop\nautilus_acquisition\libs\aws-sdk-cpp\src\aws-cpp-sdk-core\include\aws\core\utils\GetTheLights.h">
      <Filter>Header Files\aws\core\utils</Filter>
    </ClInclude>
    <ClInclude Include="D:\Users\nautilus\Desktop\nautilus_acquisition\libs\aws-sdk-cpp\src\aws-cpp-sdk-core\include\aws\core\utils\HashingUtils.h">
      <Filter>Header Files\aws\core\utils</Filter>
    </ClInclude>
    <ClInclude Include="D:\Users\nautilus\Desktop\nautilus_acquisition\libs\aws-sdk-cpp\src\aws-cpp-sdk-core\include\aws\core\utils\Outcome.h">
      <Filter>Header Files\aws\core\utils</Filter>
    </ClInclude>
    <ClInclude Include="D:\Users\nautilus\Desktop\nautilus_acquisition\libs\aws-sdk-cpp\src\aws-cpp-sdk-core\include\aws\core\utils\RAIICounter.h">
      <Filter>Header Files\aws\core\utils</Filter>
    </ClInclude>
    <ClInclude Include="D:\Users\nautilus\Desktop\nautilus_acquisition\libs\aws-sdk-cpp\src\aws-cpp-sdk-core\include\aws\core\utils\ResourceManager.h">
      <Filter>Header Files\aws\core\utils</Filter>
    </ClInclude>
    <ClInclude Include="D:\Users\nautilus\Desktop\nautilus_acquisition\libs\aws-sdk-cpp\src\aws-cpp-sdk-core\include\aws\core\utils\StringUtils.h">
      <Filter>Header Files\aws\core\utils</Filter>
    </ClInclude>
    <ClInclude Include="D:\Users\nautilus\Desktop\nautilus_acquisition\libs\aws-sdk-cpp\src\aws-cpp-sdk-core\include\aws\core\utils\UUID.h">
      <Filter>Header Files\aws\core\utils</Filter>
    </ClInclude>
    <ClInclude Include="D:\Users\nautilus\Desktop\nautilus_acquisition\libs\aws-sdk-cpp\src\aws-cpp-sdk-core\include\aws\core\utils\UnreferencedParam.h">
      <Filter>Header Files\aws\core\utils</Filter>
    </ClInclude>
    <ClInclude Include="D:\Users\nautilus\Desktop\nautilus_acquisition\libs\aws-sdk-cpp\src\aws-cpp-sdk-core\include\aws\core\utils\base64\Base64.h">
      <Filter>Header Files\aws\core\utils\base64</Filter>
    </ClInclude>
    <ClInclude Include="D:\Users\nautilus\Desktop\nautilus_acquisition\libs\aws-sdk-cpp\src\aws-cpp-sdk-core\include\aws\core\utils\component-registry\ComponentRegistry.h">
      <Filter>Header Files\aws\core\utils\component-registry</Filter>
    </ClInclude>
    <ClInclude Include="D:\Users\nautilus\Desktop\nautilus_acquisition\libs\aws-sdk-cpp\src\aws-cpp-sdk-core\include\aws\core\utils\crypto\CRC32.h">
      <Filter>Header Files\aws\core\utils\crypto</Filter>
    </ClInclude>
    <ClInclude Include="D:\Users\nautilus\Desktop\nautilus_acquisition\libs\aws-sdk-cpp\src\aws-cpp-sdk-core\include\aws\core\utils\crypto\Cipher.h">
      <Filter>Header Files\aws\core\utils\crypto</Filter>
    </ClInclude>
    <ClInclude Include="D:\Users\nautilus\Desktop\nautilus_acquisition\libs\aws-sdk-cpp\src\aws-cpp-sdk-core\include\aws\core\utils\crypto\ContentCryptoMaterial.h">
      <Filter>Header Files\aws\core\utils\crypto</Filter>
    </ClInclude>
    <ClInclude Include="D:\Users\nautilus\Desktop\nautilus_acquisition\libs\aws-sdk-cpp\src\aws-cpp-sdk-core\include\aws\core\utils\crypto\ContentCryptoScheme.h">
      <Filter>Header Files\aws\core\utils\crypto</Filter>
    </ClInclude>
    <ClInclude Include="D:\Users\nautilus\Desktop\nautilus_acquisition\libs\aws-sdk-cpp\src\aws-cpp-sdk-core\include\aws\core\utils\crypto\CryptoBuf.h">
      <Filter>Header Files\aws\core\utils\crypto</Filter>
    </ClInclude>
    <ClInclude Include="D:\Users\nautilus\Desktop\nautilus_acquisition\libs\aws-sdk-cpp\src\aws-cpp-sdk-core\include\aws\core\utils\crypto\CryptoStream.h">
      <Filter>Header Files\aws\core\utils\crypto</Filter>
    </ClInclude>
    <ClInclude Include="D:\Users\nautilus\Desktop\nautilus_acquisition\libs\aws-sdk-cpp\src\aws-cpp-sdk-core\include\aws\core\utils\crypto\EncryptionMaterials.h">
      <Filter>Header Files\aws\core\utils\crypto</Filter>
    </ClInclude>
    <ClInclude Include="D:\Users\nautilus\Desktop\nautilus_acquisition\libs\aws-sdk-cpp\src\aws-cpp-sdk-core\include\aws\core\utils\crypto\Factories.h">
      <Filter>Header Files\aws\core\utils\crypto</Filter>
    </ClInclude>
    <ClInclude Include="D:\Users\nautilus\Desktop\nautilus_acquisition\libs\aws-sdk-cpp\src\aws-cpp-sdk-core\include\aws\core\utils\crypto\HMAC.h">
      <Filter>Header Files\aws\core\utils\crypto</Filter>
    </ClInclude>
    <ClInclude Include="D:\Users\nautilus\Desktop\nautilus_acquisition\libs\aws-sdk-cpp\src\aws-cpp-sdk-core\include\aws\core\utils\crypto\Hash.h">
      <Filter>Header Files\aws\core\utils\crypto</Filter>
    </ClInclude>
    <ClInclude Include="D:\Users\nautilus\Desktop\nautilus_acquisition\libs\aws-sdk-cpp\src\aws-cpp-sdk-core\include\aws\core\utils\crypto\HashResult.h">
      <Filter>Header Files\aws\core\utils\crypto</Filter>
    </ClInclude>
    <ClInclude Include="D:\Users\nautilus\Desktop\nautilus_acquisition\libs\aws-sdk-cpp\src\aws-cpp-sdk-core\include\aws\core\utils\crypto\KeyWrapAlgorithm.h">
      <Filter>Header Files\aws\core\utils\crypto</Filter>
    </ClInclude>
    <ClInclude Include="D:\Users\nautilus\Desktop\nautilus_acquisition\libs\aws-sdk-cpp\src\aws-cpp-sdk-core\include\aws\core\utils\crypto\MD5.h">
      <Filter>Header Files\aws\core\utils\crypto</Filter>
    </ClInclude>
    <ClInclude Include="D:\Users\nautilus\Desktop\nautilus_acquisition\libs\aws-sdk-cpp\src\aws-cpp-sdk-core\include\aws\core\utils\crypto\PrecalculatedHash.h">
      <Filter>Header Files\aws\core\utils\crypto</Filter>
    </ClInclude>
    <ClInclude Include="D:\Users\nautilus\Desktop\nautilus_acquisition\libs\aws-sdk-cpp\src\aws-cpp-sdk-core\include\aws\core\utils\crypto\SecureRandom.h">
      <Filter>Header Files\aws\core\utils\crypto</Filter>
    </ClInclude>
    <ClInclude Include="D:\Users\nautilus\Desktop\nautilus_acquisition\libs\aws-sdk-cpp\src\aws-cpp-sdk-core\include\aws\core\utils\crypto\Sha1.h">
      <Filter>Header Files\aws\core\utils\crypto</Filter>
    </ClInclude>
    <ClInclude Include="D:\Users\nautilus\Desktop\nautilus_acquisition\libs\aws-sdk-cpp\src\aws-cpp-sdk-core\include\aws\core\utils\crypto\Sha256.h">
      <Filter>Header Files\aws\core\utils\crypto</Filter>
    </ClInclude>
    <ClInclude Include="D:\Users\nautilus\Desktop\nautilus_acquisition\libs\aws-sdk-cpp\src\aws-cpp-sdk-core\include\aws\core\utils\crypto\Sha256HMAC.h">
      <Filter>Header Files\aws\core\utils\crypto</Filter>
    </ClInclude>
    <ClInclude Include="D:\Users\nautilus\Desktop\nautilus_acquisition\libs\aws-sdk-cpp\src\aws-cpp-sdk-core\include\aws\core\utils\crypto\bcrypt\CryptoImpl.h">
      <Filter>Header Files\aws\core\utils\crypto\bcrypt</Filter>
    </ClInclude>
    <ClInclude Include="D:\Users\nautilus\Desktop\nautilus_acquisition\libs\aws-sdk-cpp\src\aws-cpp-sdk-core\include\aws\core\utils\event\EventDecoderStream.h">
      <Filter>Header Files\aws\core\utils\event</Filter>
    </ClInclude>
    <ClInclude Include="D:\Users\nautilus\Desktop\nautilus_acquisition\libs\aws-sdk-cpp\src\aws-cpp-sdk-core\include\aws\core\utils\event\EventEncoderStream.h">
      <Filter>Header Files\aws\core\utils\event</Filter>
    </ClInclude>
    <ClInclude Include="D:\Users\nautilus\Desktop\nautilus_acquisition\libs\aws-sdk-cpp\src\aws-cpp-sdk-core\include\aws\core\utils\event\EventHeader.h">
      <Filter>Header Files\aws\core\utils\event</Filter>
    </ClInclude>
    <ClInclude Include="D:\Users\nautilus\Desktop\nautilus_acquisition\libs\aws-sdk-cpp\src\aws-cpp-sdk-core\include\aws\core\utils\event\EventMessage.h">
      <Filter>Header Files\aws\core\utils\event</Filter>
    </ClInclude>
    <ClInclude Include="D:\Users\nautilus\Desktop\nautilus_acquisition\libs\aws-sdk-cpp\src\aws-cpp-sdk-core\include\aws\core\utils\event\EventStream.h">
      <Filter>Header Files\aws\core\utils\event</Filter>
    </ClInclude>
    <ClInclude Include="D:\Users\nautilus\Desktop\nautilus_acquisition\libs\aws-sdk-cpp\src\aws-cpp-sdk-core\include\aws\core\utils\event\EventStreamBuf.h">
      <Filter>Header Files\aws\core\utils\event</Filter>
    </ClInclude>
    <ClInclude Include="D:\Users\nautilus\Desktop\nautilus_acquisition\libs\aws-sdk-cpp\src\aws-cpp-sdk-core\include\aws\core\utils\event\EventStreamDecoder.h">
      <Filter>Header Files\aws\core\utils\event</Filter>
    </ClInclude>
    <ClInclude Include="D:\Users\nautilus\Desktop\nautilus_acquisition\libs\aws-sdk-cpp\src\aws-cpp-sdk-core\include\aws\core\utils\event\EventStreamEncoder.h">
      <Filter>Header Files\aws\core\utils\event</Filter>
    </ClInclude>
    <ClInclude Include="D:\Users\nautilus\Desktop\nautilus_acquisition\libs\aws-sdk-cpp\src\aws-cpp-sdk-core\include\aws\core\utils\event\EventStreamErrors.h">
      <Filter>Header Files\aws\core\utils\event</Filter>
    </ClInclude>
    <ClInclude Include="D:\Users\nautilus\Desktop\nautilus_acquisition\libs\aws-sdk-cpp\src\aws-cpp-sdk-core\include\aws\core\utils\event\EventStreamHandler.h">
      <Filter>Header Files\aws\core\utils\event</Filter>
    </ClInclude>
    <ClInclude Include="D:\Users\nautilus\Desktop\nautilus_acquisition\libs\aws-sdk-cpp\src\aws-cpp-sdk-core\include\aws\core\utils\json\JsonSerializer.h">
      <Filter>Header Files\aws\core\utils\json</Filter>
    </ClInclude>
    <ClInclude Include="D:\Users\nautilus\Desktop\nautilus_acquisition\libs\aws-sdk-cpp\src\aws-cpp-sdk-core\include\aws\core\utils\logging\AWSLogging.h">
      <Filter>Header Files\aws\core\utils\logging</Filter>
    </ClInclude>
    <ClInclude Include="D:\Users\nautilus\Desktop\nautilus_acquisition\libs\aws-sdk-cpp\src\aws-cpp-sdk-core\include\aws\core\utils\logging\CRTLogSystem.h">
      <Filter>Header Files\aws\core\utils\logging</Filter>
    </ClInclude>
    <ClInclude Include="D:\Users\nautilus\Desktop\nautilus_acquisition\libs\aws-sdk-cpp\src\aws-cpp-sdk-core\include\aws\core\utils\logging\CRTLogging.h">
      <Filter>Header Files\aws\core\utils\logging</Filter>
    </ClInclude>
    <ClInclude Include="D:\Users\nautilus\Desktop\nautilus_acquisition\libs\aws-sdk-cpp\src\aws-cpp-sdk-core\include\aws\core\utils\logging\ConsoleLogSystem.h">
      <Filter>Header Files\aws\core\utils\logging</Filter>
    </ClInclude>
    <ClInclude Include="D:\Users\nautilus\Desktop\nautilus_acquisition\libs\aws-sdk-cpp\src\aws-cpp-sdk-core\include\aws\core\utils\logging\DefaultCRTLogSystem.h">
      <Filter>Header Files\aws\core\utils\logging</Filter>
    </ClInclude>
    <ClInclude Include="D:\Users\nautilus\Desktop\nautilus_acquisition\libs\aws-sdk-cpp\src\aws-cpp-sdk-core\include\aws\core\utils\logging\DefaultLogSystem.h">
      <Filter>Header Files\aws\core\utils\logging</Filter>
    </ClInclude>
    <ClInclude Include="D:\Users\nautilus\Desktop\nautilus_acquisition\libs\aws-sdk-cpp\src\aws-cpp-sdk-core\include\aws\core\utils\logging\ErrorMacros.h">
      <Filter>Header Files\aws\core\utils\logging</Filter>
    </ClInclude>
    <ClInclude Include="D:\Users\nautilus\Desktop\nautilus_acquisition\libs\aws-sdk-cpp\src\aws-cpp-sdk-core\include\aws\core\utils\logging\FormattedLogSystem.h">
      <Filter>Header Files\aws\core\utils\logging</Filter>
    </ClInclude>
    <ClInclude Include="D:\Users\nautilus\Desktop\nautilus_acquisition\libs\aws-sdk-cpp\src\aws-cpp-sdk-core\include\aws\core\utils\logging\LogLevel.h">
      <Filter>Header Files\aws\core\utils\logging</Filter>
    </ClInclude>
    <ClInclude Include="D:\Users\nautilus\Desktop\nautilus_acquisition\libs\aws-sdk-cpp\src\aws-cpp-sdk-core\include\aws\core\utils\logging\LogMacros.h">
      <Filter>Header Files\aws\core\utils\logging</Filter>
    </ClInclude>
    <ClInclude Include="D:\Users\nautilus\Desktop\nautilus_acquisition\libs\aws-sdk-cpp\src\aws-cpp-sdk-core\include\aws\core\utils\logging\LogSystemInterface.h">
      <Filter>Header Files\aws\core\utils\logging</Filter>
    </ClInclude>
    <ClInclude Include="D:\Users\nautilus\Desktop\nautilus_acquisition\libs\aws-sdk-cpp\src\aws-cpp-sdk-core\include\aws\core\utils\logging\NullLogSystem.h">
      <Filter>Header Files\aws\core\utils\logging</Filter>
    </ClInclude>
    <ClInclude Include="D:\Users\nautilus\Desktop\nautilus_acquisition\libs\aws-sdk-cpp\src\aws-cpp-sdk-core\include\aws\core\utils\memory\AWSMemory.h">
      <Filter>Header Files\aws\core\utils\memory</Filter>
    </ClInclude>
    <ClInclude Include="D:\Users\nautilus\Desktop\nautilus_acquisition\libs\aws-sdk-cpp\src\aws-cpp-sdk-core\include\aws\core\utils\memory\MemorySystemInterface.h">
      <Filter>Header Files\aws\core\utils\memory</Filter>
    </ClInclude>
    <ClInclude Include="D:\Users\nautilus\Desktop\nautilus_acquisition\libs\aws-sdk-cpp\src\aws-cpp-sdk-core\include\aws\core\utils\memory\stl\AWSAllocator.h">
      <Filter>Header Files\aws\core\utils\memory\stl</Filter>
    </ClInclude>
    <ClInclude Include="D:\Users\nautilus\Desktop\nautilus_acquisition\libs\aws-sdk-cpp\src\aws-cpp-sdk-core\include\aws\core\utils\memory\stl\AWSArray.h">
      <Filter>Header Files\aws\core\utils\memory\stl</Filter>
    </ClInclude>
    <ClInclude Include="D:\Users\nautilus\Desktop\nautilus_acquisition\libs\aws-sdk-cpp\src\aws-cpp-sdk-core\include\aws\core\utils\memory\stl\AWSDeque.h">
      <Filter>Header Files\aws\core\utils\memory\stl</Filter>
    </ClInclude>
    <ClInclude Include="D:\Users\nautilus\Desktop\nautilus_acquisition\libs\aws-sdk-cpp\src\aws-cpp-sdk-core\include\aws\core\utils\memory\stl\AWSList.h">
      <Filter>Header Files\aws\core\utils\memory\stl</Filter>
    </ClInclude>
    <ClInclude Include="D:\Users\nautilus\Desktop\nautilus_acquisition\libs\aws-sdk-cpp\src\aws-cpp-sdk-core\include\aws\core\utils\memory\stl\AWSMap.h">
      <Filter>Header Files\aws\core\utils\memory\stl</Filter>
    </ClInclude>
    <ClInclude Include="D:\Users\nautilus\Desktop\nautilus_acquisition\libs\aws-sdk-cpp\src\aws-cpp-sdk-core\include\aws\core\utils\memory\stl\AWSMultiMap.h">
      <Filter>Header Files\aws\core\utils\memory\stl</Filter>
    </ClInclude>
    <ClInclude Include="D:\Users\nautilus\Desktop\nautilus_acquisition\libs\aws-sdk-cpp\src\aws-cpp-sdk-core\include\aws\core\utils\memory\stl\AWSQueue.h">
      <Filter>Header Files\aws\core\utils\memory\stl</Filter>
    </ClInclude>
    <ClInclude Include="D:\Users\nautilus\Desktop\nautilus_acquisition\libs\aws-sdk-cpp\src\aws-cpp-sdk-core\include\aws\core\utils\memory\stl\AWSSet.h">
      <Filter>Header Files\aws\core\utils\memory\stl</Filter>
    </ClInclude>
    <ClInclude Include="D:\Users\nautilus\Desktop\nautilus_acquisition\libs\aws-sdk-cpp\src\aws-cpp-sdk-core\include\aws\core\utils\memory\stl\AWSStack.h">
      <Filter>Header Files\aws\core\utils\memory\stl</Filter>
    </ClInclude>
    <ClInclude Include="D:\Users\nautilus\Desktop\nautilus_acquisition\libs\aws-sdk-cpp\src\aws-cpp-sdk-core\include\aws\core\utils\memory\stl\AWSStreamFwd.h">
      <Filter>Header Files\aws\core\utils\memory\stl</Filter>
    </ClInclude>
    <ClInclude Include="D:\Users\nautilus\Desktop\nautilus_acquisition\libs\aws-sdk-cpp\src\aws-cpp-sdk-core\include\aws\core\utils\memory\stl\AWSString.h">
      <Filter>Header Files\aws\core\utils\memory\stl</Filter>
    </ClInclude>
    <ClInclude Include="D:\Users\nautilus\Desktop\nautilus_acquisition\libs\aws-sdk-cpp\src\aws-cpp-sdk-core\include\aws\core\utils\memory\stl\AWSStringStream.h">
      <Filter>Header Files\aws\core\utils\memory\stl</Filter>
    </ClInclude>
    <ClInclude Include="D:\Users\nautilus\Desktop\nautilus_acquisition\libs\aws-sdk-cpp\src\aws-cpp-sdk-core\include\aws\core\utils\memory\stl\AWSVector.h">
      <Filter>Header Files\aws\core\utils\memory\stl</Filter>
    </ClInclude>
    <ClInclude Include="D:\Users\nautilus\Desktop\nautilus_acquisition\libs\aws-sdk-cpp\src\aws-cpp-sdk-core\include\aws\core\utils\memory\stl\SimpleStringStream.h">
      <Filter>Header Files\aws\core\utils\memory\stl</Filter>
    </ClInclude>
    <ClInclude Include="D:\Users\nautilus\Desktop\nautilus_acquisition\libs\aws-sdk-cpp\src\aws-cpp-sdk-core\include\aws\core\utils\ratelimiter\DefaultRateLimiter.h">
      <Filter>Header Files\aws\core\utils\ratelimiter</Filter>
    </ClInclude>
    <ClInclude Include="D:\Users\nautilus\Desktop\nautilus_acquisition\libs\aws-sdk-cpp\src\aws-cpp-sdk-core\include\aws\core\utils\ratelimiter\RateLimiterInterface.h">
      <Filter>Header Files\aws\core\utils\ratelimiter</Filter>
    </ClInclude>
    <ClInclude Include="D:\Users\nautilus\Desktop\nautilus_acquisition\libs\aws-sdk-cpp\src\aws-cpp-sdk-core\include\aws\core\utils\stream\ConcurrentStreamBuf.h">
      <Filter>Header Files\aws\core\utils\stream</Filter>
    </ClInclude>
    <ClInclude Include="D:\Users\nautilus\Desktop\nautilus_acquisition\libs\aws-sdk-cpp\src\aws-cpp-sdk-core\include\aws\core\utils\stream\PreallocatedStreamBuf.h">
      <Filter>Header Files\aws\core\utils\stream</Filter>
    </ClInclude>
    <ClInclude Include="D:\Users\nautilus\Desktop\nautilus_acquisition\libs\aws-sdk-cpp\src\aws-cpp-sdk-core\include\aws\core\utils\stream\ResponseStream.h">
      <Filter>Header Files\aws\core\utils\stream</Filter>
    </ClInclude>
    <ClInclude Include="D:\Users\nautilus\Desktop\nautilus_acquisition\libs\aws-sdk-cpp\src\aws-cpp-sdk-core\include\aws\core\utils\stream\SimpleStreamBuf.h">
      <Filter>Header Files\aws\core\utils\stream</Filter>
    </ClInclude>
    <ClInclude Include="D:\Users\nautilus\Desktop\nautilus_acquisition\libs\aws-sdk-cpp\src\aws-cpp-sdk-core\include\aws\core\utils\threading\DefaultExecutor.h">
      <Filter>Header Files\aws\core\utils\threading</Filter>
    </ClInclude>
    <ClInclude Include="D:\Users\nautilus\Desktop\nautilus_acquisition\libs\aws-sdk-cpp\src\aws-cpp-sdk-core\include\aws\core\utils\threading\Executor.h">
      <Filter>Header Files\aws\core\utils\threading</Filter>
    </ClInclude>
    <ClInclude Include="D:\Users\nautilus\Desktop\nautilus_acquisition\libs\aws-sdk-cpp\src\aws-cpp-sdk-core\include\aws\core\utils\threading\PooledThreadExecutor.h">
      <Filter>Header Files\aws\core\utils\threading</Filter>
    </ClInclude>
    <ClInclude Include="D:\Users\nautilus\Desktop\nautilus_acquisition\libs\aws-sdk-cpp\src\aws-cpp-sdk-core\include\aws\core\utils\threading\ReaderWriterLock.h">
      <Filter>Header Files\aws\core\utils\threading</Filter>
    </ClInclude>
    <ClInclude Include="D:\Users\nautilus\Desktop\nautilus_acquisition\libs\aws-sdk-cpp\src\aws-cpp-sdk-core\include\aws\core\utils\threading\Semaphore.h">
      <Filter>Header Files\aws\core\utils\threading</Filter>
    </ClInclude>
    <ClInclude Include="D:\Users\nautilus\Desktop\nautilus_acquisition\libs\aws-sdk-cpp\src\aws-cpp-sdk-core\include\aws\core\utils\threading\ThreadTask.h">
      <Filter>Header Files\aws\core\utils\threading</Filter>
    </ClInclude>
    <ClInclude Include="D:\Users\nautilus\Desktop\nautilus_acquisition\libs\aws-sdk-cpp\src\aws-cpp-sdk-core\include\aws\core\utils\xml\XmlSerializer.h">
      <Filter>Header Files\aws\core\utils\xml</Filter>
    </ClInclude>
    <ClInclude Include="D:\Users\nautilus\Desktop\nautilus_acquisition\libs\aws-sdk-cpp\src\aws-cpp-sdk-core\include\smithy\Smithy_EXPORTS.h">
      <Filter>Header Files\smithy</Filter>
    </ClInclude>
    <ClInclude Include="D:\Users\nautilus\Desktop\nautilus_acquisition\libs\aws-sdk-cpp\src\aws-cpp-sdk-core\include\smithy\tracing\Gauge.h">
      <Filter>Header Files\smithy\tracing</Filter>
    </ClInclude>
    <ClInclude Include="D:\Users\nautilus\Desktop\nautilus_acquisition\libs\aws-sdk-cpp\src\aws-cpp-sdk-core\include\smithy\tracing\Histogram.h">
      <Filter>Header Files\smithy\tracing</Filter>
    </ClInclude>
    <ClInclude Include="D:\Users\nautilus\Desktop\nautilus_acquisition\libs\aws-sdk-cpp\src\aws-cpp-sdk-core\include\smithy\tracing\Meter.h">
      <Filter>Header Files\smithy\tracing</Filter>
    </ClInclude>
    <ClInclude Include="D:\Users\nautilus\Desktop\nautilus_acquisition\libs\aws-sdk-cpp\src\aws-cpp-sdk-core\include\smithy\tracing\MeterProvider.h">
      <Filter>Header Files\smithy\tracing</Filter>
    </ClInclude>
    <ClInclude Include="D:\Users\nautilus\Desktop\nautilus_acquisition\libs\aws-sdk-cpp\src\aws-cpp-sdk-core\include\smithy\tracing\MonotonicCounter.h">
      <Filter>Header Files\smithy\tracing</Filter>
    </ClInclude>
    <ClInclude Include="D:\Users\nautilus\Desktop\nautilus_acquisition\libs\aws-sdk-cpp\src\aws-cpp-sdk-core\include\smithy\tracing\NoopMeterProvider.h">
      <Filter>Header Files\smithy\tracing</Filter>
    </ClInclude>
    <ClInclude Include="D:\Users\nautilus\Desktop\nautilus_acquisition\libs\aws-sdk-cpp\src\aws-cpp-sdk-core\include\smithy\tracing\NoopTelemetryProvider.h">
      <Filter>Header Files\smithy\tracing</Filter>
    </ClInclude>
    <ClInclude Include="D:\Users\nautilus\Desktop\nautilus_acquisition\libs\aws-sdk-cpp\src\aws-cpp-sdk-core\include\smithy\tracing\NoopTracerProvider.h">
      <Filter>Header Files\smithy\tracing</Filter>
    </ClInclude>
    <ClInclude Include="D:\Users\nautilus\Desktop\nautilus_acquisition\libs\aws-sdk-cpp\src\aws-cpp-sdk-core\include\smithy\tracing\TelemetryProvider.h">
      <Filter>Header Files\smithy\tracing</Filter>
    </ClInclude>
    <ClInclude Include="D:\Users\nautilus\Desktop\nautilus_acquisition\libs\aws-sdk-cpp\src\aws-cpp-sdk-core\include\smithy\tracing\TraceSpan.h">
      <Filter>Header Files\smithy\tracing</Filter>
    </ClInclude>
    <ClInclude Include="D:\Users\nautilus\Desktop\nautilus_acquisition\libs\aws-sdk-cpp\src\aws-cpp-sdk-core\include\smithy\tracing\Tracer.h">
      <Filter>Header Files\smithy\tracing</Filter>
    </ClInclude>
    <ClInclude Include="D:\Users\nautilus\Desktop\nautilus_acquisition\libs\aws-sdk-cpp\src\aws-cpp-sdk-core\include\smithy\tracing\TracerProvider.h">
      <Filter>Header Files\smithy\tracing</Filter>
    </ClInclude>
    <ClInclude Include="D:\Users\nautilus\Desktop\nautilus_acquisition\libs\aws-sdk-cpp\src\aws-cpp-sdk-core\include\smithy\tracing\TracingUtils.h">
      <Filter>Header Files\smithy\tracing</Filter>
    </ClInclude>
    <ClInclude Include="D:\Users\nautilus\Desktop\nautilus_acquisition\libs\aws-sdk-cpp\src\aws-cpp-sdk-core\include\smithy\tracing\UpDownCounter.h">
      <Filter>Header Files\smithy\tracing</Filter>
    </ClInclude>
    <ClInclude Include="D:\Users\nautilus\Desktop\nautilus_acquisition\libs\aws-sdk-cpp\src\aws-cpp-sdk-core\source\auth\AWSCredentialsProvider.cpp">
      <Filter>Source Files\auth</Filter>
    </ClInclude>
    <ClInclude Include="D:\Users\nautilus\Desktop\nautilus_acquisition\libs\aws-sdk-cpp\src\aws-cpp-sdk-core\source\auth\AWSCredentialsProviderChain.cpp">
      <Filter>Source Files\auth</Filter>
    </ClInclude>
    <ClInclude Include="D:\Users\nautilus\Desktop\nautilus_acquisition\libs\aws-sdk-cpp\src\aws-cpp-sdk-core\source\auth\GeneralHTTPCredentialsProvider.cpp">
      <Filter>Source Files\auth</Filter>
    </ClInclude>
    <ClInclude Include="D:\Users\nautilus\Desktop\nautilus_acquisition\libs\aws-sdk-cpp\src\aws-cpp-sdk-core\source\auth\SSOCredentialsProvider.cpp">
      <Filter>Source Files\auth</Filter>
    </ClInclude>
    <ClInclude Include="D:\Users\nautilus\Desktop\nautilus_acquisition\libs\aws-sdk-cpp\src\aws-cpp-sdk-core\source\auth\STSCredentialsProvider.cpp">
      <Filter>Source Files\auth</Filter>
    </ClInclude>
    <ClInclude Include="D:\Users\nautilus\Desktop\nautilus_acquisition\libs\aws-sdk-cpp\src\aws-cpp-sdk-core\source\auth\bearer-token-provider\DefaultBearerTokenProviderChain.cpp">
      <Filter>Source Files\auth\bearer-token-provider</Filter>
    </ClInclude>
    <ClInclude Include="D:\Users\nautilus\Desktop\nautilus_acquisition\libs\aws-sdk-cpp\src\aws-cpp-sdk-core\source\auth\bearer-token-provider\SSOBearerTokenProvider.cpp">
      <Filter>Source Files\auth\bearer-token-provider</Filter>
    </ClInclude>
    <ClInclude Include="D:\Users\nautilus\Desktop\nautilus_acquisition\libs\aws-sdk-cpp\src\aws-cpp-sdk-core\source\auth\signer-provider\AWSAuthSignerProviderBase.cpp">
      <Filter>Source Files\auth\signer-provider</Filter>
    </ClInclude>
    <ClInclude Include="D:\Users\nautilus\Desktop\nautilus_acquisition\libs\aws-sdk-cpp\src\aws-cpp-sdk-core\source\auth\signer-provider\BearerTokenAuthSignerProvider.cpp">
      <Filter>Source Files\auth\signer-provider</Filter>
    </ClInclude>
    <ClInclude Include="D:\Users\nautilus\Desktop\nautilus_acquisition\libs\aws-sdk-cpp\src\aws-cpp-sdk-core\source\auth\signer-provider\DefaultAuthSignerProvider.cpp">
      <Filter>Source Files\auth\signer-provider</Filter>
    </ClInclude>
    <ClInclude Include="D:\Users\nautilus\Desktop\nautilus_acquisition\libs\aws-sdk-cpp\src\aws-cpp-sdk-core\source\auth\signer\AWSAuthBearerSigner.cpp">
      <Filter>Source Files\auth\signer</Filter>
    </ClInclude>
    <ClInclude Include="D:\Users\nautilus\Desktop\nautilus_acquisition\libs\aws-sdk-cpp\src\aws-cpp-sdk-core\source\auth\signer\AWSAuthEventStreamV4Signer.cpp">
      <Filter>Source Files\auth\signer</Filter>
    </ClInclude>
    <ClInclude Include="D:\Users\nautilus\Desktop\nautilus_acquisition\libs\aws-sdk-cpp\src\aws-cpp-sdk-core\source\auth\signer\AWSAuthSignerCommon.cpp">
      <Filter>Source Files\auth\signer</Filter>
    </ClInclude>
    <ClInclude Include="D:\Users\nautilus\Desktop\nautilus_acquisition\libs\aws-sdk-cpp\src\aws-cpp-sdk-core\source\auth\signer\AWSAuthSignerHelper.cpp">
      <Filter>Source Files\auth\signer</Filter>
    </ClInclude>
    <ClInclude Include="D:\Users\nautilus\Desktop\nautilus_acquisition\libs\aws-sdk-cpp\src\aws-cpp-sdk-core\source\auth\signer\AWSAuthV4Signer.cpp">
      <Filter>Source Files\auth\signer</Filter>
    </ClInclude>
    <ClInclude Include="D:\Users\nautilus\Desktop\nautilus_acquisition\libs\aws-sdk-cpp\src\aws-cpp-sdk-core\source\auth\signer\AWSNullSigner.cpp">
      <Filter>Source Files\auth\signer</Filter>
    </ClInclude>
    <ClInclude Include="D:\Users\nautilus\Desktop\nautilus_acquisition\libs\aws-sdk-cpp\src\aws-cpp-sdk-core\source\client\AWSClient.cpp">
      <Filter>Source Files\client</Filter>
    </ClInclude>
    <ClInclude Include="D:\Users\nautilus\Desktop\nautilus_acquisition\libs\aws-sdk-cpp\src\aws-cpp-sdk-core\source\client\AWSErrorMarshaller.cpp">
      <Filter>Source Files\client</Filter>
    </ClInclude>
    <ClInclude Include="D:\Users\nautilus\Desktop\nautilus_acquisition\libs\aws-sdk-cpp\src\aws-cpp-sdk-core\source\client\AWSJsonClient.cpp">
      <Filter>Source Files\client</Filter>
    </ClInclude>
    <ClInclude Include="D:\Users\nautilus\Desktop\nautilus_acquisition\libs\aws-sdk-cpp\src\aws-cpp-sdk-core\source\client\AWSUrlPresigner.cpp">
      <Filter>Source Files\client</Filter>
    </ClInclude>
    <ClInclude Include="D:\Users\nautilus\Desktop\nautilus_acquisition\libs\aws-sdk-cpp\src\aws-cpp-sdk-core\source\client\AWSXmlClient.cpp">
      <Filter>Source Files\client</Filter>
    </ClInclude>
    <ClInclude Include="D:\Users\nautilus\Desktop\nautilus_acquisition\libs\aws-sdk-cpp\src\aws-cpp-sdk-core\source\client\AdaptiveRetryStrategy.cpp">
      <Filter>Source Files\client</Filter>
    </ClInclude>
    <ClInclude Include="D:\Users\nautilus\Desktop\nautilus_acquisition\libs\aws-sdk-cpp\src\aws-cpp-sdk-core\source\client\AsyncCallerContext.cpp">
      <Filter>Source Files\client</Filter>
    </ClInclude>
    <ClInclude Include="D:\Users\nautilus\Desktop\nautilus_acquisition\libs\aws-sdk-cpp\src\aws-cpp-sdk-core\source\client\ClientConfiguration.cpp">
      <Filter>Source Files\client</Filter>
    </ClInclude>
    <ClInclude Include="D:\Users\nautilus\Desktop\nautilus_acquisition\libs\aws-sdk-cpp\src\aws-cpp-sdk-core\source\client\CoreErrors.cpp">
      <Filter>Source Files\client</Filter>
    </ClInclude>
    <ClInclude Include="D:\Users\nautilus\Desktop\nautilus_acquisition\libs\aws-sdk-cpp\src\aws-cpp-sdk-core\source\client\DefaultRetryStrategy.cpp">
      <Filter>Source Files\client</Filter>
    </ClInclude>
    <ClInclude Include="D:\Users\nautilus\Desktop\nautilus_acquisition\libs\aws-sdk-cpp\src\aws-cpp-sdk-core\source\client\GenericClientConfiguration.cpp">
      <Filter>Source Files\client</Filter>
    </ClInclude>
    <ClInclude Include="D:\Users\nautilus\Desktop\nautilus_acquisition\libs\aws-sdk-cpp\src\aws-cpp-sdk-core\source\client\RequestCompression.cpp">
      <Filter>Source Files\client</Filter>
    </ClInclude>
    <ClInclude Include="D:\Users\nautilus\Desktop\nautilus_acquisition\libs\aws-sdk-cpp\src\aws-cpp-sdk-core\source\client\RetryStrategy.cpp">
      <Filter>Source Files\client</Filter>
    </ClInclude>
    <ClInclude Include="D:\Users\nautilus\Desktop\nautilus_acquisition\libs\aws-sdk-cpp\src\aws-cpp-sdk-core\source\client\SpecifiedRetryableErrorsRetryStrategy.cpp">
      <Filter>Source Files\client</Filter>
    </ClInclude>
    <ClInclude Include="D:\Users\nautilus\Desktop\nautilus_acquisition\libs\aws-sdk-cpp\src\aws-cpp-sdk-core\source\config\AWSConfigFileProfileConfigLoader.cpp">
      <Filter>Source Files\config</Filter>
    </ClInclude>
    <ClInclude Include="D:\Users\nautilus\Desktop\nautilus_acquisition\libs\aws-sdk-cpp\src\aws-cpp-sdk-core\source\config\AWSProfileConfigLoaderBase.cpp">
      <Filter>Source Files\config</Filter>
    </ClInclude>
    <ClInclude Include="D:\Users\nautilus\Desktop\nautilus_acquisition\libs\aws-sdk-cpp\src\aws-cpp-sdk-core\source\config\ConfigAndCredentialsCacheManager.cpp">
      <Filter>Source Files\config</Filter>
    </ClInclude>
    <ClInclude Include="D:\Users\nautilus\Desktop\nautilus_acquisition\libs\aws-sdk-cpp\src\aws-cpp-sdk-core\source\config\EC2InstanceProfileConfigLoader.cpp">
      <Filter>Source Files\config</Filter>
    </ClInclude>
    <ClInclude Include="D:\Users\nautilus\Desktop\nautilus_acquisition\libs\aws-sdk-cpp\src\aws-cpp-sdk-core\source\config\defaults\ClientConfigurationDefaults.cpp">
      <Filter>Source Files\config\defaults</Filter>
    </ClInclude>
    <ClInclude Include="D:\Users\nautilus\Desktop\nautilus_acquisition\libs\aws-sdk-cpp\src\aws-cpp-sdk-core\source\endpoint\AWSEndpoint.cpp">
      <Filter>Source Files\endpoint</Filter>
    </ClInclude>
    <ClInclude Include="D:\Users\nautilus\Desktop\nautilus_acquisition\libs\aws-sdk-cpp\src\aws-cpp-sdk-core\source\endpoint\AWSPartitions.cpp">
      <Filter>Source Files\endpoint</Filter>
    </ClInclude>
    <ClInclude Include="D:\Users\nautilus\Desktop\nautilus_acquisition\libs\aws-sdk-cpp\src\aws-cpp-sdk-core\source\endpoint\BuiltInParameters.cpp">
      <Filter>Source Files\endpoint</Filter>
    </ClInclude>
    <ClInclude Include="D:\Users\nautilus\Desktop\nautilus_acquisition\libs\aws-sdk-cpp\src\aws-cpp-sdk-core\source\endpoint\ClientContextParameters.cpp">
      <Filter>Source Files\endpoint</Filter>
    </ClInclude>
    <ClInclude Include="D:\Users\nautilus\Desktop\nautilus_acquisition\libs\aws-sdk-cpp\src\aws-cpp-sdk-core\source\endpoint\DefaultEndpointProvider.cpp">
      <Filter>Source Files\endpoint</Filter>
    </ClInclude>
    <ClInclude Include="D:\Users\nautilus\Desktop\nautilus_acquisition\libs\aws-sdk-cpp\src\aws-cpp-sdk-core\source\endpoint\EndpointProviderBase.cpp">
      <Filter>Source Files\endpoint</Filter>
    </ClInclude>
    <ClInclude Include="D:\Users\nautilus\Desktop\nautilus_acquisition\libs\aws-sdk-cpp\src\aws-cpp-sdk-core\source\endpoint\internal\AWSEndpointAttribute.cpp">
      <Filter>Source Files\endpoint\internal</Filter>
    </ClInclude>
    <ClInclude Include="D:\Users\nautilus\Desktop\nautilus_acquisition\libs\aws-sdk-cpp\src\aws-cpp-sdk-core\source\external\tinyxml2\tinyxml2.cpp">
      <Filter>Source Files\external\tinyxml2</Filter>
    </ClInclude>
    <ClInclude Include="D:\Users\nautilus\Desktop\nautilus_acquisition\libs\aws-sdk-cpp\src\aws-cpp-sdk-core\source\http\standard\StandardHttpRequest.cpp">
      <Filter>Source Files\http\standard</Filter>
    </ClInclude>
    <ClInclude Include="D:\Users\nautilus\Desktop\nautilus_acquisition\libs\aws-sdk-cpp\src\aws-cpp-sdk-core\source\http\standard\StandardHttpResponse.cpp">
      <Filter>Source Files\http\standard</Filter>
    </ClInclude>
    <ClInclude Include="D:\Users\nautilus\Desktop\nautilus_acquisition\libs\aws-sdk-cpp\src\aws-cpp-sdk-core\source\smithy\tracing\TracingUtils.cpp">
      <Filter>Source Files\smithy\tracing</Filter>
    </ClInclude>
    <ClInclude Include="D:\Users\nautilus\Desktop\nautilus_acquisition\libs\aws-sdk-cpp\src\aws-cpp-sdk-core\source\utils\base64\Base64.cpp">
      <Filter>Source Files\utils\base64</Filter>
    </ClInclude>
    <ClInclude Include="D:\Users\nautilus\Desktop\nautilus_acquisition\libs\aws-sdk-cpp\src\aws-cpp-sdk-core\source\utils\component-registry\ComponentRegistry.cpp">
      <Filter>Source Files\utils\component-registry</Filter>
    </ClInclude>
    <ClInclude Include="D:\Users\nautilus\Desktop\nautilus_acquisition\libs\aws-sdk-cpp\src\aws-cpp-sdk-core\source\utils\logging\AWSLogging.cpp">
      <Filter>Source Files\utils\logging</Filter>
    </ClInclude>
    <ClInclude Include="D:\Users\nautilus\Desktop\nautilus_acquisition\libs\aws-sdk-cpp\src\aws-cpp-sdk-core\source\utils\logging\CRTLogging.cpp">
      <Filter>Source Files\utils\logging</Filter>
    </ClInclude>
    <ClInclude Include="D:\Users\nautilus\Desktop\nautilus_acquisition\libs\aws-sdk-cpp\src\aws-cpp-sdk-core\source\utils\logging\ConsoleLogSystem.cpp">
      <Filter>Source Files\utils\logging</Filter>
    </ClInclude>
    <ClInclude Include="D:\Users\nautilus\Desktop\nautilus_acquisition\libs\aws-sdk-cpp\src\aws-cpp-sdk-core\source\utils\logging\DefaultCRTLogSystem.cpp">
      <Filter>Source Files\utils\logging</Filter>
    </ClInclude>
    <ClInclude Include="D:\Users\nautilus\Desktop\nautilus_acquisition\libs\aws-sdk-cpp\src\aws-cpp-sdk-core\source\utils\logging\DefaultLogSystem.cpp">
      <Filter>Source Files\utils\logging</Filter>
    </ClInclude>
    <ClInclude Include="D:\Users\nautilus\Desktop\nautilus_acquisition\libs\aws-sdk-cpp\src\aws-cpp-sdk-core\source\utils\logging\FormattedLogSystem.cpp">
      <Filter>Source Files\utils\logging</Filter>
    </ClInclude>
    <ClInclude Include="D:\Users\nautilus\Desktop\nautilus_acquisition\libs\aws-sdk-cpp\src\aws-cpp-sdk-core\source\utils\logging\LogLevel.cpp">
      <Filter>Source Files\utils\logging</Filter>
    </ClInclude>
    <ClInclude Include="D:\Users\nautilus\Desktop\nautilus_acquisition\libs\aws-sdk-cpp\src\aws-cpp-sdk-core\source\utils\memory\AWSMemory.cpp">
      <Filter>Source Files\utils\memory</Filter>
    </ClInclude>
    <ClInclude Include="D:\Users\nautilus\Desktop\nautilus_acquisition\libs\aws-sdk-cpp\src\aws-cpp-sdk-core\source\utils\memory\stl\SimpleStringStream.cpp">
      <Filter>Source Files\utils\memory\stl</Filter>
    </ClInclude>
    <ClInclude Include="D:\Users\nautilus\Desktop\nautilus_acquisition\libs\aws-sdk-cpp\src\aws-cpp-sdk-core\source\utils\stream\ConcurrentStreamBuf.cpp">
      <Filter>Source Files\utils\stream</Filter>
    </ClInclude>
    <ClInclude Include="D:\Users\nautilus\Desktop\nautilus_acquisition\libs\aws-sdk-cpp\src\aws-cpp-sdk-core\source\utils\stream\PreallocatedStreamBuf.cpp">
      <Filter>Source Files\utils\stream</Filter>
    </ClInclude>
    <ClInclude Include="D:\Users\nautilus\Desktop\nautilus_acquisition\libs\aws-sdk-cpp\src\aws-cpp-sdk-core\source\utils\stream\ResponseStream.cpp">
      <Filter>Source Files\utils\stream</Filter>
    </ClInclude>
    <ClInclude Include="D:\Users\nautilus\Desktop\nautilus_acquisition\libs\aws-sdk-cpp\src\aws-cpp-sdk-core\source\utils\stream\SimpleStreamBuf.cpp">
      <Filter>Source Files\utils\stream</Filter>
    </ClInclude>
    <ClInclude Include="D:\Users\nautilus\Desktop\nautilus_acquisition\libs\aws-sdk-cpp\src\aws-cpp-sdk-core\source\utils\threading\DefaultExecutor.cpp">
      <Filter>Source Files\utils\threading</Filter>
    </ClInclude>
    <ClInclude Include="D:\Users\nautilus\Desktop\nautilus_acquisition\libs\aws-sdk-cpp\src\aws-cpp-sdk-core\source\utils\threading\PooledThreadExecutor.cpp">
      <Filter>Source Files\utils\threading</Filter>
    </ClInclude>
    <ClInclude Include="D:\Users\nautilus\Desktop\nautilus_acquisition\libs\aws-sdk-cpp\src\aws-cpp-sdk-core\source\utils\threading\ReaderWriterLock.cpp">
      <Filter>Source Files\utils\threading</Filter>
    </ClInclude>
    <ClInclude Include="D:\Users\nautilus\Desktop\nautilus_acquisition\libs\aws-sdk-cpp\src\aws-cpp-sdk-core\source\utils\threading\Semaphore.cpp">
      <Filter>Source Files\utils\threading</Filter>
    </ClInclude>
    <ClInclude Include="D:\Users\nautilus\Desktop\nautilus_acquisition\libs\aws-sdk-cpp\src\aws-cpp-sdk-core\source\utils\threading\ThreadTask.cpp">
      <Filter>Source Files\utils\threading</Filter>
    </ClInclude>
    <ClInclude Include="D:\Users\nautilus\Desktop\nautilus_acquisition\libs\aws-sdk-cpp\src\aws-cpp-sdk-core\source\utils\xml\XmlSerializer.cpp">
      <Filter>Source Files\utils\xml</Filter>
    </ClInclude>
  </ItemGroup>
  <ItemGroup>
    <CustomBuild Include="D:\Users\nautilus\Desktop\nautilus_acquisition\libs\aws-sdk-cpp\src\aws-cpp-sdk-core\CMakeLists.txt" />
  </ItemGroup>
  <ItemGroup>
    <Filter Include="Header Files">
      <UniqueIdentifier>{C03D2B00-5445-369B-A158-3E15FAE15534}</UniqueIdentifier>
    </Filter>
    <Filter Include="Header Files\aws">
      <UniqueIdentifier>{1C475BDD-5284-3540-87FC-55B34784378E}</UniqueIdentifier>
    </Filter>
    <Filter Include="Header Files\aws\core">
      <UniqueIdentifier>{7C2C1C5C-1467-304C-AFD1-216343574C97}</UniqueIdentifier>
    </Filter>
    <Filter Include="Header Files\aws\core\auth">
      <UniqueIdentifier>{2AD5BA01-0478-3943-9A1A-C3AE7A3F690E}</UniqueIdentifier>
    </Filter>
    <Filter Include="Header Files\aws\core\auth\bearer-token-provider">
      <UniqueIdentifier>{E3BED892-DC09-3B6B-821A-E3BB0E975B69}</UniqueIdentifier>
    </Filter>
    <Filter Include="Header Files\aws\core\auth\signer">
      <UniqueIdentifier>{50247C20-E67E-3475-8B2E-277364A317C4}</UniqueIdentifier>
    </Filter>
    <Filter Include="Header Files\aws\core\auth\signer-provider">
      <UniqueIdentifier>{1C5E2B5E-1625-3E4C-BE4B-BAF7A40DDDB6}</UniqueIdentifier>
    </Filter>
    <Filter Include="Header Files\aws\core\client">
      <UniqueIdentifier>{01CEDB9C-50E6-32C0-A307-FD6D3153F204}</UniqueIdentifier>
    </Filter>
    <Filter Include="Header Files\aws\core\config">
      <UniqueIdentifier>{DE1DA63D-F424-3FCB-8BE9-2DD9195008D5}</UniqueIdentifier>
    </Filter>
    <Filter Include="Header Files\aws\core\config\defaults">
      <UniqueIdentifier>{D570E41F-6E86-3A29-846A-371C4983D11C}</UniqueIdentifier>
    </Filter>
    <Filter Include="Header Files\aws\core\endpoint">
      <UniqueIdentifier>{126D5728-968C-38A1-8164-7E084770564A}</UniqueIdentifier>
    </Filter>
    <Filter Include="Header Files\aws\core\endpoint\internal">
      <UniqueIdentifier>{181AEA1A-9D5E-3589-9B91-5DBC11A61F82}</UniqueIdentifier>
    </Filter>
    <Filter Include="Header Files\aws\core\external">
      <UniqueIdentifier>{D3A46AAE-A990-3E15-8234-A1415A6BA914}</UniqueIdentifier>
    </Filter>
    <Filter Include="Header Files\aws\core\external\cjson">
      <UniqueIdentifier>{C1991EA7-B160-34DC-86A1-92B6635C60F0}</UniqueIdentifier>
    </Filter>
    <Filter Include="Header Files\aws\core\external\tinyxml2">
      <UniqueIdentifier>{F61C359A-76D9-3DF6-999A-5529F13D97BE}</UniqueIdentifier>
    </Filter>
    <Filter Include="Header Files\aws\core\http">
      <UniqueIdentifier>{81F419D7-3F8B-3A8E-BA84-277522D13F0E}</UniqueIdentifier>
    </Filter>
    <Filter Include="Header Files\aws\core\http\standard">
      <UniqueIdentifier>{DB35699C-5DEC-3083-B87B-241A9E62EE35}</UniqueIdentifier>
    </Filter>
    <Filter Include="Header Files\aws\core\http\windows">
      <UniqueIdentifier>{7BE3344D-12FE-3FCB-B89B-8B0FA9DE2A5D}</UniqueIdentifier>
    </Filter>
    <Filter Include="Header Files\aws\core\internal">
      <UniqueIdentifier>{FD57B8B5-8CEC-3164-9ADB-6993511E3FA2}</UniqueIdentifier>
    </Filter>
    <Filter Include="Header Files\aws\core\monitoring">
      <UniqueIdentifier>{B213CCCC-C0A7-3E07-BA2E-29AE62C2FCE6}</UniqueIdentifier>
    </Filter>
    <Filter Include="Header Files\aws\core\net">
      <UniqueIdentifier>{93215EAA-5979-389A-BF81-956014C63675}</UniqueIdentifier>
    </Filter>
    <Filter Include="Header Files\aws\core\platform">
      <UniqueIdentifier>{750CE45E-9428-3565-BBC1-5E9D36276853}</UniqueIdentifier>
    </Filter>
    <Filter Include="Header Files\aws\core\utils">
      <UniqueIdentifier>{F5FE49B1-9547-3CD8-BA37-495BD532434E}</UniqueIdentifier>
    </Filter>
    <Filter Include="Header Files\aws\core\utils\base64">
      <UniqueIdentifier>{3DD99148-8366-3BD0-9C10-EACD5314EEA6}</UniqueIdentifier>
    </Filter>
    <Filter Include="Header Files\aws\core\utils\component-registry">
      <UniqueIdentifier>{C4FD96B5-F351-304D-BE72-29C16FFF025B}</UniqueIdentifier>
    </Filter>
    <Filter Include="Header Files\aws\core\utils\crypto">
      <UniqueIdentifier>{17319C30-6371-3755-A884-69020C641939}</UniqueIdentifier>
    </Filter>
    <Filter Include="Header Files\aws\core\utils\crypto\bcrypt">
      <UniqueIdentifier>{19E2AD81-3711-361C-915E-134A693296BC}</UniqueIdentifier>
    </Filter>
    <Filter Include="Header Files\aws\core\utils\event">
      <UniqueIdentifier>{8DE9161D-AF7A-3327-8DD9-419054EA1361}</UniqueIdentifier>
    </Filter>
    <Filter Include="Header Files\aws\core\utils\json">
      <UniqueIdentifier>{065C5C24-681D-3652-B54B-133EBF9831B1}</UniqueIdentifier>
    </Filter>
    <Filter Include="Header Files\aws\core\utils\logging">
      <UniqueIdentifier>{B24FFC0A-ADB8-310C-95AA-8518F3A27CCF}</UniqueIdentifier>
    </Filter>
    <Filter Include="Header Files\aws\core\utils\memory">
      <UniqueIdentifier>{BCF66EB3-312F-3C6C-8174-8E89CD20C733}</UniqueIdentifier>
    </Filter>
    <Filter Include="Header Files\aws\core\utils\memory\stl">
      <UniqueIdentifier>{609C518B-4274-304D-B0B9-65AC96B031E7}</UniqueIdentifier>
    </Filter>
    <Filter Include="Header Files\aws\core\utils\ratelimiter">
      <UniqueIdentifier>{A9FE9D6C-A030-33C9-BC5B-D9B959023714}</UniqueIdentifier>
    </Filter>
    <Filter Include="Header Files\aws\core\utils\stream">
      <UniqueIdentifier>{C0110CE7-FF16-3353-A4DC-C086DD6C92AB}</UniqueIdentifier>
    </Filter>
    <Filter Include="Header Files\aws\core\utils\threading">
      <UniqueIdentifier>{325404DF-0326-354A-9BA9-2300ED397D83}</UniqueIdentifier>
    </Filter>
    <Filter Include="Header Files\aws\core\utils\xml">
      <UniqueIdentifier>{5D708EA6-9538-3FFE-9DB7-A76424517867}</UniqueIdentifier>
    </Filter>
    <Filter Include="Header Files\smithy">
      <UniqueIdentifier>{3E279777-726E-377B-8FD5-1B2817D9185C}</UniqueIdentifier>
    </Filter>
    <Filter Include="Header Files\smithy\tracing">
      <UniqueIdentifier>{974801C9-FFCF-3929-89E1-46AF7B018C85}</UniqueIdentifier>
    </Filter>
    <Filter Include="Source Files">
      <UniqueIdentifier>{3783A77A-0233-3595-8542-CE1639D37EE7}</UniqueIdentifier>
    </Filter>
    <Filter Include="Source Files\auth">
      <UniqueIdentifier>{DAF11651-F644-3924-962D-67D7D994566B}</UniqueIdentifier>
    </Filter>
    <Filter Include="Source Files\auth\bearer-token-provider">
      <UniqueIdentifier>{A633E979-3492-37F2-944D-0B3843BD5A57}</UniqueIdentifier>
    </Filter>
    <Filter Include="Source Files\auth\signer">
      <UniqueIdentifier>{50E79FF8-5E92-3A30-8D63-EF9FF0A25C76}</UniqueIdentifier>
    </Filter>
    <Filter Include="Source Files\auth\signer-provider">
      <UniqueIdentifier>{FDA8FD89-344A-3022-9F3E-C06070B551A9}</UniqueIdentifier>
    </Filter>
    <Filter Include="Source Files\client">
      <UniqueIdentifier>{CD3D63AD-977B-3F51-B606-42B14672A7E4}</UniqueIdentifier>
    </Filter>
    <Filter Include="Source Files\config">
      <UniqueIdentifier>{A26F4EC9-CF6D-38C3-ABC9-0955445269AE}</UniqueIdentifier>
    </Filter>
    <Filter Include="Source Files\config\defaults">
      <UniqueIdentifier>{9FBD28C5-C0CC-337C-A645-A8485DE25A78}</UniqueIdentifier>
    </Filter>
    <Filter Include="Source Files\endpoint">
      <UniqueIdentifier>{97986F3E-9CA7-3B0C-929B-5D5BAA69E7E5}</UniqueIdentifier>
    </Filter>
    <Filter Include="Source Files\endpoint\internal">
      <UniqueIdentifier>{24EA645E-5BEC-375B-BEE9-0242A2D80AD4}</UniqueIdentifier>
    </Filter>
    <Filter Include="Source Files\external">
      <UniqueIdentifier>{D4DC9A13-D9F3-3F79-9EA8-B0CE5481690A}</UniqueIdentifier>
    </Filter>
    <Filter Include="Source Files\external\cjson">
      <UniqueIdentifier>{56A525DA-D220-3AD2-B447-74CAFA1C9C06}</UniqueIdentifier>
    </Filter>
    <Filter Include="Source Files\external\tinyxml2">
      <UniqueIdentifier>{EAA4091A-413F-30C9-A0EF-647DADCE5E50}</UniqueIdentifier>
    </Filter>
    <Filter Include="Source Files\http">
      <UniqueIdentifier>{28FE63F5-6172-3CC0-89E0-265BA0F20633}</UniqueIdentifier>
    </Filter>
    <Filter Include="Source Files\http\standard">
      <UniqueIdentifier>{B38A016C-1340-34D6-BE56-9CFA8A06EA9E}</UniqueIdentifier>
    </Filter>
    <Filter Include="Source Files\http\windows">
      <UniqueIdentifier>{76217E15-B833-3FA3-A3E5-04DA0626A9B5}</UniqueIdentifier>
    </Filter>
    <Filter Include="Source Files\internal">
      <UniqueIdentifier>{24E07045-4109-38DB-9DB7-7A5F38E80796}</UniqueIdentifier>
    </Filter>
    <Filter Include="Source Files\monitoring">
      <UniqueIdentifier>{62CECB5E-38D5-394D-B8A7-EC25754E7921}</UniqueIdentifier>
    </Filter>
    <Filter Include="Source Files\net">
      <UniqueIdentifier>{C68820EC-F4BD-3231-8301-975A4A84DDC9}</UniqueIdentifier>
    </Filter>
    <Filter Include="Source Files\net\windows">
      <UniqueIdentifier>{02B6A4BD-85F7-37E2-A836-40B9C5946D45}</UniqueIdentifier>
    </Filter>
    <Filter Include="Source Files\platform">
      <UniqueIdentifier>{4B249174-8D42-363A-A19D-45F5619F2BA1}</UniqueIdentifier>
    </Filter>
    <Filter Include="Source Files\platform\windows">
      <UniqueIdentifier>{58672564-F28E-3865-9E01-711E0BBE2200}</UniqueIdentifier>
    </Filter>
    <Filter Include="Source Files\smithy">
      <UniqueIdentifier>{A976A772-17A5-36E7-B85E-C1A0DDA9DA8A}</UniqueIdentifier>
    </Filter>
    <Filter Include="Source Files\smithy\tracing">
      <UniqueIdentifier>{B944AE06-501F-3C9B-ACAC-91F7B306D79C}</UniqueIdentifier>
    </Filter>
    <Filter Include="Source Files\utils">
      <UniqueIdentifier>{6A99B8B1-3D43-3DEA-A031-368E72447CE8}</UniqueIdentifier>
    </Filter>
    <Filter Include="Source Files\utils\base64">
      <UniqueIdentifier>{4458E358-782D-332E-8D32-208D167CC664}</UniqueIdentifier>
    </Filter>
    <Filter Include="Source Files\utils\component-registry">
      <UniqueIdentifier>{6115AAA1-86B6-364A-B099-73F97C69F974}</UniqueIdentifier>
    </Filter>
    <Filter Include="Source Files\utils\crypto">
      <UniqueIdentifier>{293C4B69-CC0A-3691-BA26-D47F19926DC9}</UniqueIdentifier>
    </Filter>
    <Filter Include="Source Files\utils\crypto\bcrypt">
      <UniqueIdentifier>{83AA6D95-A563-32F7-98E3-67EDB6670635}</UniqueIdentifier>
    </Filter>
    <Filter Include="Source Files\utils\crypto\factory">
      <UniqueIdentifier>{1509BA2D-05B0-3CA1-B152-55065A4DF11B}</UniqueIdentifier>
    </Filter>
    <Filter Include="Source Files\utils\event">
      <UniqueIdentifier>{8723D6C4-1B2A-3CE9-9E7A-42CC5F70C6C6}</UniqueIdentifier>
    </Filter>
    <Filter Include="Source Files\utils\json">
      <UniqueIdentifier>{EA9D1F8D-6011-3441-8A2A-2499702CF027}</UniqueIdentifier>
    </Filter>
    <Filter Include="Source Files\utils\logging">
      <UniqueIdentifier>{3D94F547-C196-3F11-92C3-7541D064CC1C}</UniqueIdentifier>
    </Filter>
    <Filter Include="Source Files\utils\memory">
      <UniqueIdentifier>{B3076B93-C001-3AD6-AB61-4407F32D0AF3}</UniqueIdentifier>
    </Filter>
    <Filter Include="Source Files\utils\memory\stl">
      <UniqueIdentifier>{7A8E9E61-E675-3CA2-8909-7EBA1D825CAD}</UniqueIdentifier>
    </Filter>
    <Filter Include="Source Files\utils\stream">
      <UniqueIdentifier>{E2704511-19B4-3CA7-8872-08F02D2A7DA7}</UniqueIdentifier>
    </Filter>
    <Filter Include="Source Files\utils\threading">
      <UniqueIdentifier>{43C87C2B-7224-3B52-B292-22B06E579948}</UniqueIdentifier>
    </Filter>
    <Filter Include="Source Files\utils\xml">
      <UniqueIdentifier>{C3AD716E-EC62-3F61-A419-0D5E4FBD36A2}</UniqueIdentifier>
    </Filter>
  </ItemGroup>
</Project>
