<?xml version="1.0" encoding="utf-8"?>
<Project ToolsVersion="17.0" xmlns="http://schemas.microsoft.com/developer/msbuild/2003">
  <ItemGroup>
    <ClCompile Include="D:\Users\nautilus\Desktop\nautilus_acquisition\libs\aws_sdk\aws-sdk-cpp\src\aws-cpp-sdk-core\source\AmazonSerializableWebServiceRequest.cpp">
      <Filter>Source Files</Filter>
    </ClCompile>
    <ClCompile Include="D:\Users\nautilus\Desktop\nautilus_acquisition\libs\aws_sdk\aws-sdk-cpp\src\aws-cpp-sdk-core\source\AmazonStreamingWebServiceRequest.cpp">
      <Filter>Source Files</Filter>
    </ClCompile>
    <ClCompile Include="D:\Users\nautilus\Desktop\nautilus_acquisition\libs\aws_sdk\aws-sdk-cpp\src\aws-cpp-sdk-core\source\AmazonWebServiceRequest.cpp">
      <Filter>Source Files</Filter>
    </ClCompile>
    <ClCompile Include="D:\Users\nautilus\Desktop\nautilus_acquisition\libs\aws_sdk\aws-sdk-cpp\src\aws-cpp-sdk-core\source\Aws.cpp">
      <Filter>Source Files</Filter>
    </ClCompile>
    <ClCompile Include="D:\Users\nautilus\Desktop\nautilus_acquisition\libs\aws_sdk\aws-sdk-cpp\src\aws-cpp-sdk-core\source\Globals.cpp">
      <Filter>Source Files</Filter>
    </ClCompile>
    <ClCompile Include="D:\Users\nautilus\Desktop\nautilus_acquisition\libs\aws_sdk\aws-sdk-cpp\src\aws-cpp-sdk-core\source\Region.cpp">
      <Filter>Source Files</Filter>
    </ClCompile>
    <ClCompile Include="D:\Users\nautilus\Desktop\nautilus_acquisition\libs\aws_sdk\aws-sdk-cpp\src\aws-cpp-sdk-core\source\Version.cpp">
      <Filter>Source Files</Filter>
    </ClCompile>
    <ClCompile Include="D:\Users\nautilus\Desktop\nautilus_acquisition\libs\aws_sdk\aws-sdk-cpp\src\aws-cpp-sdk-core\source\external\cjson\cJSON.cpp">
      <Filter>Source Files\external\cjson</Filter>
    </ClCompile>
    <ClCompile Include="D:\Users\nautilus\Desktop\nautilus_acquisition\libs\aws_sdk\aws-sdk-cpp\src\aws-cpp-sdk-core\source\http\HttpClient.cpp">
      <Filter>Source Files\http</Filter>
    </ClCompile>
    <ClCompile Include="D:\Users\nautilus\Desktop\nautilus_acquisition\libs\aws_sdk\aws-sdk-cpp\src\aws-cpp-sdk-core\source\http\HttpClientFactory.cpp">
      <Filter>Source Files\http</Filter>
    </ClCompile>
    <ClCompile Include="D:\Users\nautilus\Desktop\nautilus_acquisition\libs\aws_sdk\aws-sdk-cpp\src\aws-cpp-sdk-core\source\http\HttpRequest.cpp">
      <Filter>Source Files\http</Filter>
    </ClCompile>
    <ClCompile Include="D:\Users\nautilus\Desktop\nautilus_acquisition\libs\aws_sdk\aws-sdk-cpp\src\aws-cpp-sdk-core\source\http\HttpResponse.cpp">
      <Filter>Source Files\http</Filter>
    </ClCompile>
    <ClCompile Include="D:\Users\nautilus\Desktop\nautilus_acquisition\libs\aws_sdk\aws-sdk-cpp\src\aws-cpp-sdk-core\source\http\HttpTypes.cpp">
      <Filter>Source Files\http</Filter>
    </ClCompile>
    <ClCompile Include="D:\Users\nautilus\Desktop\nautilus_acquisition\libs\aws_sdk\aws-sdk-cpp\src\aws-cpp-sdk-core\source\http\Scheme.cpp">
      <Filter>Source Files\http</Filter>
    </ClCompile>
    <ClCompile Include="D:\Users\nautilus\Desktop\nautilus_acquisition\libs\aws_sdk\aws-sdk-cpp\src\aws-cpp-sdk-core\source\http\URI.cpp">
      <Filter>Source Files\http</Filter>
    </ClCompile>
    <ClCompile Include="D:\Users\nautilus\Desktop\nautilus_acquisition\libs\aws_sdk\aws-sdk-cpp\src\aws-cpp-sdk-core\source\http\windows\WinConnectionPoolMgr.cpp">
      <Filter>Source Files\http\windows</Filter>
    </ClCompile>
    <ClCompile Include="D:\Users\nautilus\Desktop\nautilus_acquisition\libs\aws_sdk\aws-sdk-cpp\src\aws-cpp-sdk-core\source\http\windows\WinHttpConnectionPoolMgr.cpp">
      <Filter>Source Files\http\windows</Filter>
    </ClCompile>
    <ClCompile Include="D:\Users\nautilus\Desktop\nautilus_acquisition\libs\aws_sdk\aws-sdk-cpp\src\aws-cpp-sdk-core\source\http\windows\WinHttpSyncHttpClient.cpp">
      <Filter>Source Files\http\windows</Filter>
    </ClCompile>
    <ClCompile Include="D:\Users\nautilus\Desktop\nautilus_acquisition\libs\aws_sdk\aws-sdk-cpp\src\aws-cpp-sdk-core\source\http\windows\WinINetConnectionPoolMgr.cpp">
      <Filter>Source Files\http\windows</Filter>
    </ClCompile>
    <ClCompile Include="D:\Users\nautilus\Desktop\nautilus_acquisition\libs\aws_sdk\aws-sdk-cpp\src\aws-cpp-sdk-core\source\http\windows\WinINetSyncHttpClient.cpp">
      <Filter>Source Files\http\windows</Filter>
    </ClCompile>
    <ClCompile Include="D:\Users\nautilus\Desktop\nautilus_acquisition\libs\aws_sdk\aws-sdk-cpp\src\aws-cpp-sdk-core\source\http\windows\WinSyncHttpClient.cpp">
      <Filter>Source Files\http\windows</Filter>
    </ClCompile>
    <ClCompile Include="D:\Users\nautilus\Desktop\nautilus_acquisition\libs\aws_sdk\aws-sdk-cpp\src\aws-cpp-sdk-core\source\internal\AWSHttpResourceClient.cpp">
      <Filter>Source Files\internal</Filter>
    </ClCompile>
    <ClCompile Include="D:\Users\nautilus\Desktop\nautilus_acquisition\libs\aws_sdk\aws-sdk-cpp\src\aws-cpp-sdk-core\source\monitoring\DefaultMonitoring.cpp">
      <Filter>Source Files\monitoring</Filter>
    </ClCompile>
    <ClCompile Include="D:\Users\nautilus\Desktop\nautilus_acquisition\libs\aws_sdk\aws-sdk-cpp\src\aws-cpp-sdk-core\source\monitoring\HttpClientMetrics.cpp">
      <Filter>Source Files\monitoring</Filter>
    </ClCompile>
    <ClCompile Include="D:\Users\nautilus\Desktop\nautilus_acquisition\libs\aws_sdk\aws-sdk-cpp\src\aws-cpp-sdk-core\source\monitoring\MonitoringManager.cpp">
      <Filter>Source Files\monitoring</Filter>
    </ClCompile>
    <ClCompile Include="D:\Users\nautilus\Desktop\nautilus_acquisition\libs\aws_sdk\aws-sdk-cpp\src\aws-cpp-sdk-core\source\net\windows\Net.cpp">
      <Filter>Source Files\net\windows</Filter>
    </ClCompile>
    <ClCompile Include="D:\Users\nautilus\Desktop\nautilus_acquisition\libs\aws_sdk\aws-sdk-cpp\src\aws-cpp-sdk-core\source\net\windows\SimpleUDP.cpp">
      <Filter>Source Files\net\windows</Filter>
    </ClCompile>
    <ClCompile Include="D:\Users\nautilus\Desktop\nautilus_acquisition\libs\aws_sdk\aws-sdk-cpp\src\aws-cpp-sdk-core\source\platform\windows\Environment.cpp">
      <Filter>Source Files\platform\windows</Filter>
    </ClCompile>
    <ClCompile Include="D:\Users\nautilus\Desktop\nautilus_acquisition\libs\aws_sdk\aws-sdk-cpp\src\aws-cpp-sdk-core\source\platform\windows\FileSystem.cpp">
      <Filter>Source Files\platform\windows</Filter>
    </ClCompile>
    <ClCompile Include="D:\Users\nautilus\Desktop\nautilus_acquisition\libs\aws_sdk\aws-sdk-cpp\src\aws-cpp-sdk-core\source\platform\windows\OSVersionInfo.cpp">
      <Filter>Source Files\platform\windows</Filter>
    </ClCompile>
    <ClCompile Include="D:\Users\nautilus\Desktop\nautilus_acquisition\libs\aws_sdk\aws-sdk-cpp\src\aws-cpp-sdk-core\source\platform\windows\Security.cpp">
      <Filter>Source Files\platform\windows</Filter>
    </ClCompile>
    <ClCompile Include="D:\Users\nautilus\Desktop\nautilus_acquisition\libs\aws_sdk\aws-sdk-cpp\src\aws-cpp-sdk-core\source\platform\windows\Time.cpp">
      <Filter>Source Files\platform\windows</Filter>
    </ClCompile>
    <ClCompile Include="D:\Users\nautilus\Desktop\nautilus_acquisition\libs\aws_sdk\aws-sdk-cpp\src\aws-cpp-sdk-core\source\utils\ARN.cpp">
      <Filter>Source Files\utils</Filter>
    </ClCompile>
    <ClCompile Include="D:\Users\nautilus\Desktop\nautilus_acquisition\libs\aws_sdk\aws-sdk-cpp\src\aws-cpp-sdk-core\source\utils\Array.cpp">
      <Filter>Source Files\utils</Filter>
    </ClCompile>
    <ClCompile Include="D:\Users\nautilus\Desktop\nautilus_acquisition\libs\aws_sdk\aws-sdk-cpp\src\aws-cpp-sdk-core\source\utils\DNS.cpp">
      <Filter>Source Files\utils</Filter>
    </ClCompile>
    <ClCompile Include="D:\Users\nautilus\Desktop\nautilus_acquisition\libs\aws_sdk\aws-sdk-cpp\src\aws-cpp-sdk-core\source\utils\DateTimeCommon.cpp">
      <Filter>Source Files\utils</Filter>
    </ClCompile>
    <ClCompile Include="D:\Users\nautilus\Desktop\nautilus_acquisition\libs\aws_sdk\aws-sdk-cpp\src\aws-cpp-sdk-core\source\utils\Directory.cpp">
      <Filter>Source Files\utils</Filter>
    </ClCompile>
    <ClCompile Include="D:\Users\nautilus\Desktop\nautilus_acquisition\libs\aws_sdk\aws-sdk-cpp\src\aws-cpp-sdk-core\source\utils\Document.cpp">
      <Filter>Source Files\utils</Filter>
    </ClCompile>
    <ClCompile Include="D:\Users\nautilus\Desktop\nautilus_acquisition\libs\aws_sdk\aws-sdk-cpp\src\aws-cpp-sdk-core\source\utils\EnumParseOverflowContainer.cpp">
      <Filter>Source Files\utils</Filter>
    </ClCompile>
    <ClCompile Include="D:\Users\nautilus\Desktop\nautilus_acquisition\libs\aws_sdk\aws-sdk-cpp\src\aws-cpp-sdk-core\source\utils\FileSystemUtils.cpp">
      <Filter>Source Files\utils</Filter>
    </ClCompile>
    <ClCompile Include="D:\Users\nautilus\Desktop\nautilus_acquisition\libs\aws_sdk\aws-sdk-cpp\src\aws-cpp-sdk-core\source\utils\GetTheLights.cpp">
      <Filter>Source Files\utils</Filter>
    </ClCompile>
    <ClCompile Include="D:\Users\nautilus\Desktop\nautilus_acquisition\libs\aws_sdk\aws-sdk-cpp\src\aws-cpp-sdk-core\source\utils\HashingUtils.cpp">
      <Filter>Source Files\utils</Filter>
    </ClCompile>
    <ClCompile Include="D:\Users\nautilus\Desktop\nautilus_acquisition\libs\aws_sdk\aws-sdk-cpp\src\aws-cpp-sdk-core\source\utils\RAIICounter.cpp">
      <Filter>Source Files\utils</Filter>
    </ClCompile>
    <ClCompile Include="D:\Users\nautilus\Desktop\nautilus_acquisition\libs\aws_sdk\aws-sdk-cpp\src\aws-cpp-sdk-core\source\utils\StringUtils.cpp">
      <Filter>Source Files\utils</Filter>
    </ClCompile>
    <ClCompile Include="D:\Users\nautilus\Desktop\nautilus_acquisition\libs\aws_sdk\aws-sdk-cpp\src\aws-cpp-sdk-core\source\utils\TempFile.cpp">
      <Filter>Source Files\utils</Filter>
    </ClCompile>
    <ClCompile Include="D:\Users\nautilus\Desktop\nautilus_acquisition\libs\aws_sdk\aws-sdk-cpp\src\aws-cpp-sdk-core\source\utils\UUID.cpp">
      <Filter>Source Files\utils</Filter>
    </ClCompile>
    <ClCompile Include="D:\Users\nautilus\Desktop\nautilus_acquisition\libs\aws_sdk\aws-sdk-cpp\src\aws-cpp-sdk-core\source\utils\crypto\CRC32.cpp">
      <Filter>Source Files\utils\crypto</Filter>
    </ClCompile>
    <ClCompile Include="D:\Users\nautilus\Desktop\nautilus_acquisition\libs\aws_sdk\aws-sdk-cpp\src\aws-cpp-sdk-core\source\utils\crypto\Cipher.cpp">
      <Filter>Source Files\utils\crypto</Filter>
    </ClCompile>
    <ClCompile Include="D:\Users\nautilus\Desktop\nautilus_acquisition\libs\aws_sdk\aws-sdk-cpp\src\aws-cpp-sdk-core\source\utils\crypto\ContentCryptoMaterial.cpp">
      <Filter>Source Files\utils\crypto</Filter>
    </ClCompile>
    <ClCompile Include="D:\Users\nautilus\Desktop\nautilus_acquisition\libs\aws_sdk\aws-sdk-cpp\src\aws-cpp-sdk-core\source\utils\crypto\ContentCryptoScheme.cpp">
      <Filter>Source Files\utils\crypto</Filter>
    </ClCompile>
    <ClCompile Include="D:\Users\nautilus\Desktop\nautilus_acquisition\libs\aws_sdk\aws-sdk-cpp\src\aws-cpp-sdk-core\source\utils\crypto\CryptoBuf.cpp">
      <Filter>Source Files\utils\crypto</Filter>
    </ClCompile>
    <ClCompile Include="D:\Users\nautilus\Desktop\nautilus_acquisition\libs\aws_sdk\aws-sdk-cpp\src\aws-cpp-sdk-core\source\utils\crypto\CryptoStream.cpp">
      <Filter>Source Files\utils\crypto</Filter>
    </ClCompile>
    <ClCompile Include="D:\Users\nautilus\Desktop\nautilus_acquisition\libs\aws_sdk\aws-sdk-cpp\src\aws-cpp-sdk-core\source\utils\crypto\EncryptionMaterials.cpp">
      <Filter>Source Files\utils\crypto</Filter>
    </ClCompile>
    <ClCompile Include="D:\Users\nautilus\Desktop\nautilus_acquisition\libs\aws_sdk\aws-sdk-cpp\src\aws-cpp-sdk-core\source\utils\crypto\KeyWrapAlgorithm.cpp">
      <Filter>Source Files\utils\crypto</Filter>
    </ClCompile>
    <ClCompile Include="D:\Users\nautilus\Desktop\nautilus_acquisition\libs\aws_sdk\aws-sdk-cpp\src\aws-cpp-sdk-core\source\utils\crypto\MD5.cpp">
      <Filter>Source Files\utils\crypto</Filter>
    </ClCompile>
    <ClCompile Include="D:\Users\nautilus\Desktop\nautilus_acquisition\libs\aws_sdk\aws-sdk-cpp\src\aws-cpp-sdk-core\source\utils\crypto\PrecalculatedHash.cpp">
      <Filter>Source Files\utils\crypto</Filter>
    </ClCompile>
    <ClCompile Include="D:\Users\nautilus\Desktop\nautilus_acquisition\libs\aws_sdk\aws-sdk-cpp\src\aws-cpp-sdk-core\source\utils\crypto\Sha1.cpp">
      <Filter>Source Files\utils\crypto</Filter>
    </ClCompile>
    <ClCompile Include="D:\Users\nautilus\Desktop\nautilus_acquisition\libs\aws_sdk\aws-sdk-cpp\src\aws-cpp-sdk-core\source\utils\crypto\Sha256.cpp">
      <Filter>Source Files\utils\crypto</Filter>
    </ClCompile>
    <ClCompile Include="D:\Users\nautilus\Desktop\nautilus_acquisition\libs\aws_sdk\aws-sdk-cpp\src\aws-cpp-sdk-core\source\utils\crypto\Sha256HMAC.cpp">
      <Filter>Source Files\utils\crypto</Filter>
    </ClCompile>
    <ClCompile Include="D:\Users\nautilus\Desktop\nautilus_acquisition\libs\aws_sdk\aws-sdk-cpp\src\aws-cpp-sdk-core\source\utils\crypto\bcrypt\CryptoImpl.cpp">
      <Filter>Source Files\utils\crypto\bcrypt</Filter>
    </ClCompile>
    <ClCompile Include="D:\Users\nautilus\Desktop\nautilus_acquisition\libs\aws_sdk\aws-sdk-cpp\src\aws-cpp-sdk-core\source\utils\crypto\factory\Factories.cpp">
      <Filter>Source Files\utils\crypto\factory</Filter>
    </ClCompile>
    <ClCompile Include="D:\Users\nautilus\Desktop\nautilus_acquisition\libs\aws_sdk\aws-sdk-cpp\src\aws-cpp-sdk-core\source\utils\event\EventDecoderStream.cpp">
      <Filter>Source Files\utils\event</Filter>
    </ClCompile>
    <ClCompile Include="D:\Users\nautilus\Desktop\nautilus_acquisition\libs\aws_sdk\aws-sdk-cpp\src\aws-cpp-sdk-core\source\utils\event\EventEncoderStream.cpp">
      <Filter>Source Files\utils\event</Filter>
    </ClCompile>
    <ClCompile Include="D:\Users\nautilus\Desktop\nautilus_acquisition\libs\aws_sdk\aws-sdk-cpp\src\aws-cpp-sdk-core\source\utils\event\EventHeader.cpp">
      <Filter>Source Files\utils\event</Filter>
    </ClCompile>
    <ClCompile Include="D:\Users\nautilus\Desktop\nautilus_acquisition\libs\aws_sdk\aws-sdk-cpp\src\aws-cpp-sdk-core\source\utils\event\EventMessage.cpp">
      <Filter>Source Files\utils\event</Filter>
    </ClCompile>
    <ClCompile Include="D:\Users\nautilus\Desktop\nautilus_acquisition\libs\aws_sdk\aws-sdk-cpp\src\aws-cpp-sdk-core\source\utils\event\EventStreamBuf.cpp">
      <Filter>Source Files\utils\event</Filter>
    </ClCompile>
    <ClCompile Include="D:\Users\nautilus\Desktop\nautilus_acquisition\libs\aws_sdk\aws-sdk-cpp\src\aws-cpp-sdk-core\source\utils\event\EventStreamDecoder.cpp">
      <Filter>Source Files\utils\event</Filter>
    </ClCompile>
    <ClCompile Include="D:\Users\nautilus\Desktop\nautilus_acquisition\libs\aws_sdk\aws-sdk-cpp\src\aws-cpp-sdk-core\source\utils\event\EventStreamEncoder.cpp">
      <Filter>Source Files\utils\event</Filter>
    </ClCompile>
    <ClCompile Include="D:\Users\nautilus\Desktop\nautilus_acquisition\libs\aws_sdk\aws-sdk-cpp\src\aws-cpp-sdk-core\source\utils\event\EventStreamErrors.cpp">
      <Filter>Source Files\utils\event</Filter>
    </ClCompile>
    <ClCompile Include="D:\Users\nautilus\Desktop\nautilus_acquisition\libs\aws_sdk\aws-sdk-cpp\src\aws-cpp-sdk-core\source\utils\json\JsonSerializer.cpp">
      <Filter>Source Files\utils\json</Filter>
    </ClCompile>
    <ClCompile Include="D:\Users\nautilus\Desktop\nautilus_acquisition\libs\aws_sdk\src\aws-cpp-sdk-core\ub_core.cpp">
      <Filter>Source Files</Filter>
    </ClCompile>
  </ItemGroup>
  <ItemGroup>
    <ClInclude Include="D:\Users\nautilus\Desktop\nautilus_acquisition\libs\aws_sdk\aws-sdk-cpp\src\aws-cpp-sdk-core\include\aws\core\AmazonSerializableWebServiceRequest.h">
      <Filter>Header Files\aws\core</Filter>
    </ClInclude>
    <ClInclude Include="D:\Users\nautilus\Desktop\nautilus_acquisition\libs\aws_sdk\aws-sdk-cpp\src\aws-cpp-sdk-core\include\aws\core\AmazonStreamingWebServiceRequest.h">
      <Filter>Header Files\aws\core</Filter>
    </ClInclude>
    <ClInclude Include="D:\Users\nautilus\Desktop\nautilus_acquisition\libs\aws_sdk\aws-sdk-cpp\src\aws-cpp-sdk-core\include\aws\core\AmazonWebServiceRequest.h">
      <Filter>Header Files\aws\core</Filter>
    </ClInclude>
    <ClInclude Include="D:\Users\nautilus\Desktop\nautilus_acquisition\libs\aws_sdk\aws-sdk-cpp\src\aws-cpp-sdk-core\include\aws\core\AmazonWebServiceResult.h">
      <Filter>Header Files\aws\core</Filter>
    </ClInclude>
    <ClInclude Include="D:\Users\nautilus\Desktop\nautilus_acquisition\libs\aws_sdk\aws-sdk-cpp\src\aws-cpp-sdk-core\include\aws\core\Aws.h">
      <Filter>Header Files\aws\core</Filter>
    </ClInclude>
    <ClInclude Include="D:\Users\nautilus\Desktop\nautilus_acquisition\libs\aws_sdk\aws-sdk-cpp\src\aws-cpp-sdk-core\include\aws\core\Core_EXPORTS.h">
      <Filter>Header Files\aws\core</Filter>
    </ClInclude>
    <ClInclude Include="D:\Users\nautilus\Desktop\nautilus_acquisition\libs\aws_sdk\aws-sdk-cpp\src\aws-cpp-sdk-core\include\aws\core\Globals.h">
      <Filter>Header Files\aws\core</Filter>
    </ClInclude>
    <ClInclude Include="D:\Users\nautilus\Desktop\nautilus_acquisition\libs\aws_sdk\aws-sdk-cpp\src\aws-cpp-sdk-core\include\aws\core\NoResult.h">
      <Filter>Header Files\aws\core</Filter>
    </ClInclude>
    <ClInclude Include="D:\Users\nautilus\Desktop\nautilus_acquisition\libs\aws_sdk\aws-sdk-cpp\src\aws-cpp-sdk-core\include\aws\core\Region.h">
      <Filter>Header Files\aws\core</Filter>
    </ClInclude>
    <ClInclude Include="D:\Users\nautilus\Desktop\nautilus_acquisition\libs\aws_sdk\aws-sdk-cpp\src\aws-cpp-sdk-core\include\aws\core\SDKConfig.h">
      <Filter>Header Files\aws\core</Filter>
    </ClInclude>
    <ClInclude Include="D:\Users\nautilus\Desktop\nautilus_acquisition\libs\aws_sdk\aws-sdk-cpp\src\aws-cpp-sdk-core\include\aws\core\Version.h">
      <Filter>Header Files\aws\core</Filter>
    </ClInclude>
    <ClInclude Include="D:\Users\nautilus\Desktop\nautilus_acquisition\libs\aws_sdk\aws-sdk-cpp\src\aws-cpp-sdk-core\include\aws\core\VersionConfig.h">
      <Filter>Header Files\aws\core</Filter>
    </ClInclude>
    <ClInclude Include="D:\Users\nautilus\Desktop\nautilus_acquisition\libs\aws_sdk\aws-sdk-cpp\src\aws-cpp-sdk-core\include\aws\core\auth\AWSAuthSigner.h">
      <Filter>Header Files\aws\core\auth</Filter>
    </ClInclude>
    <ClInclude Include="D:\Users\nautilus\Desktop\nautilus_acquisition\libs\aws_sdk\aws-sdk-cpp\src\aws-cpp-sdk-core\include\aws\core\auth\AWSAuthSignerProvider.h">
      <Filter>Header Files\aws\core\auth</Filter>
    </ClInclude>
    <ClInclude Include="D:\Users\nautilus\Desktop\nautilus_acquisition\libs\aws_sdk\aws-sdk-cpp\src\aws-cpp-sdk-core\include\aws\core\auth\AWSBearerToken.h">
      <Filter>Header Files\aws\core\auth</Filter>
    </ClInclude>
    <ClInclude Include="D:\Users\nautilus\Desktop\nautilus_acquisition\libs\aws_sdk\aws-sdk-cpp\src\aws-cpp-sdk-core\include\aws\core\auth\AWSCredentials.h">
      <Filter>Header Files\aws\core\auth</Filter>
    </ClInclude>
    <ClInclude Include="D:\Users\nautilus\Desktop\nautilus_acquisition\libs\aws_sdk\aws-sdk-cpp\src\aws-cpp-sdk-core\include\aws\core\auth\AWSCredentialsProvider.h">
      <Filter>Header Files\aws\core\auth</Filter>
    </ClInclude>
    <ClInclude Include="D:\Users\nautilus\Desktop\nautilus_acquisition\libs\aws_sdk\aws-sdk-cpp\src\aws-cpp-sdk-core\include\aws\core\auth\AWSCredentialsProviderChain.h">
      <Filter>Header Files\aws\core\auth</Filter>
    </ClInclude>
    <ClInclude Include="D:\Users\nautilus\Desktop\nautilus_acquisition\libs\aws_sdk\aws-sdk-cpp\src\aws-cpp-sdk-core\include\aws\core\auth\GeneralHTTPCredentialsProvider.h">
      <Filter>Header Files\aws\core\auth</Filter>
    </ClInclude>
    <ClInclude Include="D:\Users\nautilus\Desktop\nautilus_acquisition\libs\aws_sdk\aws-sdk-cpp\src\aws-cpp-sdk-core\include\aws\core\auth\SSOCredentialsProvider.h">
      <Filter>Header Files\aws\core\auth</Filter>
    </ClInclude>
    <ClInclude Include="D:\Users\nautilus\Desktop\nautilus_acquisition\libs\aws_sdk\aws-sdk-cpp\src\aws-cpp-sdk-core\include\aws\core\auth\STSCredentialsProvider.h">
      <Filter>Header Files\aws\core\auth</Filter>
    </ClInclude>
    <ClInclude Include="D:\Users\nautilus\Desktop\nautilus_acquisition\libs\aws_sdk\aws-sdk-cpp\src\aws-cpp-sdk-core\include\aws\core\auth\bearer-token-provider\AWSBearerTokenProviderBase.h">
      <Filter>Header Files\aws\core\auth\bearer-token-provider</Filter>
    </ClInclude>
    <ClInclude Include="D:\Users\nautilus\Desktop\nautilus_acquisition\libs\aws_sdk\aws-sdk-cpp\src\aws-cpp-sdk-core\include\aws\core\auth\bearer-token-provider\AWSBearerTokenProviderChainBase.h">
      <Filter>Header Files\aws\core\auth\bearer-token-provider</Filter>
    </ClInclude>
    <ClInclude Include="D:\Users\nautilus\Desktop\nautilus_acquisition\libs\aws_sdk\aws-sdk-cpp\src\aws-cpp-sdk-core\include\aws\core\auth\bearer-token-provider\DefaultBearerTokenProviderChain.h">
      <Filter>Header Files\aws\core\auth\bearer-token-provider</Filter>
    </ClInclude>
    <ClInclude Include="D:\Users\nautilus\Desktop\nautilus_acquisition\libs\aws_sdk\aws-sdk-cpp\src\aws-cpp-sdk-core\include\aws\core\auth\bearer-token-provider\SSOBearerTokenProvider.h">
      <Filter>Header Files\aws\core\auth\bearer-token-provider</Filter>
    </ClInclude>
    <ClInclude Include="D:\Users\nautilus\Desktop\nautilus_acquisition\libs\aws_sdk\aws-sdk-cpp\src\aws-cpp-sdk-core\include\aws\core\auth\bearer-token-provider\StaticBearerTokenProvider.h">
      <Filter>Header Files\aws\core\auth\bearer-token-provider</Filter>
    </ClInclude>
    <ClInclude Include="D:\Users\nautilus\Desktop\nautilus_acquisition\libs\aws_sdk\aws-sdk-cpp\src\aws-cpp-sdk-core\include\aws\core\auth\signer-provider\AWSAuthSignerProviderBase.h">
      <Filter>Header Files\aws\core\auth\signer-provider</Filter>
    </ClInclude>
    <ClInclude Include="D:\Users\nautilus\Desktop\nautilus_acquisition\libs\aws_sdk\aws-sdk-cpp\src\aws-cpp-sdk-core\include\aws\core\auth\signer-provider\BearerTokenAuthSignerProvider.h">
      <Filter>Header Files\aws\core\auth\signer-provider</Filter>
    </ClInclude>
    <ClInclude Include="D:\Users\nautilus\Desktop\nautilus_acquisition\libs\aws_sdk\aws-sdk-cpp\src\aws-cpp-sdk-core\include\aws\core\auth\signer-provider\DefaultAuthSignerProvider.h">
      <Filter>Header Files\aws\core\auth\signer-provider</Filter>
    </ClInclude>
    <ClInclude Include="D:\Users\nautilus\Desktop\nautilus_acquisition\libs\aws_sdk\aws-sdk-cpp\src\aws-cpp-sdk-core\include\aws\core\auth\signer\AWSAuthBearerSigner.h">
      <Filter>Header Files\aws\core\auth\signer</Filter>
    </ClInclude>
    <ClInclude Include="D:\Users\nautilus\Desktop\nautilus_acquisition\libs\aws_sdk\aws-sdk-cpp\src\aws-cpp-sdk-core\include\aws\core\auth\signer\AWSAuthEventStreamV4Signer.h">
      <Filter>Header Files\aws\core\auth\signer</Filter>
    </ClInclude>
    <ClInclude Include="D:\Users\nautilus\Desktop\nautilus_acquisition\libs\aws_sdk\aws-sdk-cpp\src\aws-cpp-sdk-core\include\aws\core\auth\signer\AWSAuthSignerBase.h">
      <Filter>Header Files\aws\core\auth\signer</Filter>
    </ClInclude>
    <ClInclude Include="D:\Users\nautilus\Desktop\nautilus_acquisition\libs\aws_sdk\aws-sdk-cpp\src\aws-cpp-sdk-core\include\aws\core\auth\signer\AWSAuthSignerCommon.h">
      <Filter>Header Files\aws\core\auth\signer</Filter>
    </ClInclude>
    <ClInclude Include="D:\Users\nautilus\Desktop\nautilus_acquisition\libs\aws_sdk\aws-sdk-cpp\src\aws-cpp-sdk-core\include\aws\core\auth\signer\AWSAuthSignerHelper.h">
      <Filter>Header Files\aws\core\auth\signer</Filter>
    </ClInclude>
    <ClInclude Include="D:\Users\nautilus\Desktop\nautilus_acquisition\libs\aws_sdk\aws-sdk-cpp\src\aws-cpp-sdk-core\include\aws\core\auth\signer\AWSAuthV4Signer.h">
      <Filter>Header Files\aws\core\auth\signer</Filter>
    </ClInclude>
    <ClInclude Include="D:\Users\nautilus\Desktop\nautilus_acquisition\libs\aws_sdk\aws-sdk-cpp\src\aws-cpp-sdk-core\include\aws\core\auth\signer\AWSNullSigner.h">
      <Filter>Header Files\aws\core\auth\signer</Filter>
    </ClInclude>
    <ClInclude Include="D:\Users\nautilus\Desktop\nautilus_acquisition\libs\aws_sdk\aws-sdk-cpp\src\aws-cpp-sdk-core\include\aws\core\client\AWSAsyncOperationTemplate.h">
      <Filter>Header Files\aws\core\client</Filter>
    </ClInclude>
    <ClInclude Include="D:\Users\nautilus\Desktop\nautilus_acquisition\libs\aws_sdk\aws-sdk-cpp\src\aws-cpp-sdk-core\include\aws\core\client\AWSClient.h">
      <Filter>Header Files\aws\core\client</Filter>
    </ClInclude>
    <ClInclude Include="D:\Users\nautilus\Desktop\nautilus_acquisition\libs\aws_sdk\aws-sdk-cpp\src\aws-cpp-sdk-core\include\aws\core\client\AWSClientAsyncCRTP.h">
      <Filter>Header Files\aws\core\client</Filter>
    </ClInclude>
    <ClInclude Include="D:\Users\nautilus\Desktop\nautilus_acquisition\libs\aws_sdk\aws-sdk-cpp\src\aws-cpp-sdk-core\include\aws\core\client\AWSError.h">
      <Filter>Header Files\aws\core\client</Filter>
    </ClInclude>
    <ClInclude Include="D:\Users\nautilus\Desktop\nautilus_acquisition\libs\aws_sdk\aws-sdk-cpp\src\aws-cpp-sdk-core\include\aws\core\client\AWSErrorMarshaller.h">
      <Filter>Header Files\aws\core\client</Filter>
    </ClInclude>
    <ClInclude Include="D:\Users\nautilus\Desktop\nautilus_acquisition\libs\aws_sdk\aws-sdk-cpp\src\aws-cpp-sdk-core\include\aws\core\client\AWSJsonClient.h">
      <Filter>Header Files\aws\core\client</Filter>
    </ClInclude>
    <ClInclude Include="D:\Users\nautilus\Desktop\nautilus_acquisition\libs\aws_sdk\aws-sdk-cpp\src\aws-cpp-sdk-core\include\aws\core\client\AWSUrlPresigner.h">
      <Filter>Header Files\aws\core\client</Filter>
    </ClInclude>
    <ClInclude Include="D:\Users\nautilus\Desktop\nautilus_acquisition\libs\aws_sdk\aws-sdk-cpp\src\aws-cpp-sdk-core\include\aws\core\client\AWSXmlClient.h">
      <Filter>Header Files\aws\core\client</Filter>
    </ClInclude>
    <ClInclude Include="D:\Users\nautilus\Desktop\nautilus_acquisition\libs\aws_sdk\aws-sdk-cpp\src\aws-cpp-sdk-core\include\aws\core\client\AdaptiveRetryStrategy.h">
      <Filter>Header Files\aws\core\client</Filter>
    </ClInclude>
    <ClInclude Include="D:\Users\nautilus\Desktop\nautilus_acquisition\libs\aws_sdk\aws-sdk-cpp\src\aws-cpp-sdk-core\include\aws\core\client\AsyncCallerContext.h">
      <Filter>Header Files\aws\core\client</Filter>
    </ClInclude>
    <ClInclude Include="D:\Users\nautilus\Desktop\nautilus_acquisition\libs\aws_sdk\aws-sdk-cpp\src\aws-cpp-sdk-core\include\aws\core\client\ClientConfiguration.h">
      <Filter>Header Files\aws\core\client</Filter>
    </ClInclude>
    <ClInclude Include="D:\Users\nautilus\Desktop\nautilus_acquisition\libs\aws_sdk\aws-sdk-cpp\src\aws-cpp-sdk-core\include\aws\core\client\CoreErrors.h">
      <Filter>Header Files\aws\core\client</Filter>
    </ClInclude>
    <ClInclude Include="D:\Users\nautilus\Desktop\nautilus_acquisition\libs\aws_sdk\aws-sdk-cpp\src\aws-cpp-sdk-core\include\aws\core\client\DefaultRetryStrategy.h">
      <Filter>Header Files\aws\core\client</Filter>
    </ClInclude>
    <ClInclude Include="D:\Users\nautilus\Desktop\nautilus_acquisition\libs\aws_sdk\aws-sdk-cpp\src\aws-cpp-sdk-core\include\aws\core\client\GenericClientConfiguration.h">
      <Filter>Header Files\aws\core\client</Filter>
    </ClInclude>
    <ClInclude Include="D:\Users\nautilus\Desktop\nautilus_acquisition\libs\aws_sdk\aws-sdk-cpp\src\aws-cpp-sdk-core\include\aws\core\client\RequestCompression.h">
      <Filter>Header Files\aws\core\client</Filter>
    </ClInclude>
    <ClInclude Include="D:\Users\nautilus\Desktop\nautilus_acquisition\libs\aws_sdk\aws-sdk-cpp\src\aws-cpp-sdk-core\include\aws\core\client\RetryStrategy.h">
      <Filter>Header Files\aws\core\client</Filter>
    </ClInclude>
    <ClInclude Include="D:\Users\nautilus\Desktop\nautilus_acquisition\libs\aws_sdk\aws-sdk-cpp\src\aws-cpp-sdk-core\include\aws\core\client\SpecifiedRetryableErrorsRetryStrategy.h">
      <Filter>Header Files\aws\core\client</Filter>
    </ClInclude>
    <ClInclude Include="D:\Users\nautilus\Desktop\nautilus_acquisition\libs\aws_sdk\aws-sdk-cpp\src\aws-cpp-sdk-core\include\aws\core\config\AWSConfigFileProfileConfigLoader.h">
      <Filter>Header Files\aws\core\config</Filter>
    </ClInclude>
    <ClInclude Include="D:\Users\nautilus\Desktop\nautilus_acquisition\libs\aws_sdk\aws-sdk-cpp\src\aws-cpp-sdk-core\include\aws\core\config\AWSProfileConfig.h">
      <Filter>Header Files\aws\core\config</Filter>
    </ClInclude>
    <ClInclude Include="D:\Users\nautilus\Desktop\nautilus_acquisition\libs\aws_sdk\aws-sdk-cpp\src\aws-cpp-sdk-core\include\aws\core\config\AWSProfileConfigLoader.h">
      <Filter>Header Files\aws\core\config</Filter>
    </ClInclude>
    <ClInclude Include="D:\Users\nautilus\Desktop\nautilus_acquisition\libs\aws_sdk\aws-sdk-cpp\src\aws-cpp-sdk-core\include\aws\core\config\AWSProfileConfigLoaderBase.h">
      <Filter>Header Files\aws\core\config</Filter>
    </ClInclude>
    <ClInclude Include="D:\Users\nautilus\Desktop\nautilus_acquisition\libs\aws_sdk\aws-sdk-cpp\src\aws-cpp-sdk-core\include\aws\core\config\ConfigAndCredentialsCacheManager.h">
      <Filter>Header Files\aws\core\config</Filter>
    </ClInclude>
    <ClInclude Include="D:\Users\nautilus\Desktop\nautilus_acquisition\libs\aws_sdk\aws-sdk-cpp\src\aws-cpp-sdk-core\include\aws\core\config\EC2InstanceProfileConfigLoader.h">
      <Filter>Header Files\aws\core\config</Filter>
    </ClInclude>
    <ClInclude Include="D:\Users\nautilus\Desktop\nautilus_acquisition\libs\aws_sdk\aws-sdk-cpp\src\aws-cpp-sdk-core\include\aws\core\config\defaults\ClientConfigurationDefaults.h">
      <Filter>Header Files\aws\core\config\defaults</Filter>
    </ClInclude>
    <ClInclude Include="D:\Users\nautilus\Desktop\nautilus_acquisition\libs\aws_sdk\aws-sdk-cpp\src\aws-cpp-sdk-core\include\aws\core\endpoint\AWSEndpoint.h">
      <Filter>Header Files\aws\core\endpoint</Filter>
    </ClInclude>
    <ClInclude Include="D:\Users\nautilus\Desktop\nautilus_acquisition\libs\aws_sdk\aws-sdk-cpp\src\aws-cpp-sdk-core\include\aws\core\endpoint\AWSPartitions.h">
      <Filter>Header Files\aws\core\endpoint</Filter>
    </ClInclude>
    <ClInclude Include="D:\Users\nautilus\Desktop\nautilus_acquisition\libs\aws_sdk\aws-sdk-cpp\src\aws-cpp-sdk-core\include\aws\core\endpoint\BuiltInParameters.h">
      <Filter>Header Files\aws\core\endpoint</Filter>
    </ClInclude>
    <ClInclude Include="D:\Users\nautilus\Desktop\nautilus_acquisition\libs\aws_sdk\aws-sdk-cpp\src\aws-cpp-sdk-core\include\aws\core\endpoint\ClientContextParameters.h">
      <Filter>Header Files\aws\core\endpoint</Filter>
    </ClInclude>
    <ClInclude Include="D:\Users\nautilus\Desktop\nautilus_acquisition\libs\aws_sdk\aws-sdk-cpp\src\aws-cpp-sdk-core\include\aws\core\endpoint\DefaultEndpointProvider.h">
      <Filter>Header Files\aws\core\endpoint</Filter>
    </ClInclude>
    <ClInclude Include="D:\Users\nautilus\Desktop\nautilus_acquisition\libs\aws_sdk\aws-sdk-cpp\src\aws-cpp-sdk-core\include\aws\core\endpoint\EndpointParameter.h">
      <Filter>Header Files\aws\core\endpoint</Filter>
    </ClInclude>
    <ClInclude Include="D:\Users\nautilus\Desktop\nautilus_acquisition\libs\aws_sdk\aws-sdk-cpp\src\aws-cpp-sdk-core\include\aws\core\endpoint\EndpointProviderBase.h">
      <Filter>Header Files\aws\core\endpoint</Filter>
    </ClInclude>
    <ClInclude Include="D:\Users\nautilus\Desktop\nautilus_acquisition\libs\aws_sdk\aws-sdk-cpp\src\aws-cpp-sdk-core\include\aws\core\endpoint\internal\AWSEndpointAttribute.h">
      <Filter>Header Files\aws\core\endpoint\internal</Filter>
    </ClInclude>
    <ClInclude Include="D:\Users\nautilus\Desktop\nautilus_acquisition\libs\aws_sdk\aws-sdk-cpp\src\aws-cpp-sdk-core\include\aws\core\external\cjson\cJSON.h">
      <Filter>Header Files\aws\core\external\cjson</Filter>
    </ClInclude>
    <ClInclude Include="D:\Users\nautilus\Desktop\nautilus_acquisition\libs\aws_sdk\aws-sdk-cpp\src\aws-cpp-sdk-core\include\aws\core\external\tinyxml2\tinyxml2.h">
      <Filter>Header Files\aws\core\external\tinyxml2</Filter>
    </ClInclude>
    <ClInclude Include="D:\Users\nautilus\Desktop\nautilus_acquisition\libs\aws_sdk\aws-sdk-cpp\src\aws-cpp-sdk-core\include\aws\core\http\HttpClient.h">
      <Filter>Header Files\aws\core\http</Filter>
    </ClInclude>
    <ClInclude Include="D:\Users\nautilus\Desktop\nautilus_acquisition\libs\aws_sdk\aws-sdk-cpp\src\aws-cpp-sdk-core\include\aws\core\http\HttpClientFactory.h">
      <Filter>Header Files\aws\core\http</Filter>
    </ClInclude>
    <ClInclude Include="D:\Users\nautilus\Desktop\nautilus_acquisition\libs\aws_sdk\aws-sdk-cpp\src\aws-cpp-sdk-core\include\aws\core\http\HttpRequest.h">
      <Filter>Header Files\aws\core\http</Filter>
    </ClInclude>
    <ClInclude Include="D:\Users\nautilus\Desktop\nautilus_acquisition\libs\aws_sdk\aws-sdk-cpp\src\aws-cpp-sdk-core\include\aws\core\http\HttpResponse.h">
      <Filter>Header Files\aws\core\http</Filter>
    </ClInclude>
    <ClInclude Include="D:\Users\nautilus\Desktop\nautilus_acquisition\libs\aws_sdk\aws-sdk-cpp\src\aws-cpp-sdk-core\include\aws\core\http\HttpTypes.h">
      <Filter>Header Files\aws\core\http</Filter>
    </ClInclude>
    <ClInclude Include="D:\Users\nautilus\Desktop\nautilus_acquisition\libs\aws_sdk\aws-sdk-cpp\src\aws-cpp-sdk-core\include\aws\core\http\Scheme.h">
      <Filter>Header Files\aws\core\http</Filter>
    </ClInclude>
    <ClInclude Include="D:\Users\nautilus\Desktop\nautilus_acquisition\libs\aws_sdk\aws-sdk-cpp\src\aws-cpp-sdk-core\include\aws\core\http\URI.h">
      <Filter>Header Files\aws\core\http</Filter>
    </ClInclude>
    <ClInclude Include="D:\Users\nautilus\Desktop\nautilus_acquisition\libs\aws_sdk\aws-sdk-cpp\src\aws-cpp-sdk-core\include\aws\core\http\Version.h">
      <Filter>Header Files\aws\core\http</Filter>
    </ClInclude>
    <ClInclude Include="D:\Users\nautilus\Desktop\nautilus_acquisition\libs\aws_sdk\aws-sdk-cpp\src\aws-cpp-sdk-core\include\aws\core\http\standard\StandardHttpRequest.h">
      <Filter>Header Files\aws\core\http\standard</Filter>
    </ClInclude>
    <ClInclude Include="D:\Users\nautilus\Desktop\nautilus_acquisition\libs\aws_sdk\aws-sdk-cpp\src\aws-cpp-sdk-core\include\aws\core\http\standard\StandardHttpResponse.h">
      <Filter>Header Files\aws\core\http\standard</Filter>
    </ClInclude>
    <ClInclude Include="D:\Users\nautilus\Desktop\nautilus_acquisition\libs\aws_sdk\aws-sdk-cpp\src\aws-cpp-sdk-core\include\aws\core\http\windows\WinConnectionPoolMgr.h">
      <Filter>Header Files\aws\core\http\windows</Filter>
    </ClInclude>
    <ClInclude Include="D:\Users\nautilus\Desktop\nautilus_acquisition\libs\aws_sdk\aws-sdk-cpp\src\aws-cpp-sdk-core\include\aws\core\http\windows\WinHttpConnectionPoolMgr.h">
      <Filter>Header Files\aws\core\http\windows</Filter>
    </ClInclude>
    <ClInclude Include="D:\Users\nautilus\Desktop\nautilus_acquisition\libs\aws_sdk\aws-sdk-cpp\src\aws-cpp-sdk-core\include\aws\core\http\windows\WinHttpSyncHttpClient.h">
      <Filter>Header Files\aws\core\http\windows</Filter>
    </ClInclude>
    <ClInclude Include="D:\Users\nautilus\Desktop\nautilus_acquisition\libs\aws_sdk\aws-sdk-cpp\src\aws-cpp-sdk-core\include\aws\core\http\windows\WinINetConnectionPoolMgr.h">
      <Filter>Header Files\aws\core\http\windows</Filter>
    </ClInclude>
    <ClInclude Include="D:\Users\nautilus\Desktop\nautilus_acquisition\libs\aws_sdk\aws-sdk-cpp\src\aws-cpp-sdk-core\include\aws\core\http\windows\WinINetSyncHttpClient.h">
      <Filter>Header Files\aws\core\http\windows</Filter>
    </ClInclude>
    <ClInclude Include="D:\Users\nautilus\Desktop\nautilus_acquisition\libs\aws_sdk\aws-sdk-cpp\src\aws-cpp-sdk-core\include\aws\core\http\windows\WinSyncHttpClient.h">
      <Filter>Header Files\aws\core\http\windows</Filter>
    </ClInclude>
    <ClInclude Include="D:\Users\nautilus\Desktop\nautilus_acquisition\libs\aws_sdk\aws-sdk-cpp\src\aws-cpp-sdk-core\include\aws\core\internal\AWSHttpResourceClient.h">
      <Filter>Header Files\aws\core\internal</Filter>
    </ClInclude>
    <ClInclude Include="D:\Users\nautilus\Desktop\nautilus_acquisition\libs\aws_sdk\aws-sdk-cpp\src\aws-cpp-sdk-core\include\aws\core\monitoring\CoreMetrics.h">
      <Filter>Header Files\aws\core\monitoring</Filter>
    </ClInclude>
    <ClInclude Include="D:\Users\nautilus\Desktop\nautilus_acquisition\libs\aws_sdk\aws-sdk-cpp\src\aws-cpp-sdk-core\include\aws\core\monitoring\DefaultMonitoring.h">
      <Filter>Header Files\aws\core\monitoring</Filter>
    </ClInclude>
    <ClInclude Include="D:\Users\nautilus\Desktop\nautilus_acquisition\libs\aws_sdk\aws-sdk-cpp\src\aws-cpp-sdk-core\include\aws\core\monitoring\HttpClientMetrics.h">
      <Filter>Header Files\aws\core\monitoring</Filter>
    </ClInclude>
    <ClInclude Include="D:\Users\nautilus\Desktop\nautilus_acquisition\libs\aws_sdk\aws-sdk-cpp\src\aws-cpp-sdk-core\include\aws\core\monitoring\MonitoringFactory.h">
      <Filter>Header Files\aws\core\monitoring</Filter>
    </ClInclude>
    <ClInclude Include="D:\Users\nautilus\Desktop\nautilus_acquisition\libs\aws_sdk\aws-sdk-cpp\src\aws-cpp-sdk-core\include\aws\core\monitoring\MonitoringInterface.h">
      <Filter>Header Files\aws\core\monitoring</Filter>
    </ClInclude>
    <ClInclude Include="D:\Users\nautilus\Desktop\nautilus_acquisition\libs\aws_sdk\aws-sdk-cpp\src\aws-cpp-sdk-core\include\aws\core\monitoring\MonitoringManager.h">
      <Filter>Header Files\aws\core\monitoring</Filter>
    </ClInclude>
    <ClInclude Include="D:\Users\nautilus\Desktop\nautilus_acquisition\libs\aws_sdk\aws-sdk-cpp\src\aws-cpp-sdk-core\include\aws\core\net\Net.h">
      <Filter>Header Files\aws\core\net</Filter>
    </ClInclude>
    <ClInclude Include="D:\Users\nautilus\Desktop\nautilus_acquisition\libs\aws_sdk\aws-sdk-cpp\src\aws-cpp-sdk-core\include\aws\core\net\SimpleUDP.h">
      <Filter>Header Files\aws\core\net</Filter>
    </ClInclude>
    <ClInclude Include="D:\Users\nautilus\Desktop\nautilus_acquisition\libs\aws_sdk\aws-sdk-cpp\src\aws-cpp-sdk-core\include\aws\core\platform\Android.h">
      <Filter>Header Files\aws\core\platform</Filter>
    </ClInclude>
    <ClInclude Include="D:\Users\nautilus\Desktop\nautilus_acquisition\libs\aws_sdk\aws-sdk-cpp\src\aws-cpp-sdk-core\include\aws\core\platform\Environment.h">
      <Filter>Header Files\aws\core\platform</Filter>
    </ClInclude>
    <ClInclude Include="D:\Users\nautilus\Desktop\nautilus_acquisition\libs\aws_sdk\aws-sdk-cpp\src\aws-cpp-sdk-core\include\aws\core\platform\FileSystem.h">
      <Filter>Header Files\aws\core\platform</Filter>
    </ClInclude>
    <ClInclude Include="D:\Users\nautilus\Desktop\nautilus_acquisition\libs\aws_sdk\aws-sdk-cpp\src\aws-cpp-sdk-core\include\aws\core\platform\OSVersionInfo.h">
      <Filter>Header Files\aws\core\platform</Filter>
    </ClInclude>
    <ClInclude Include="D:\Users\nautilus\Desktop\nautilus_acquisition\libs\aws_sdk\aws-sdk-cpp\src\aws-cpp-sdk-core\include\aws\core\platform\Platform.h">
      <Filter>Header Files\aws\core\platform</Filter>
    </ClInclude>
    <ClInclude Include="D:\Users\nautilus\Desktop\nautilus_acquisition\libs\aws_sdk\aws-sdk-cpp\src\aws-cpp-sdk-core\include\aws\core\platform\Security.h">
      <Filter>Header Files\aws\core\platform</Filter>
    </ClInclude>
    <ClInclude Include="D:\Users\nautilus\Desktop\nautilus_acquisition\libs\aws_sdk\aws-sdk-cpp\src\aws-cpp-sdk-core\include\aws\core\platform\Time.h">
      <Filter>Header Files\aws\core\platform</Filter>
    </ClInclude>
    <ClInclude Include="D:\Users\nautilus\Desktop\nautilus_acquisition\libs\aws_sdk\aws-sdk-cpp\src\aws-cpp-sdk-core\include\aws\core\utils\ARN.h">
      <Filter>Header Files\aws\core\utils</Filter>
    </ClInclude>
    <ClInclude Include="D:\Users\nautilus\Desktop\nautilus_acquisition\libs\aws_sdk\aws-sdk-cpp\src\aws-cpp-sdk-core\include\aws\core\utils\Array.h">
      <Filter>Header Files\aws\core\utils</Filter>
    </ClInclude>
    <ClInclude Include="D:\Users\nautilus\Desktop\nautilus_acquisition\libs\aws_sdk\aws-sdk-cpp\src\aws-cpp-sdk-core\include\aws\core\utils\Cache.h">
      <Filter>Header Files\aws\core\utils</Filter>
    </ClInclude>
    <ClInclude Include="D:\Users\nautilus\Desktop\nautilus_acquisition\libs\aws_sdk\aws-sdk-cpp\src\aws-cpp-sdk-core\include\aws\core\utils\ConcurrentCache.h">
      <Filter>Header Files\aws\core\utils</Filter>
    </ClInclude>
    <ClInclude Include="D:\Users\nautilus\Desktop\nautilus_acquisition\libs\aws_sdk\aws-sdk-cpp\src\aws-cpp-sdk-core\include\aws\core\utils\DNS.h">
      <Filter>Header Files\aws\core\utils</Filter>
    </ClInclude>
    <ClInclude Include="D:\Users\nautilus\Desktop\nautilus_acquisition\libs\aws_sdk\aws-sdk-cpp\src\aws-cpp-sdk-core\include\aws\core\utils\DateTime.h">
      <Filter>Header Files\aws\core\utils</Filter>
    </ClInclude>
    <ClInclude Include="D:\Users\nautilus\Desktop\nautilus_acquisition\libs\aws_sdk\aws-sdk-cpp\src\aws-cpp-sdk-core\include\aws\core\utils\Document.h">
      <Filter>Header Files\aws\core\utils</Filter>
    </ClInclude>
    <ClInclude Include="D:\Users\nautilus\Desktop\nautilus_acquisition\libs\aws_sdk\aws-sdk-cpp\src\aws-cpp-sdk-core\include\aws\core\utils\EnumParseOverflowContainer.h">
      <Filter>Header Files\aws\core\utils</Filter>
    </ClInclude>
    <ClInclude Include="D:\Users\nautilus\Desktop\nautilus_acquisition\libs\aws_sdk\aws-sdk-cpp\src\aws-cpp-sdk-core\include\aws\core\utils\FileSystemUtils.h">
      <Filter>Header Files\aws\core\utils</Filter>
    </ClInclude>
    <ClInclude Include="D:\Users\nautilus\Desktop\nautilus_acquisition\libs\aws_sdk\aws-sdk-cpp\src\aws-cpp-sdk-core\include\aws\core\utils\GetTheLights.h">
      <Filter>Header Files\aws\core\utils</Filter>
    </ClInclude>
    <ClInclude Include="D:\Users\nautilus\Desktop\nautilus_acquisition\libs\aws_sdk\aws-sdk-cpp\src\aws-cpp-sdk-core\include\aws\core\utils\HashingUtils.h">
      <Filter>Header Files\aws\core\utils</Filter>
    </ClInclude>
    <ClInclude Include="D:\Users\nautilus\Desktop\nautilus_acquisition\libs\aws_sdk\aws-sdk-cpp\src\aws-cpp-sdk-core\include\aws\core\utils\Outcome.h">
      <Filter>Header Files\aws\core\utils</Filter>
    </ClInclude>
    <ClInclude Include="D:\Users\nautilus\Desktop\nautilus_acquisition\libs\aws_sdk\aws-sdk-cpp\src\aws-cpp-sdk-core\include\aws\core\utils\RAIICounter.h">
      <Filter>Header Files\aws\core\utils</Filter>
    </ClInclude>
    <ClInclude Include="D:\Users\nautilus\Desktop\nautilus_acquisition\libs\aws_sdk\aws-sdk-cpp\src\aws-cpp-sdk-core\include\aws\core\utils\ResourceManager.h">
      <Filter>Header Files\aws\core\utils</Filter>
    </ClInclude>
    <ClInclude Include="D:\Users\nautilus\Desktop\nautilus_acquisition\libs\aws_sdk\aws-sdk-cpp\src\aws-cpp-sdk-core\include\aws\core\utils\StringUtils.h">
      <Filter>Header Files\aws\core\utils</Filter>
    </ClInclude>
    <ClInclude Include="D:\Users\nautilus\Desktop\nautilus_acquisition\libs\aws_sdk\aws-sdk-cpp\src\aws-cpp-sdk-core\include\aws\core\utils\UUID.h">
      <Filter>Header Files\aws\core\utils</Filter>
    </ClInclude>
    <ClInclude Include="D:\Users\nautilus\Desktop\nautilus_acquisition\libs\aws_sdk\aws-sdk-cpp\src\aws-cpp-sdk-core\include\aws\core\utils\UnreferencedParam.h">
      <Filter>Header Files\aws\core\utils</Filter>
    </ClInclude>
    <ClInclude Include="D:\Users\nautilus\Desktop\nautilus_acquisition\libs\aws_sdk\aws-sdk-cpp\src\aws-cpp-sdk-core\include\aws\core\utils\base64\Base64.h">
      <Filter>Header Files\aws\core\utils\base64</Filter>
    </ClInclude>
    <ClInclude Include="D:\Users\nautilus\Desktop\nautilus_acquisition\libs\aws_sdk\aws-sdk-cpp\src\aws-cpp-sdk-core\include\aws\core\utils\component-registry\ComponentRegistry.h">
      <Filter>Header Files\aws\core\utils\component-registry</Filter>
    </ClInclude>
    <ClInclude Include="D:\Users\nautilus\Desktop\nautilus_acquisition\libs\aws_sdk\aws-sdk-cpp\src\aws-cpp-sdk-core\include\aws\core\utils\crypto\CRC32.h">
      <Filter>Header Files\aws\core\utils\crypto</Filter>
    </ClInclude>
    <ClInclude Include="D:\Users\nautilus\Desktop\nautilus_acquisition\libs\aws_sdk\aws-sdk-cpp\src\aws-cpp-sdk-core\include\aws\core\utils\crypto\Cipher.h">
      <Filter>Header Files\aws\core\utils\crypto</Filter>
    </ClInclude>
    <ClInclude Include="D:\Users\nautilus\Desktop\nautilus_acquisition\libs\aws_sdk\aws-sdk-cpp\src\aws-cpp-sdk-core\include\aws\core\utils\crypto\ContentCryptoMaterial.h">
      <Filter>Header Files\aws\core\utils\crypto</Filter>
    </ClInclude>
    <ClInclude Include="D:\Users\nautilus\Desktop\nautilus_acquisition\libs\aws_sdk\aws-sdk-cpp\src\aws-cpp-sdk-core\include\aws\core\utils\crypto\ContentCryptoScheme.h">
      <Filter>Header Files\aws\core\utils\crypto</Filter>
    </ClInclude>
    <ClInclude Include="D:\Users\nautilus\Desktop\nautilus_acquisition\libs\aws_sdk\aws-sdk-cpp\src\aws-cpp-sdk-core\include\aws\core\utils\crypto\CryptoBuf.h">
      <Filter>Header Files\aws\core\utils\crypto</Filter>
    </ClInclude>
    <ClInclude Include="D:\Users\nautilus\Desktop\nautilus_acquisition\libs\aws_sdk\aws-sdk-cpp\src\aws-cpp-sdk-core\include\aws\core\utils\crypto\CryptoStream.h">
      <Filter>Header Files\aws\core\utils\crypto</Filter>
    </ClInclude>
    <ClInclude Include="D:\Users\nautilus\Desktop\nautilus_acquisition\libs\aws_sdk\aws-sdk-cpp\src\aws-cpp-sdk-core\include\aws\core\utils\crypto\EncryptionMaterials.h">
      <Filter>Header Files\aws\core\utils\crypto</Filter>
    </ClInclude>
    <ClInclude Include="D:\Users\nautilus\Desktop\nautilus_acquisition\libs\aws_sdk\aws-sdk-cpp\src\aws-cpp-sdk-core\include\aws\core\utils\crypto\Factories.h">
      <Filter>Header Files\aws\core\utils\crypto</Filter>
    </ClInclude>
    <ClInclude Include="D:\Users\nautilus\Desktop\nautilus_acquisition\libs\aws_sdk\aws-sdk-cpp\src\aws-cpp-sdk-core\include\aws\core\utils\crypto\HMAC.h">
      <Filter>Header Files\aws\core\utils\crypto</Filter>
    </ClInclude>
    <ClInclude Include="D:\Users\nautilus\Desktop\nautilus_acquisition\libs\aws_sdk\aws-sdk-cpp\src\aws-cpp-sdk-core\include\aws\core\utils\crypto\Hash.h">
      <Filter>Header Files\aws\core\utils\crypto</Filter>
    </ClInclude>
    <ClInclude Include="D:\Users\nautilus\Desktop\nautilus_acquisition\libs\aws_sdk\aws-sdk-cpp\src\aws-cpp-sdk-core\include\aws\core\utils\crypto\HashResult.h">
      <Filter>Header Files\aws\core\utils\crypto</Filter>
    </ClInclude>
    <ClInclude Include="D:\Users\nautilus\Desktop\nautilus_acquisition\libs\aws_sdk\aws-sdk-cpp\src\aws-cpp-sdk-core\include\aws\core\utils\crypto\KeyWrapAlgorithm.h">
      <Filter>Header Files\aws\core\utils\crypto</Filter>
    </ClInclude>
    <ClInclude Include="D:\Users\nautilus\Desktop\nautilus_acquisition\libs\aws_sdk\aws-sdk-cpp\src\aws-cpp-sdk-core\include\aws\core\utils\crypto\MD5.h">
      <Filter>Header Files\aws\core\utils\crypto</Filter>
    </ClInclude>
    <ClInclude Include="D:\Users\nautilus\Desktop\nautilus_acquisition\libs\aws_sdk\aws-sdk-cpp\src\aws-cpp-sdk-core\include\aws\core\utils\crypto\PrecalculatedHash.h">
      <Filter>Header Files\aws\core\utils\crypto</Filter>
    </ClInclude>
    <ClInclude Include="D:\Users\nautilus\Desktop\nautilus_acquisition\libs\aws_sdk\aws-sdk-cpp\src\aws-cpp-sdk-core\include\aws\core\utils\crypto\SecureRandom.h">
      <Filter>Header Files\aws\core\utils\crypto</Filter>
    </ClInclude>
    <ClInclude Include="D:\Users\nautilus\Desktop\nautilus_acquisition\libs\aws_sdk\aws-sdk-cpp\src\aws-cpp-sdk-core\include\aws\core\utils\crypto\Sha1.h">
      <Filter>Header Files\aws\core\utils\crypto</Filter>
    </ClInclude>
    <ClInclude Include="D:\Users\nautilus\Desktop\nautilus_acquisition\libs\aws_sdk\aws-sdk-cpp\src\aws-cpp-sdk-core\include\aws\core\utils\crypto\Sha256.h">
      <Filter>Header Files\aws\core\utils\crypto</Filter>
    </ClInclude>
    <ClInclude Include="D:\Users\nautilus\Desktop\nautilus_acquisition\libs\aws_sdk\aws-sdk-cpp\src\aws-cpp-sdk-core\include\aws\core\utils\crypto\Sha256HMAC.h">
      <Filter>Header Files\aws\core\utils\crypto</Filter>
    </ClInclude>
    <ClInclude Include="D:\Users\nautilus\Desktop\nautilus_acquisition\libs\aws_sdk\aws-sdk-cpp\src\aws-cpp-sdk-core\include\aws\core\utils\crypto\bcrypt\CryptoImpl.h">
      <Filter>Header Files\aws\core\utils\crypto\bcrypt</Filter>
    </ClInclude>
    <ClInclude Include="D:\Users\nautilus\Desktop\nautilus_acquisition\libs\aws_sdk\aws-sdk-cpp\src\aws-cpp-sdk-core\include\aws\core\utils\event\EventDecoderStream.h">
      <Filter>Header Files\aws\core\utils\event</Filter>
    </ClInclude>
    <ClInclude Include="D:\Users\nautilus\Desktop\nautilus_acquisition\libs\aws_sdk\aws-sdk-cpp\src\aws-cpp-sdk-core\include\aws\core\utils\event\EventEncoderStream.h">
      <Filter>Header Files\aws\core\utils\event</Filter>
    </ClInclude>
    <ClInclude Include="D:\Users\nautilus\Desktop\nautilus_acquisition\libs\aws_sdk\aws-sdk-cpp\src\aws-cpp-sdk-core\include\aws\core\utils\event\EventHeader.h">
      <Filter>Header Files\aws\core\utils\event</Filter>
    </ClInclude>
    <ClInclude Include="D:\Users\nautilus\Desktop\nautilus_acquisition\libs\aws_sdk\aws-sdk-cpp\src\aws-cpp-sdk-core\include\aws\core\utils\event\EventMessage.h">
      <Filter>Header Files\aws\core\utils\event</Filter>
    </ClInclude>
    <ClInclude Include="D:\Users\nautilus\Desktop\nautilus_acquisition\libs\aws_sdk\aws-sdk-cpp\src\aws-cpp-sdk-core\include\aws\core\utils\event\EventStream.h">
      <Filter>Header Files\aws\core\utils\event</Filter>
    </ClInclude>
    <ClInclude Include="D:\Users\nautilus\Desktop\nautilus_acquisition\libs\aws_sdk\aws-sdk-cpp\src\aws-cpp-sdk-core\include\aws\core\utils\event\EventStreamBuf.h">
      <Filter>Header Files\aws\core\utils\event</Filter>
    </ClInclude>
    <ClInclude Include="D:\Users\nautilus\Desktop\nautilus_acquisition\libs\aws_sdk\aws-sdk-cpp\src\aws-cpp-sdk-core\include\aws\core\utils\event\EventStreamDecoder.h">
      <Filter>Header Files\aws\core\utils\event</Filter>
    </ClInclude>
    <ClInclude Include="D:\Users\nautilus\Desktop\nautilus_acquisition\libs\aws_sdk\aws-sdk-cpp\src\aws-cpp-sdk-core\include\aws\core\utils\event\EventStreamEncoder.h">
      <Filter>Header Files\aws\core\utils\event</Filter>
    </ClInclude>
    <ClInclude Include="D:\Users\nautilus\Desktop\nautilus_acquisition\libs\aws_sdk\aws-sdk-cpp\src\aws-cpp-sdk-core\include\aws\core\utils\event\EventStreamErrors.h">
      <Filter>Header Files\aws\core\utils\event</Filter>
    </ClInclude>
    <ClInclude Include="D:\Users\nautilus\Desktop\nautilus_acquisition\libs\aws_sdk\aws-sdk-cpp\src\aws-cpp-sdk-core\include\aws\core\utils\event\EventStreamHandler.h">
      <Filter>Header Files\aws\core\utils\event</Filter>
    </ClInclude>
    <ClInclude Include="D:\Users\nautilus\Desktop\nautilus_acquisition\libs\aws_sdk\aws-sdk-cpp\src\aws-cpp-sdk-core\include\aws\core\utils\json\JsonSerializer.h">
      <Filter>Header Files\aws\core\utils\json</Filter>
    </ClInclude>
    <ClInclude Include="D:\Users\nautilus\Desktop\nautilus_acquisition\libs\aws_sdk\aws-sdk-cpp\src\aws-cpp-sdk-core\include\aws\core\utils\logging\AWSLogging.h">
      <Filter>Header Files\aws\core\utils\logging</Filter>
    </ClInclude>
    <ClInclude Include="D:\Users\nautilus\Desktop\nautilus_acquisition\libs\aws_sdk\aws-sdk-cpp\src\aws-cpp-sdk-core\include\aws\core\utils\logging\CRTLogSystem.h">
      <Filter>Header Files\aws\core\utils\logging</Filter>
    </ClInclude>
    <ClInclude Include="D:\Users\nautilus\Desktop\nautilus_acquisition\libs\aws_sdk\aws-sdk-cpp\src\aws-cpp-sdk-core\include\aws\core\utils\logging\CRTLogging.h">
      <Filter>Header Files\aws\core\utils\logging</Filter>
    </ClInclude>
    <ClInclude Include="D:\Users\nautilus\Desktop\nautilus_acquisition\libs\aws_sdk\aws-sdk-cpp\src\aws-cpp-sdk-core\include\aws\core\utils\logging\ConsoleLogSystem.h">
      <Filter>Header Files\aws\core\utils\logging</Filter>
    </ClInclude>
    <ClInclude Include="D:\Users\nautilus\Desktop\nautilus_acquisition\libs\aws_sdk\aws-sdk-cpp\src\aws-cpp-sdk-core\include\aws\core\utils\logging\DefaultCRTLogSystem.h">
      <Filter>Header Files\aws\core\utils\logging</Filter>
    </ClInclude>
    <ClInclude Include="D:\Users\nautilus\Desktop\nautilus_acquisition\libs\aws_sdk\aws-sdk-cpp\src\aws-cpp-sdk-core\include\aws\core\utils\logging\DefaultLogSystem.h">
      <Filter>Header Files\aws\core\utils\logging</Filter>
    </ClInclude>
    <ClInclude Include="D:\Users\nautilus\Desktop\nautilus_acquisition\libs\aws_sdk\aws-sdk-cpp\src\aws-cpp-sdk-core\include\aws\core\utils\logging\ErrorMacros.h">
      <Filter>Header Files\aws\core\utils\logging</Filter>
    </ClInclude>
    <ClInclude Include="D:\Users\nautilus\Desktop\nautilus_acquisition\libs\aws_sdk\aws-sdk-cpp\src\aws-cpp-sdk-core\include\aws\core\utils\logging\FormattedLogSystem.h">
      <Filter>Header Files\aws\core\utils\logging</Filter>
    </ClInclude>
    <ClInclude Include="D:\Users\nautilus\Desktop\nautilus_acquisition\libs\aws_sdk\aws-sdk-cpp\src\aws-cpp-sdk-core\include\aws\core\utils\logging\LogLevel.h">
      <Filter>Header Files\aws\core\utils\logging</Filter>
    </ClInclude>
    <ClInclude Include="D:\Users\nautilus\Desktop\nautilus_acquisition\libs\aws_sdk\aws-sdk-cpp\src\aws-cpp-sdk-core\include\aws\core\utils\logging\LogMacros.h">
      <Filter>Header Files\aws\core\utils\logging</Filter>
    </ClInclude>
    <ClInclude Include="D:\Users\nautilus\Desktop\nautilus_acquisition\libs\aws_sdk\aws-sdk-cpp\src\aws-cpp-sdk-core\include\aws\core\utils\logging\LogSystemInterface.h">
      <Filter>Header Files\aws\core\utils\logging</Filter>
    </ClInclude>
    <ClInclude Include="D:\Users\nautilus\Desktop\nautilus_acquisition\libs\aws_sdk\aws-sdk-cpp\src\aws-cpp-sdk-core\include\aws\core\utils\logging\NullLogSystem.h">
      <Filter>Header Files\aws\core\utils\logging</Filter>
    </ClInclude>
    <ClInclude Include="D:\Users\nautilus\Desktop\nautilus_acquisition\libs\aws_sdk\aws-sdk-cpp\src\aws-cpp-sdk-core\include\aws\core\utils\memory\AWSMemory.h">
      <Filter>Header Files\aws\core\utils\memory</Filter>
    </ClInclude>
    <ClInclude Include="D:\Users\nautilus\Desktop\nautilus_acquisition\libs\aws_sdk\aws-sdk-cpp\src\aws-cpp-sdk-core\include\aws\core\utils\memory\MemorySystemInterface.h">
      <Filter>Header Files\aws\core\utils\memory</Filter>
    </ClInclude>
    <ClInclude Include="D:\Users\nautilus\Desktop\nautilus_acquisition\libs\aws_sdk\aws-sdk-cpp\src\aws-cpp-sdk-core\include\aws\core\utils\memory\stl\AWSAllocator.h">
      <Filter>Header Files\aws\core\utils\memory\stl</Filter>
    </ClInclude>
    <ClInclude Include="D:\Users\nautilus\Desktop\nautilus_acquisition\libs\aws_sdk\aws-sdk-cpp\src\aws-cpp-sdk-core\include\aws\core\utils\memory\stl\AWSArray.h">
      <Filter>Header Files\aws\core\utils\memory\stl</Filter>
    </ClInclude>
    <ClInclude Include="D:\Users\nautilus\Desktop\nautilus_acquisition\libs\aws_sdk\aws-sdk-cpp\src\aws-cpp-sdk-core\include\aws\core\utils\memory\stl\AWSDeque.h">
      <Filter>Header Files\aws\core\utils\memory\stl</Filter>
    </ClInclude>
    <ClInclude Include="D:\Users\nautilus\Desktop\nautilus_acquisition\libs\aws_sdk\aws-sdk-cpp\src\aws-cpp-sdk-core\include\aws\core\utils\memory\stl\AWSList.h">
      <Filter>Header Files\aws\core\utils\memory\stl</Filter>
    </ClInclude>
    <ClInclude Include="D:\Users\nautilus\Desktop\nautilus_acquisition\libs\aws_sdk\aws-sdk-cpp\src\aws-cpp-sdk-core\include\aws\core\utils\memory\stl\AWSMap.h">
      <Filter>Header Files\aws\core\utils\memory\stl</Filter>
    </ClInclude>
    <ClInclude Include="D:\Users\nautilus\Desktop\nautilus_acquisition\libs\aws_sdk\aws-sdk-cpp\src\aws-cpp-sdk-core\include\aws\core\utils\memory\stl\AWSMultiMap.h">
      <Filter>Header Files\aws\core\utils\memory\stl</Filter>
    </ClInclude>
    <ClInclude Include="D:\Users\nautilus\Desktop\nautilus_acquisition\libs\aws_sdk\aws-sdk-cpp\src\aws-cpp-sdk-core\include\aws\core\utils\memory\stl\AWSQueue.h">
      <Filter>Header Files\aws\core\utils\memory\stl</Filter>
    </ClInclude>
    <ClInclude Include="D:\Users\nautilus\Desktop\nautilus_acquisition\libs\aws_sdk\aws-sdk-cpp\src\aws-cpp-sdk-core\include\aws\core\utils\memory\stl\AWSSet.h">
      <Filter>Header Files\aws\core\utils\memory\stl</Filter>
    </ClInclude>
    <ClInclude Include="D:\Users\nautilus\Desktop\nautilus_acquisition\libs\aws_sdk\aws-sdk-cpp\src\aws-cpp-sdk-core\include\aws\core\utils\memory\stl\AWSStack.h">
      <Filter>Header Files\aws\core\utils\memory\stl</Filter>
    </ClInclude>
    <ClInclude Include="D:\Users\nautilus\Desktop\nautilus_acquisition\libs\aws_sdk\aws-sdk-cpp\src\aws-cpp-sdk-core\include\aws\core\utils\memory\stl\AWSStreamFwd.h">
      <Filter>Header Files\aws\core\utils\memory\stl</Filter>
    </ClInclude>
    <ClInclude Include="D:\Users\nautilus\Desktop\nautilus_acquisition\libs\aws_sdk\aws-sdk-cpp\src\aws-cpp-sdk-core\include\aws\core\utils\memory\stl\AWSString.h">
      <Filter>Header Files\aws\core\utils\memory\stl</Filter>
    </ClInclude>
    <ClInclude Include="D:\Users\nautilus\Desktop\nautilus_acquisition\libs\aws_sdk\aws-sdk-cpp\src\aws-cpp-sdk-core\include\aws\core\utils\memory\stl\AWSStringStream.h">
      <Filter>Header Files\aws\core\utils\memory\stl</Filter>
    </ClInclude>
    <ClInclude Include="D:\Users\nautilus\Desktop\nautilus_acquisition\libs\aws_sdk\aws-sdk-cpp\src\aws-cpp-sdk-core\include\aws\core\utils\memory\stl\AWSVector.h">
      <Filter>Header Files\aws\core\utils\memory\stl</Filter>
    </ClInclude>
    <ClInclude Include="D:\Users\nautilus\Desktop\nautilus_acquisition\libs\aws_sdk\aws-sdk-cpp\src\aws-cpp-sdk-core\include\aws\core\utils\memory\stl\SimpleStringStream.h">
      <Filter>Header Files\aws\core\utils\memory\stl</Filter>
    </ClInclude>
    <ClInclude Include="D:\Users\nautilus\Desktop\nautilus_acquisition\libs\aws_sdk\aws-sdk-cpp\src\aws-cpp-sdk-core\include\aws\core\utils\ratelimiter\DefaultRateLimiter.h">
      <Filter>Header Files\aws\core\utils\ratelimiter</Filter>
    </ClInclude>
    <ClInclude Include="D:\Users\nautilus\Desktop\nautilus_acquisition\libs\aws_sdk\aws-sdk-cpp\src\aws-cpp-sdk-core\include\aws\core\utils\ratelimiter\RateLimiterInterface.h">
      <Filter>Header Files\aws\core\utils\ratelimiter</Filter>
    </ClInclude>
    <ClInclude Include="D:\Users\nautilus\Desktop\nautilus_acquisition\libs\aws_sdk\aws-sdk-cpp\src\aws-cpp-sdk-core\include\aws\core\utils\stream\ConcurrentStreamBuf.h">
      <Filter>Header Files\aws\core\utils\stream</Filter>
    </ClInclude>
    <ClInclude Include="D:\Users\nautilus\Desktop\nautilus_acquisition\libs\aws_sdk\aws-sdk-cpp\src\aws-cpp-sdk-core\include\aws\core\utils\stream\PreallocatedStreamBuf.h">
      <Filter>Header Files\aws\core\utils\stream</Filter>
    </ClInclude>
    <ClInclude Include="D:\Users\nautilus\Desktop\nautilus_acquisition\libs\aws_sdk\aws-sdk-cpp\src\aws-cpp-sdk-core\include\aws\core\utils\stream\ResponseStream.h">
      <Filter>Header Files\aws\core\utils\stream</Filter>
    </ClInclude>
    <ClInclude Include="D:\Users\nautilus\Desktop\nautilus_acquisition\libs\aws_sdk\aws-sdk-cpp\src\aws-cpp-sdk-core\include\aws\core\utils\stream\SimpleStreamBuf.h">
      <Filter>Header Files\aws\core\utils\stream</Filter>
    </ClInclude>
    <ClInclude Include="D:\Users\nautilus\Desktop\nautilus_acquisition\libs\aws_sdk\aws-sdk-cpp\src\aws-cpp-sdk-core\include\aws\core\utils\threading\DefaultExecutor.h">
      <Filter>Header Files\aws\core\utils\threading</Filter>
    </ClInclude>
    <ClInclude Include="D:\Users\nautilus\Desktop\nautilus_acquisition\libs\aws_sdk\aws-sdk-cpp\src\aws-cpp-sdk-core\include\aws\core\utils\threading\Executor.h">
      <Filter>Header Files\aws\core\utils\threading</Filter>
    </ClInclude>
    <ClInclude Include="D:\Users\nautilus\Desktop\nautilus_acquisition\libs\aws_sdk\aws-sdk-cpp\src\aws-cpp-sdk-core\include\aws\core\utils\threading\PooledThreadExecutor.h">
      <Filter>Header Files\aws\core\utils\threading</Filter>
    </ClInclude>
    <ClInclude Include="D:\Users\nautilus\Desktop\nautilus_acquisition\libs\aws_sdk\aws-sdk-cpp\src\aws-cpp-sdk-core\include\aws\core\utils\threading\ReaderWriterLock.h">
      <Filter>Header Files\aws\core\utils\threading</Filter>
    </ClInclude>
    <ClInclude Include="D:\Users\nautilus\Desktop\nautilus_acquisition\libs\aws_sdk\aws-sdk-cpp\src\aws-cpp-sdk-core\include\aws\core\utils\threading\Semaphore.h">
      <Filter>Header Files\aws\core\utils\threading</Filter>
    </ClInclude>
    <ClInclude Include="D:\Users\nautilus\Desktop\nautilus_acquisition\libs\aws_sdk\aws-sdk-cpp\src\aws-cpp-sdk-core\include\aws\core\utils\threading\ThreadTask.h">
      <Filter>Header Files\aws\core\utils\threading</Filter>
    </ClInclude>
    <ClInclude Include="D:\Users\nautilus\Desktop\nautilus_acquisition\libs\aws_sdk\aws-sdk-cpp\src\aws-cpp-sdk-core\include\aws\core\utils\xml\XmlSerializer.h">
      <Filter>Header Files\aws\core\utils\xml</Filter>
    </ClInclude>
    <ClInclude Include="D:\Users\nautilus\Desktop\nautilus_acquisition\libs\aws_sdk\aws-sdk-cpp\src\aws-cpp-sdk-core\include\smithy\Smithy_EXPORTS.h">
      <Filter>Header Files\smithy</Filter>
    </ClInclude>
    <ClInclude Include="D:\Users\nautilus\Desktop\nautilus_acquisition\libs\aws_sdk\aws-sdk-cpp\src\aws-cpp-sdk-core\include\smithy\tracing\Gauge.h">
      <Filter>Header Files\smithy\tracing</Filter>
    </ClInclude>
    <ClInclude Include="D:\Users\nautilus\Desktop\nautilus_acquisition\libs\aws_sdk\aws-sdk-cpp\src\aws-cpp-sdk-core\include\smithy\tracing\Histogram.h">
      <Filter>Header Files\smithy\tracing</Filter>
    </ClInclude>
    <ClInclude Include="D:\Users\nautilus\Desktop\nautilus_acquisition\libs\aws_sdk\aws-sdk-cpp\src\aws-cpp-sdk-core\include\smithy\tracing\Meter.h">
      <Filter>Header Files\smithy\tracing</Filter>
    </ClInclude>
    <ClInclude Include="D:\Users\nautilus\Desktop\nautilus_acquisition\libs\aws_sdk\aws-sdk-cpp\src\aws-cpp-sdk-core\include\smithy\tracing\MeterProvider.h">
      <Filter>Header Files\smithy\tracing</Filter>
    </ClInclude>
    <ClInclude Include="D:\Users\nautilus\Desktop\nautilus_acquisition\libs\aws_sdk\aws-sdk-cpp\src\aws-cpp-sdk-core\include\smithy\tracing\MonotonicCounter.h">
      <Filter>Header Files\smithy\tracing</Filter>
    </ClInclude>
    <ClInclude Include="D:\Users\nautilus\Desktop\nautilus_acquisition\libs\aws_sdk\aws-sdk-cpp\src\aws-cpp-sdk-core\include\smithy\tracing\NoopMeterProvider.h">
      <Filter>Header Files\smithy\tracing</Filter>
    </ClInclude>
    <ClInclude Include="D:\Users\nautilus\Desktop\nautilus_acquisition\libs\aws_sdk\aws-sdk-cpp\src\aws-cpp-sdk-core\include\smithy\tracing\NoopTelemetryProvider.h">
      <Filter>Header Files\smithy\tracing</Filter>
    </ClInclude>
    <ClInclude Include="D:\Users\nautilus\Desktop\nautilus_acquisition\libs\aws_sdk\aws-sdk-cpp\src\aws-cpp-sdk-core\include\smithy\tracing\NoopTracerProvider.h">
      <Filter>Header Files\smithy\tracing</Filter>
    </ClInclude>
    <ClInclude Include="D:\Users\nautilus\Desktop\nautilus_acquisition\libs\aws_sdk\aws-sdk-cpp\src\aws-cpp-sdk-core\include\smithy\tracing\TelemetryProvider.h">
      <Filter>Header Files\smithy\tracing</Filter>
    </ClInclude>
    <ClInclude Include="D:\Users\nautilus\Desktop\nautilus_acquisition\libs\aws_sdk\aws-sdk-cpp\src\aws-cpp-sdk-core\include\smithy\tracing\TraceSpan.h">
      <Filter>Header Files\smithy\tracing</Filter>
    </ClInclude>
    <ClInclude Include="D:\Users\nautilus\Desktop\nautilus_acquisition\libs\aws_sdk\aws-sdk-cpp\src\aws-cpp-sdk-core\include\smithy\tracing\Tracer.h">
      <Filter>Header Files\smithy\tracing</Filter>
    </ClInclude>
    <ClInclude Include="D:\Users\nautilus\Desktop\nautilus_acquisition\libs\aws_sdk\aws-sdk-cpp\src\aws-cpp-sdk-core\include\smithy\tracing\TracerProvider.h">
      <Filter>Header Files\smithy\tracing</Filter>
    </ClInclude>
    <ClInclude Include="D:\Users\nautilus\Desktop\nautilus_acquisition\libs\aws_sdk\aws-sdk-cpp\src\aws-cpp-sdk-core\include\smithy\tracing\TracingUtils.h">
      <Filter>Header Files\smithy\tracing</Filter>
    </ClInclude>
    <ClInclude Include="D:\Users\nautilus\Desktop\nautilus_acquisition\libs\aws_sdk\aws-sdk-cpp\src\aws-cpp-sdk-core\include\smithy\tracing\UpDownCounter.h">
      <Filter>Header Files\smithy\tracing</Filter>
    </ClInclude>
    <ClInclude Include="D:\Users\nautilus\Desktop\nautilus_acquisition\libs\aws_sdk\aws-sdk-cpp\src\aws-cpp-sdk-core\source\auth\AWSCredentialsProvider.cpp">
      <Filter>Source Files\auth</Filter>
    </ClInclude>
    <ClInclude Include="D:\Users\nautilus\Desktop\nautilus_acquisition\libs\aws_sdk\aws-sdk-cpp\src\aws-cpp-sdk-core\source\auth\AWSCredentialsProviderChain.cpp">
      <Filter>Source Files\auth</Filter>
    </ClInclude>
    <ClInclude Include="D:\Users\nautilus\Desktop\nautilus_acquisition\libs\aws_sdk\aws-sdk-cpp\src\aws-cpp-sdk-core\source\auth\GeneralHTTPCredentialsProvider.cpp">
      <Filter>Source Files\auth</Filter>
    </ClInclude>
    <ClInclude Include="D:\Users\nautilus\Desktop\nautilus_acquisition\libs\aws_sdk\aws-sdk-cpp\src\aws-cpp-sdk-core\source\auth\SSOCredentialsProvider.cpp">
      <Filter>Source Files\auth</Filter>
    </ClInclude>
    <ClInclude Include="D:\Users\nautilus\Desktop\nautilus_acquisition\libs\aws_sdk\aws-sdk-cpp\src\aws-cpp-sdk-core\source\auth\STSCredentialsProvider.cpp">
      <Filter>Source Files\auth</Filter>
    </ClInclude>
    <ClInclude Include="D:\Users\nautilus\Desktop\nautilus_acquisition\libs\aws_sdk\aws-sdk-cpp\src\aws-cpp-sdk-core\source\auth\bearer-token-provider\DefaultBearerTokenProviderChain.cpp">
      <Filter>Source Files\auth\bearer-token-provider</Filter>
    </ClInclude>
    <ClInclude Include="D:\Users\nautilus\Desktop\nautilus_acquisition\libs\aws_sdk\aws-sdk-cpp\src\aws-cpp-sdk-core\source\auth\bearer-token-provider\SSOBearerTokenProvider.cpp">
      <Filter>Source Files\auth\bearer-token-provider</Filter>
    </ClInclude>
    <ClInclude Include="D:\Users\nautilus\Desktop\nautilus_acquisition\libs\aws_sdk\aws-sdk-cpp\src\aws-cpp-sdk-core\source\auth\signer-provider\AWSAuthSignerProviderBase.cpp">
      <Filter>Source Files\auth\signer-provider</Filter>
    </ClInclude>
    <ClInclude Include="D:\Users\nautilus\Desktop\nautilus_acquisition\libs\aws_sdk\aws-sdk-cpp\src\aws-cpp-sdk-core\source\auth\signer-provider\BearerTokenAuthSignerProvider.cpp">
      <Filter>Source Files\auth\signer-provider</Filter>
    </ClInclude>
    <ClInclude Include="D:\Users\nautilus\Desktop\nautilus_acquisition\libs\aws_sdk\aws-sdk-cpp\src\aws-cpp-sdk-core\source\auth\signer-provider\DefaultAuthSignerProvider.cpp">
      <Filter>Source Files\auth\signer-provider</Filter>
    </ClInclude>
    <ClInclude Include="D:\Users\nautilus\Desktop\nautilus_acquisition\libs\aws_sdk\aws-sdk-cpp\src\aws-cpp-sdk-core\source\auth\signer\AWSAuthBearerSigner.cpp">
      <Filter>Source Files\auth\signer</Filter>
    </ClInclude>
    <ClInclude Include="D:\Users\nautilus\Desktop\nautilus_acquisition\libs\aws_sdk\aws-sdk-cpp\src\aws-cpp-sdk-core\source\auth\signer\AWSAuthEventStreamV4Signer.cpp">
      <Filter>Source Files\auth\signer</Filter>
    </ClInclude>
    <ClInclude Include="D:\Users\nautilus\Desktop\nautilus_acquisition\libs\aws_sdk\aws-sdk-cpp\src\aws-cpp-sdk-core\source\auth\signer\AWSAuthSignerCommon.cpp">
      <Filter>Source Files\auth\signer</Filter>
    </ClInclude>
    <ClInclude Include="D:\Users\nautilus\Desktop\nautilus_acquisition\libs\aws_sdk\aws-sdk-cpp\src\aws-cpp-sdk-core\source\auth\signer\AWSAuthSignerHelper.cpp">
      <Filter>Source Files\auth\signer</Filter>
    </ClInclude>
    <ClInclude Include="D:\Users\nautilus\Desktop\nautilus_acquisition\libs\aws_sdk\aws-sdk-cpp\src\aws-cpp-sdk-core\source\auth\signer\AWSAuthV4Signer.cpp">
      <Filter>Source Files\auth\signer</Filter>
    </ClInclude>
    <ClInclude Include="D:\Users\nautilus\Desktop\nautilus_acquisition\libs\aws_sdk\aws-sdk-cpp\src\aws-cpp-sdk-core\source\auth\signer\AWSNullSigner.cpp">
      <Filter>Source Files\auth\signer</Filter>
    </ClInclude>
    <ClInclude Include="D:\Users\nautilus\Desktop\nautilus_acquisition\libs\aws_sdk\aws-sdk-cpp\src\aws-cpp-sdk-core\source\client\AWSClient.cpp">
      <Filter>Source Files\client</Filter>
    </ClInclude>
    <ClInclude Include="D:\Users\nautilus\Desktop\nautilus_acquisition\libs\aws_sdk\aws-sdk-cpp\src\aws-cpp-sdk-core\source\client\AWSErrorMarshaller.cpp">
      <Filter>Source Files\client</Filter>
    </ClInclude>
    <ClInclude Include="D:\Users\nautilus\Desktop\nautilus_acquisition\libs\aws_sdk\aws-sdk-cpp\src\aws-cpp-sdk-core\source\client\AWSJsonClient.cpp">
      <Filter>Source Files\client</Filter>
    </ClInclude>
    <ClInclude Include="D:\Users\nautilus\Desktop\nautilus_acquisition\libs\aws_sdk\aws-sdk-cpp\src\aws-cpp-sdk-core\source\client\AWSUrlPresigner.cpp">
      <Filter>Source Files\client</Filter>
    </ClInclude>
    <ClInclude Include="D:\Users\nautilus\Desktop\nautilus_acquisition\libs\aws_sdk\aws-sdk-cpp\src\aws-cpp-sdk-core\source\client\AWSXmlClient.cpp">
      <Filter>Source Files\client</Filter>
    </ClInclude>
    <ClInclude Include="D:\Users\nautilus\Desktop\nautilus_acquisition\libs\aws_sdk\aws-sdk-cpp\src\aws-cpp-sdk-core\source\client\AdaptiveRetryStrategy.cpp">
      <Filter>Source Files\client</Filter>
    </ClInclude>
    <ClInclude Include="D:\Users\nautilus\Desktop\nautilus_acquisition\libs\aws_sdk\aws-sdk-cpp\src\aws-cpp-sdk-core\source\client\AsyncCallerContext.cpp">
      <Filter>Source Files\client</Filter>
    </ClInclude>
    <ClInclude Include="D:\Users\nautilus\Desktop\nautilus_acquisition\libs\aws_sdk\aws-sdk-cpp\src\aws-cpp-sdk-core\source\client\ClientConfiguration.cpp">
      <Filter>Source Files\client</Filter>
    </ClInclude>
    <ClInclude Include="D:\Users\nautilus\Desktop\nautilus_acquisition\libs\aws_sdk\aws-sdk-cpp\src\aws-cpp-sdk-core\source\client\CoreErrors.cpp">
      <Filter>Source Files\client</Filter>
    </ClInclude>
    <ClInclude Include="D:\Users\nautilus\Desktop\nautilus_acquisition\libs\aws_sdk\aws-sdk-cpp\src\aws-cpp-sdk-core\source\client\DefaultRetryStrategy.cpp">
      <Filter>Source Files\client</Filter>
    </ClInclude>
    <ClInclude Include="D:\Users\nautilus\Desktop\nautilus_acquisition\libs\aws_sdk\aws-sdk-cpp\src\aws-cpp-sdk-core\source\client\GenericClientConfiguration.cpp">
      <Filter>Source Files\client</Filter>
    </ClInclude>
    <ClInclude Include="D:\Users\nautilus\Desktop\nautilus_acquisition\libs\aws_sdk\aws-sdk-cpp\src\aws-cpp-sdk-core\source\client\RequestCompression.cpp">
      <Filter>Source Files\client</Filter>
    </ClInclude>
    <ClInclude Include="D:\Users\nautilus\Desktop\nautilus_acquisition\libs\aws_sdk\aws-sdk-cpp\src\aws-cpp-sdk-core\source\client\RetryStrategy.cpp">
      <Filter>Source Files\client</Filter>
    </ClInclude>
    <ClInclude Include="D:\Users\nautilus\Desktop\nautilus_acquisition\libs\aws_sdk\aws-sdk-cpp\src\aws-cpp-sdk-core\source\client\SpecifiedRetryableErrorsRetryStrategy.cpp">
      <Filter>Source Files\client</Filter>
    </ClInclude>
    <ClInclude Include="D:\Users\nautilus\Desktop\nautilus_acquisition\libs\aws_sdk\aws-sdk-cpp\src\aws-cpp-sdk-core\source\config\AWSConfigFileProfileConfigLoader.cpp">
      <Filter>Source Files\config</Filter>
    </ClInclude>
    <ClInclude Include="D:\Users\nautilus\Desktop\nautilus_acquisition\libs\aws_sdk\aws-sdk-cpp\src\aws-cpp-sdk-core\source\config\AWSProfileConfigLoaderBase.cpp">
      <Filter>Source Files\config</Filter>
    </ClInclude>
    <ClInclude Include="D:\Users\nautilus\Desktop\nautilus_acquisition\libs\aws_sdk\aws-sdk-cpp\src\aws-cpp-sdk-core\source\config\ConfigAndCredentialsCacheManager.cpp">
      <Filter>Source Files\config</Filter>
    </ClInclude>
    <ClInclude Include="D:\Users\nautilus\Desktop\nautilus_acquisition\libs\aws_sdk\aws-sdk-cpp\src\aws-cpp-sdk-core\source\config\EC2InstanceProfileConfigLoader.cpp">
      <Filter>Source Files\config</Filter>
    </ClInclude>
    <ClInclude Include="D:\Users\nautilus\Desktop\nautilus_acquisition\libs\aws_sdk\aws-sdk-cpp\src\aws-cpp-sdk-core\source\config\defaults\ClientConfigurationDefaults.cpp">
      <Filter>Source Files\config\defaults</Filter>
    </ClInclude>
    <ClInclude Include="D:\Users\nautilus\Desktop\nautilus_acquisition\libs\aws_sdk\aws-sdk-cpp\src\aws-cpp-sdk-core\source\endpoint\AWSEndpoint.cpp">
      <Filter>Source Files\endpoint</Filter>
    </ClInclude>
    <ClInclude Include="D:\Users\nautilus\Desktop\nautilus_acquisition\libs\aws_sdk\aws-sdk-cpp\src\aws-cpp-sdk-core\source\endpoint\AWSPartitions.cpp">
      <Filter>Source Files\endpoint</Filter>
    </ClInclude>
    <ClInclude Include="D:\Users\nautilus\Desktop\nautilus_acquisition\libs\aws_sdk\aws-sdk-cpp\src\aws-cpp-sdk-core\source\endpoint\BuiltInParameters.cpp">
      <Filter>Source Files\endpoint</Filter>
    </ClInclude>
    <ClInclude Include="D:\Users\nautilus\Desktop\nautilus_acquisition\libs\aws_sdk\aws-sdk-cpp\src\aws-cpp-sdk-core\source\endpoint\ClientContextParameters.cpp">
      <Filter>Source Files\endpoint</Filter>
    </ClInclude>
    <ClInclude Include="D:\Users\nautilus\Desktop\nautilus_acquisition\libs\aws_sdk\aws-sdk-cpp\src\aws-cpp-sdk-core\source\endpoint\DefaultEndpointProvider.cpp">
      <Filter>Source Files\endpoint</Filter>
    </ClInclude>
    <ClInclude Include="D:\Users\nautilus\Desktop\nautilus_acquisition\libs\aws_sdk\aws-sdk-cpp\src\aws-cpp-sdk-core\source\endpoint\EndpointProviderBase.cpp">
      <Filter>Source Files\endpoint</Filter>
    </ClInclude>
    <ClInclude Include="D:\Users\nautilus\Desktop\nautilus_acquisition\libs\aws_sdk\aws-sdk-cpp\src\aws-cpp-sdk-core\source\endpoint\internal\AWSEndpointAttribute.cpp">
      <Filter>Source Files\endpoint\internal</Filter>
    </ClInclude>
    <ClInclude Include="D:\Users\nautilus\Desktop\nautilus_acquisition\libs\aws_sdk\aws-sdk-cpp\src\aws-cpp-sdk-core\source\external\tinyxml2\tinyxml2.cpp">
      <Filter>Source Files\external\tinyxml2</Filter>
    </ClInclude>
    <ClInclude Include="D:\Users\nautilus\Desktop\nautilus_acquisition\libs\aws_sdk\aws-sdk-cpp\src\aws-cpp-sdk-core\source\http\standard\StandardHttpRequest.cpp">
      <Filter>Source Files\http\standard</Filter>
    </ClInclude>
    <ClInclude Include="D:\Users\nautilus\Desktop\nautilus_acquisition\libs\aws_sdk\aws-sdk-cpp\src\aws-cpp-sdk-core\source\http\standard\StandardHttpResponse.cpp">
      <Filter>Source Files\http\standard</Filter>
    </ClInclude>
    <ClInclude Include="D:\Users\nautilus\Desktop\nautilus_acquisition\libs\aws_sdk\aws-sdk-cpp\src\aws-cpp-sdk-core\source\smithy\tracing\TracingUtils.cpp">
      <Filter>Source Files\smithy\tracing</Filter>
    </ClInclude>
    <ClInclude Include="D:\Users\nautilus\Desktop\nautilus_acquisition\libs\aws_sdk\aws-sdk-cpp\src\aws-cpp-sdk-core\source\utils\base64\Base64.cpp">
      <Filter>Source Files\utils\base64</Filter>
    </ClInclude>
    <ClInclude Include="D:\Users\nautilus\Desktop\nautilus_acquisition\libs\aws_sdk\aws-sdk-cpp\src\aws-cpp-sdk-core\source\utils\component-registry\ComponentRegistry.cpp">
      <Filter>Source Files\utils\component-registry</Filter>
    </ClInclude>
    <ClInclude Include="D:\Users\nautilus\Desktop\nautilus_acquisition\libs\aws_sdk\aws-sdk-cpp\src\aws-cpp-sdk-core\source\utils\logging\AWSLogging.cpp">
      <Filter>Source Files\utils\logging</Filter>
    </ClInclude>
    <ClInclude Include="D:\Users\nautilus\Desktop\nautilus_acquisition\libs\aws_sdk\aws-sdk-cpp\src\aws-cpp-sdk-core\source\utils\logging\CRTLogging.cpp">
      <Filter>Source Files\utils\logging</Filter>
    </ClInclude>
    <ClInclude Include="D:\Users\nautilus\Desktop\nautilus_acquisition\libs\aws_sdk\aws-sdk-cpp\src\aws-cpp-sdk-core\source\utils\logging\ConsoleLogSystem.cpp">
      <Filter>Source Files\utils\logging</Filter>
    </ClInclude>
    <ClInclude Include="D:\Users\nautilus\Desktop\nautilus_acquisition\libs\aws_sdk\aws-sdk-cpp\src\aws-cpp-sdk-core\source\utils\logging\DefaultCRTLogSystem.cpp">
      <Filter>Source Files\utils\logging</Filter>
    </ClInclude>
    <ClInclude Include="D:\Users\nautilus\Desktop\nautilus_acquisition\libs\aws_sdk\aws-sdk-cpp\src\aws-cpp-sdk-core\source\utils\logging\DefaultLogSystem.cpp">
      <Filter>Source Files\utils\logging</Filter>
    </ClInclude>
    <ClInclude Include="D:\Users\nautilus\Desktop\nautilus_acquisition\libs\aws_sdk\aws-sdk-cpp\src\aws-cpp-sdk-core\source\utils\logging\FormattedLogSystem.cpp">
      <Filter>Source Files\utils\logging</Filter>
    </ClInclude>
    <ClInclude Include="D:\Users\nautilus\Desktop\nautilus_acquisition\libs\aws_sdk\aws-sdk-cpp\src\aws-cpp-sdk-core\source\utils\logging\LogLevel.cpp">
      <Filter>Source Files\utils\logging</Filter>
    </ClInclude>
    <ClInclude Include="D:\Users\nautilus\Desktop\nautilus_acquisition\libs\aws_sdk\aws-sdk-cpp\src\aws-cpp-sdk-core\source\utils\memory\AWSMemory.cpp">
      <Filter>Source Files\utils\memory</Filter>
    </ClInclude>
    <ClInclude Include="D:\Users\nautilus\Desktop\nautilus_acquisition\libs\aws_sdk\aws-sdk-cpp\src\aws-cpp-sdk-core\source\utils\memory\stl\SimpleStringStream.cpp">
      <Filter>Source Files\utils\memory\stl</Filter>
    </ClInclude>
    <ClInclude Include="D:\Users\nautilus\Desktop\nautilus_acquisition\libs\aws_sdk\aws-sdk-cpp\src\aws-cpp-sdk-core\source\utils\stream\ConcurrentStreamBuf.cpp">
      <Filter>Source Files\utils\stream</Filter>
    </ClInclude>
    <ClInclude Include="D:\Users\nautilus\Desktop\nautilus_acquisition\libs\aws_sdk\aws-sdk-cpp\src\aws-cpp-sdk-core\source\utils\stream\PreallocatedStreamBuf.cpp">
      <Filter>Source Files\utils\stream</Filter>
    </ClInclude>
    <ClInclude Include="D:\Users\nautilus\Desktop\nautilus_acquisition\libs\aws_sdk\aws-sdk-cpp\src\aws-cpp-sdk-core\source\utils\stream\ResponseStream.cpp">
      <Filter>Source Files\utils\stream</Filter>
    </ClInclude>
    <ClInclude Include="D:\Users\nautilus\Desktop\nautilus_acquisition\libs\aws_sdk\aws-sdk-cpp\src\aws-cpp-sdk-core\source\utils\stream\SimpleStreamBuf.cpp">
      <Filter>Source Files\utils\stream</Filter>
    </ClInclude>
    <ClInclude Include="D:\Users\nautilus\Desktop\nautilus_acquisition\libs\aws_sdk\aws-sdk-cpp\src\aws-cpp-sdk-core\source\utils\threading\DefaultExecutor.cpp">
      <Filter>Source Files\utils\threading</Filter>
    </ClInclude>
    <ClInclude Include="D:\Users\nautilus\Desktop\nautilus_acquisition\libs\aws_sdk\aws-sdk-cpp\src\aws-cpp-sdk-core\source\utils\threading\PooledThreadExecutor.cpp">
      <Filter>Source Files\utils\threading</Filter>
    </ClInclude>
    <ClInclude Include="D:\Users\nautilus\Desktop\nautilus_acquisition\libs\aws_sdk\aws-sdk-cpp\src\aws-cpp-sdk-core\source\utils\threading\ReaderWriterLock.cpp">
      <Filter>Source Files\utils\threading</Filter>
    </ClInclude>
    <ClInclude Include="D:\Users\nautilus\Desktop\nautilus_acquisition\libs\aws_sdk\aws-sdk-cpp\src\aws-cpp-sdk-core\source\utils\threading\Semaphore.cpp">
      <Filter>Source Files\utils\threading</Filter>
    </ClInclude>
    <ClInclude Include="D:\Users\nautilus\Desktop\nautilus_acquisition\libs\aws_sdk\aws-sdk-cpp\src\aws-cpp-sdk-core\source\utils\threading\ThreadTask.cpp">
      <Filter>Source Files\utils\threading</Filter>
    </ClInclude>
    <ClInclude Include="D:\Users\nautilus\Desktop\nautilus_acquisition\libs\aws_sdk\aws-sdk-cpp\src\aws-cpp-sdk-core\source\utils\xml\XmlSerializer.cpp">
      <Filter>Source Files\utils\xml</Filter>
    </ClInclude>
  </ItemGroup>
  <ItemGroup>
    <CustomBuild Include="D:\Users\nautilus\Desktop\nautilus_acquisition\libs\aws_sdk\aws-sdk-cpp\src\aws-cpp-sdk-core\CMakeLists.txt" />
  </ItemGroup>
  <ItemGroup>
    <Filter Include="Header Files">
      <UniqueIdentifier>{F4F28FD3-F34D-3DFD-9BCA-4156ABA48749}</UniqueIdentifier>
    </Filter>
    <Filter Include="Header Files\aws">
      <UniqueIdentifier>{7DCC7A6B-BE26-3293-96E8-84F4DDBB18FA}</UniqueIdentifier>
    </Filter>
    <Filter Include="Header Files\aws\core">
      <UniqueIdentifier>{640C1BD5-6469-31E4-93D2-33F1FBE32047}</UniqueIdentifier>
    </Filter>
    <Filter Include="Header Files\aws\core\auth">
      <UniqueIdentifier>{E7E31398-A5EE-3A51-9337-F30A20F8E2E6}</UniqueIdentifier>
    </Filter>
    <Filter Include="Header Files\aws\core\auth\bearer-token-provider">
      <UniqueIdentifier>{68BBC226-1C7F-3397-B39E-2FF00770C5C2}</UniqueIdentifier>
    </Filter>
    <Filter Include="Header Files\aws\core\auth\signer">
      <UniqueIdentifier>{D5FC636E-5780-355E-BBA4-572EBF79F9D2}</UniqueIdentifier>
    </Filter>
    <Filter Include="Header Files\aws\core\auth\signer-provider">
      <UniqueIdentifier>{283542C3-B58B-360F-82E8-762967731292}</UniqueIdentifier>
    </Filter>
    <Filter Include="Header Files\aws\core\client">
      <UniqueIdentifier>{11EE2B45-2AE2-3478-A5A0-A2F6689EEE1A}</UniqueIdentifier>
    </Filter>
    <Filter Include="Header Files\aws\core\config">
      <UniqueIdentifier>{3E9555BE-F0E6-3F2F-9491-D16E5E243A13}</UniqueIdentifier>
    </Filter>
    <Filter Include="Header Files\aws\core\config\defaults">
      <UniqueIdentifier>{EDA88DC8-E686-36A3-B121-0F56620C4D63}</UniqueIdentifier>
    </Filter>
    <Filter Include="Header Files\aws\core\endpoint">
      <UniqueIdentifier>{CAE0B897-0F4C-35E6-95AC-415F8F9B2D2C}</UniqueIdentifier>
    </Filter>
    <Filter Include="Header Files\aws\core\endpoint\internal">
      <UniqueIdentifier>{2F8EA7F9-6905-3F46-A6B6-AE11ABC3DE56}</UniqueIdentifier>
    </Filter>
    <Filter Include="Header Files\aws\core\external">
      <UniqueIdentifier>{E7408649-9732-3CE4-AB6C-D05600AE44CB}</UniqueIdentifier>
    </Filter>
    <Filter Include="Header Files\aws\core\external\cjson">
      <UniqueIdentifier>{7CE2C0E8-CAAB-3D92-B479-281AE16D323B}</UniqueIdentifier>
    </Filter>
    <Filter Include="Header Files\aws\core\external\tinyxml2">
      <UniqueIdentifier>{B7B15947-4CE1-32A0-A35A-56A531F000A2}</UniqueIdentifier>
    </Filter>
    <Filter Include="Header Files\aws\core\http">
      <UniqueIdentifier>{95C1A717-6631-3802-A13C-18A72FA49B3D}</UniqueIdentifier>
    </Filter>
    <Filter Include="Header Files\aws\core\http\standard">
      <UniqueIdentifier>{97E0A3BC-8BCE-3598-BD90-0B417D0D2082}</UniqueIdentifier>
    </Filter>
    <Filter Include="Header Files\aws\core\http\windows">
      <UniqueIdentifier>{64E7B2BF-B36E-372E-BC34-28C9B4C7197F}</UniqueIdentifier>
    </Filter>
    <Filter Include="Header Files\aws\core\internal">
      <UniqueIdentifier>{A8334201-505F-329A-99E0-5599306137C7}</UniqueIdentifier>
    </Filter>
    <Filter Include="Header Files\aws\core\monitoring">
      <UniqueIdentifier>{E195D729-46E7-3A4E-A2A8-278C1B31D749}</UniqueIdentifier>
    </Filter>
    <Filter Include="Header Files\aws\core\net">
      <UniqueIdentifier>{8A43FAE4-27DB-330F-BF06-13BF59E3E558}</UniqueIdentifier>
    </Filter>
    <Filter Include="Header Files\aws\core\platform">
      <UniqueIdentifier>{E603CF0D-90D2-346F-A3F6-859C6D532745}</UniqueIdentifier>
    </Filter>
    <Filter Include="Header Files\aws\core\utils">
      <UniqueIdentifier>{5F242E67-0451-3E98-A3AA-B0B230A41D33}</UniqueIdentifier>
    </Filter>
    <Filter Include="Header Files\aws\core\utils\base64">
      <UniqueIdentifier>{6E2885B3-03BD-3782-A73F-DF537E6C928A}</UniqueIdentifier>
    </Filter>
    <Filter Include="Header Files\aws\core\utils\component-registry">
      <UniqueIdentifier>{3DA81316-87EE-3191-9726-0C96597F7981}</UniqueIdentifier>
    </Filter>
    <Filter Include="Header Files\aws\core\utils\crypto">
      <UniqueIdentifier>{393803D3-21B6-3086-B1A5-81BE7C7F40DF}</UniqueIdentifier>
    </Filter>
    <Filter Include="Header Files\aws\core\utils\crypto\bcrypt">
      <UniqueIdentifier>{E9519CC5-47BD-3583-A77C-202AD752F6FC}</UniqueIdentifier>
    </Filter>
    <Filter Include="Header Files\aws\core\utils\event">
      <UniqueIdentifier>{FEFDFD5F-CCD2-3192-AE2D-E656BD41D6C4}</UniqueIdentifier>
    </Filter>
    <Filter Include="Header Files\aws\core\utils\json">
      <UniqueIdentifier>{54035D8D-5692-3E82-A9BA-D6FE2C2A26F2}</UniqueIdentifier>
    </Filter>
    <Filter Include="Header Files\aws\core\utils\logging">
      <UniqueIdentifier>{1F759AB9-DBDD-3F7D-BAF4-F121286907AC}</UniqueIdentifier>
    </Filter>
    <Filter Include="Header Files\aws\core\utils\memory">
      <UniqueIdentifier>{99D938C3-6516-3162-97EE-3D602CC47DD3}</UniqueIdentifier>
    </Filter>
    <Filter Include="Header Files\aws\core\utils\memory\stl">
      <UniqueIdentifier>{2CEF39DF-6F0B-3792-9053-2D6597EB1185}</UniqueIdentifier>
    </Filter>
    <Filter Include="Header Files\aws\core\utils\ratelimiter">
      <UniqueIdentifier>{FC2F73E5-D93A-3D06-8B4B-DE42F10B73C1}</UniqueIdentifier>
    </Filter>
    <Filter Include="Header Files\aws\core\utils\stream">
      <UniqueIdentifier>{F79E7ECE-E062-396C-893E-09CFAB8F01F7}</UniqueIdentifier>
    </Filter>
    <Filter Include="Header Files\aws\core\utils\threading">
      <UniqueIdentifier>{36D11B32-E376-3E68-B473-A0BE7D1736BD}</UniqueIdentifier>
    </Filter>
    <Filter Include="Header Files\aws\core\utils\xml">
      <UniqueIdentifier>{5E5CFC88-7974-31CE-9C47-3202CB66E8F7}</UniqueIdentifier>
    </Filter>
    <Filter Include="Header Files\smithy">
      <UniqueIdentifier>{B239C1A0-03C2-3F28-90DC-D19E08670910}</UniqueIdentifier>
    </Filter>
    <Filter Include="Header Files\smithy\tracing">
      <UniqueIdentifier>{1937B98E-11C8-3EA3-912C-BFB97411227A}</UniqueIdentifier>
    </Filter>
    <Filter Include="Source Files">
      <UniqueIdentifier>{A0ED33B6-5EEE-3B62-B6EA-7AEA4E6FCE41}</UniqueIdentifier>
    </Filter>
    <Filter Include="Source Files\auth">
      <UniqueIdentifier>{2F2F975C-5BEF-3BC7-B7DF-D7D77A9C35CA}</UniqueIdentifier>
    </Filter>
    <Filter Include="Source Files\auth\bearer-token-provider">
      <UniqueIdentifier>{313CEB8C-BE7C-380B-9FDE-871DCA304F90}</UniqueIdentifier>
    </Filter>
    <Filter Include="Source Files\auth\signer">
      <UniqueIdentifier>{47FA85D4-92BC-399C-844F-A732798051EA}</UniqueIdentifier>
    </Filter>
    <Filter Include="Source Files\auth\signer-provider">
      <UniqueIdentifier>{AEDED429-26C5-3CB7-9792-0129D1775D4C}</UniqueIdentifier>
    </Filter>
    <Filter Include="Source Files\client">
      <UniqueIdentifier>{F9F4A49C-7883-3839-AA25-F204BD7F251F}</UniqueIdentifier>
    </Filter>
    <Filter Include="Source Files\config">
      <UniqueIdentifier>{BC0687E6-BEE9-34AB-B152-2FE354D2D7E9}</UniqueIdentifier>
    </Filter>
    <Filter Include="Source Files\config\defaults">
      <UniqueIdentifier>{C6E9ACD9-5805-3401-A4D9-72759C8D3C1B}</UniqueIdentifier>
    </Filter>
    <Filter Include="Source Files\endpoint">
      <UniqueIdentifier>{94B24D93-C838-3800-B2CB-5FEEBB1CA9E8}</UniqueIdentifier>
    </Filter>
    <Filter Include="Source Files\endpoint\internal">
      <UniqueIdentifier>{BE20AB4B-9798-3C4D-8C62-0A7170C14B29}</UniqueIdentifier>
    </Filter>
    <Filter Include="Source Files\external">
      <UniqueIdentifier>{AC7D995F-CE83-3D0C-95C8-03FF5BF24A90}</UniqueIdentifier>
    </Filter>
    <Filter Include="Source Files\external\cjson">
      <UniqueIdentifier>{8B3B8A9B-879F-3E84-908C-4D3F6247F49B}</UniqueIdentifier>
    </Filter>
    <Filter Include="Source Files\external\tinyxml2">
      <UniqueIdentifier>{D2C2811F-B72F-36EF-BD83-DA357C2252D9}</UniqueIdentifier>
    </Filter>
    <Filter Include="Source Files\http">
      <UniqueIdentifier>{A413FD0B-F63E-3C20-A8D2-AAE8564FDC41}</UniqueIdentifier>
    </Filter>
    <Filter Include="Source Files\http\standard">
      <UniqueIdentifier>{05BA5900-96D1-3468-8BA2-3C6092C46F48}</UniqueIdentifier>
    </Filter>
    <Filter Include="Source Files\http\windows">
      <UniqueIdentifier>{27303503-D0DA-3E40-8F8E-73CBC70F376E}</UniqueIdentifier>
    </Filter>
    <Filter Include="Source Files\internal">
      <UniqueIdentifier>{0BA9B0F2-3459-3A75-9254-82BC06E2AF47}</UniqueIdentifier>
    </Filter>
    <Filter Include="Source Files\monitoring">
      <UniqueIdentifier>{5F017D72-9526-3E4D-AAF0-8DC9BCCC4853}</UniqueIdentifier>
    </Filter>
    <Filter Include="Source Files\net">
      <UniqueIdentifier>{439457C6-81E8-3B81-AE92-99747BC82826}</UniqueIdentifier>
    </Filter>
    <Filter Include="Source Files\net\windows">
      <UniqueIdentifier>{282C9B87-D61A-3ED7-BDCE-C84C6A4E15F1}</UniqueIdentifier>
    </Filter>
    <Filter Include="Source Files\platform">
      <UniqueIdentifier>{60A5831C-4EEA-30D9-A162-4D0D75AA1DF2}</UniqueIdentifier>
    </Filter>
    <Filter Include="Source Files\platform\windows">
      <UniqueIdentifier>{E09BE8A1-2630-35D6-9CC2-0467B89D6FE5}</UniqueIdentifier>
    </Filter>
    <Filter Include="Source Files\smithy">
      <UniqueIdentifier>{D5F11516-AD08-3BC5-8A6D-742392706AEF}</UniqueIdentifier>
    </Filter>
    <Filter Include="Source Files\smithy\tracing">
      <UniqueIdentifier>{AC7DA44D-7ACF-30C5-AAC4-4D9BD3630CAC}</UniqueIdentifier>
    </Filter>
    <Filter Include="Source Files\utils">
      <UniqueIdentifier>{8FAC2565-8D0F-30A2-8BC2-C1995B4B3227}</UniqueIdentifier>
    </Filter>
    <Filter Include="Source Files\utils\base64">
      <UniqueIdentifier>{1814A3B5-758E-37A3-872C-325AD0A70DEF}</UniqueIdentifier>
    </Filter>
    <Filter Include="Source Files\utils\component-registry">
      <UniqueIdentifier>{3DDB7473-5031-30E8-90C9-8BFDDF455996}</UniqueIdentifier>
    </Filter>
    <Filter Include="Source Files\utils\crypto">
      <UniqueIdentifier>{2B02C385-FB76-3A6B-81D2-F9DEB6B271A1}</UniqueIdentifier>
    </Filter>
    <Filter Include="Source Files\utils\crypto\bcrypt">
      <UniqueIdentifier>{0A626B7E-59D2-3BB8-8E14-C5B459E63A0D}</UniqueIdentifier>
    </Filter>
    <Filter Include="Source Files\utils\crypto\factory">
      <UniqueIdentifier>{2DD77213-FE21-3009-94C3-3CC1F4D0F1CB}</UniqueIdentifier>
    </Filter>
    <Filter Include="Source Files\utils\event">
      <UniqueIdentifier>{7ECAFB03-7468-3422-9EFC-298EC3C98B66}</UniqueIdentifier>
    </Filter>
    <Filter Include="Source Files\utils\json">
      <UniqueIdentifier>{BF4325D0-0DCC-30FA-B4D6-8AB7418C2487}</UniqueIdentifier>
    </Filter>
    <Filter Include="Source Files\utils\logging">
      <UniqueIdentifier>{FD60D361-8518-33C6-8554-42C9E4C5F8D9}</UniqueIdentifier>
    </Filter>
    <Filter Include="Source Files\utils\memory">
      <UniqueIdentifier>{2BB2BC5D-4D27-39A6-8D54-AE18A34CBC2F}</UniqueIdentifier>
    </Filter>
    <Filter Include="Source Files\utils\memory\stl">
      <UniqueIdentifier>{6A0135CC-2BEF-3698-8B7C-B31887E33D12}</UniqueIdentifier>
    </Filter>
    <Filter Include="Source Files\utils\stream">
      <UniqueIdentifier>{7614A667-5A34-30A1-AF73-C8BA49B38EAF}</UniqueIdentifier>
    </Filter>
    <Filter Include="Source Files\utils\threading">
      <UniqueIdentifier>{1B7E9633-EC32-3CCD-A509-94311B58429E}</UniqueIdentifier>
    </Filter>
    <Filter Include="Source Files\utils\xml">
      <UniqueIdentifier>{3B690C07-715F-3599-9A15-469EC7BEE3A1}</UniqueIdentifier>
    </Filter>
  </ItemGroup>
</Project>
