<?xml version="1.0" encoding="utf-8"?>
<Project ToolsVersion="17.0" xmlns="http://schemas.microsoft.com/developer/msbuild/2003">
  <ItemGroup>
    <ClCompile Include="D:\Users\nautilus\Desktop\nautilus_acquisition\libs\aws-sdk-cpp\crt\aws-crt-cpp\crt\aws-c-cal\source\cal.c">
      <Filter>Source Files</Filter>
    </ClCompile>
    <ClCompile Include="D:\Users\nautilus\Desktop\nautilus_acquisition\libs\aws-sdk-cpp\crt\aws-crt-cpp\crt\aws-c-cal\source\der.c">
      <Filter>Source Files</Filter>
    </ClCompile>
    <ClCompile Include="D:\Users\nautilus\Desktop\nautilus_acquisition\libs\aws-sdk-cpp\crt\aws-crt-cpp\crt\aws-c-cal\source\ecc.c">
      <Filter>Source Files</Filter>
    </ClCompile>
    <ClCompile Include="D:\Users\nautilus\Desktop\nautilus_acquisition\libs\aws-sdk-cpp\crt\aws-crt-cpp\crt\aws-c-cal\source\hash.c">
      <Filter>Source Files</Filter>
    </ClCompile>
    <ClCompile Include="D:\Users\nautilus\Desktop\nautilus_acquisition\libs\aws-sdk-cpp\crt\aws-crt-cpp\crt\aws-c-cal\source\hmac.c">
      <Filter>Source Files</Filter>
    </ClCompile>
    <ClCompile Include="D:\Users\nautilus\Desktop\nautilus_acquisition\libs\aws-sdk-cpp\crt\aws-crt-cpp\crt\aws-c-cal\source\rsa.c">
      <Filter>Source Files</Filter>
    </ClCompile>
    <ClCompile Include="D:\Users\nautilus\Desktop\nautilus_acquisition\libs\aws-sdk-cpp\crt\aws-crt-cpp\crt\aws-c-cal\source\symmetric_cipher.c">
      <Filter>Source Files</Filter>
    </ClCompile>
    <ClCompile Include="D:\Users\nautilus\Desktop\nautilus_acquisition\libs\aws-sdk-cpp\crt\aws-crt-cpp\crt\aws-c-cal\source\windows\bcrypt_aes.c">
      <Filter>Source Files\windows</Filter>
    </ClCompile>
    <ClCompile Include="D:\Users\nautilus\Desktop\nautilus_acquisition\libs\aws-sdk-cpp\crt\aws-crt-cpp\crt\aws-c-cal\source\windows\bcrypt_ecc.c">
      <Filter>Source Files\windows</Filter>
    </ClCompile>
    <ClCompile Include="D:\Users\nautilus\Desktop\nautilus_acquisition\libs\aws-sdk-cpp\crt\aws-crt-cpp\crt\aws-c-cal\source\windows\bcrypt_hash.c">
      <Filter>Source Files\windows</Filter>
    </ClCompile>
    <ClCompile Include="D:\Users\nautilus\Desktop\nautilus_acquisition\libs\aws-sdk-cpp\crt\aws-crt-cpp\crt\aws-c-cal\source\windows\bcrypt_hmac.c">
      <Filter>Source Files\windows</Filter>
    </ClCompile>
    <ClCompile Include="D:\Users\nautilus\Desktop\nautilus_acquisition\libs\aws-sdk-cpp\crt\aws-crt-cpp\crt\aws-c-cal\source\windows\bcrypt_platform_init.c">
      <Filter>Source Files\windows</Filter>
    </ClCompile>
    <ClCompile Include="D:\Users\nautilus\Desktop\nautilus_acquisition\libs\aws-sdk-cpp\crt\aws-crt-cpp\crt\aws-c-cal\source\windows\bcrypt_rsa.c">
      <Filter>Source Files\windows</Filter>
    </ClCompile>
  </ItemGroup>
  <ItemGroup>
    <CustomBuild Include="D:\Users\nautilus\Desktop\nautilus_acquisition\libs\aws-sdk-cpp\crt\aws-crt-cpp\crt\aws-c-cal\CMakeLists.txt" />
  </ItemGroup>
  <ItemGroup>
    <Filter Include="Source Files">
      <UniqueIdentifier>{3783A77A-0233-3595-8542-CE1639D37EE7}</UniqueIdentifier>
    </Filter>
    <Filter Include="Source Files\windows">
      <UniqueIdentifier>{31F00EC0-7015-3785-8EE9-29DFDFBE8338}</UniqueIdentifier>
    </Filter>
  </ItemGroup>
</Project>
